
Microsoft Visual Studio Solution File, Format Version 12.00
# Visual Studio Version 17
VisualStudioVersion = 17.5.33516.290
MinimumVisualStudioVersion = 10.0.40219.1
Project("{9A19103F-16F7-4668-BE54-9A1E7A4F7556}") = "Eppie.App", "Eppie.App\Eppie.App.csproj", "{B937C24F-7640-4EF4-B2DD-EACE246A3C60}"
EndProject
Project("{2150E333-8FDC-42A3-9474-1A3956D46DE8}") = "Platforms", "Platforms", "{2A586DBF-0AF2-4041-AB8F-75E2CB0CCFC8}"
EndProject
Project("{9A19103F-16F7-4668-BE54-9A1E7A4F7556}") = "Eppie.App.Mobile", "Eppie.App.Mobile\Eppie.App.Mobile.csproj", "{DD662140-F066-4047-8678-FB656A9B3166}"
EndProject
Project("{9A19103F-16F7-4668-BE54-9A1E7A4F7556}") = "Eppie.App.Windows", "Eppie.App.Windows\Eppie.App.Windows.csproj", "{5EA29321-9F0A-4CFE-9393-2F1043BB801F}"
EndProject
Project("{9A19103F-16F7-4668-BE54-9A1E7A4F7556}") = "Eppie.App.Wasm", "Eppie.App.Wasm\Eppie.App.Wasm.csproj", "{B9386DF4-5A24-43E3-9CE4-3169EE8472D9}"
EndProject
Project("{9A19103F-16F7-4668-BE54-9A1E7A4F7556}") = "Eppie.App.Skia.Gtk", "Eppie.App.Skia.Gtk\Eppie.App.Skia.Gtk.csproj", "{F5DAEB7E-C226-4727-AB36-56363C96DBC0}"
EndProject
Project("{2150E333-8FDC-42A3-9474-1A3956D46DE8}") = "Solution Items", "Solution Items", "{E48B8EEA-6DB1-4129-AB62-B438EC436C25}"
	ProjectSection(SolutionItems) = preProject
		.editorconfig = .editorconfig
		Settings.XamlStyler = Settings.XamlStyler
	EndProjectSection
EndProject
Global
	GlobalSection(SolutionConfigurationPlatforms) = preSolution
		Debug|Any CPU = Debug|Any CPU
		Debug|arm64 = Debug|arm64
		Debug|x64 = Debug|x64
		Debug|x86 = Debug|x86
		Release|Any CPU = Release|Any CPU
		Release|arm64 = Release|arm64
		Release|x64 = Release|x64
		Release|x86 = Release|x86
	EndGlobalSection
	GlobalSection(ProjectConfigurationPlatforms) = postSolution
		{B937C24F-7640-4EF4-B2DD-EACE246A3C60}.Debug|Any CPU.ActiveCfg = Debug|Any CPU
		{B937C24F-7640-4EF4-B2DD-EACE246A3C60}.Debug|Any CPU.Build.0 = Debug|Any CPU
		{B937C24F-7640-4EF4-B2DD-EACE246A3C60}.Debug|arm64.ActiveCfg = Debug|Any CPU
		{B937C24F-7640-4EF4-B2DD-EACE246A3C60}.Debug|arm64.Build.0 = Debug|Any CPU
		{B937C24F-7640-4EF4-B2DD-EACE246A3C60}.Debug|x64.ActiveCfg = Debug|Any CPU
		{B937C24F-7640-4EF4-B2DD-EACE246A3C60}.Debug|x64.Build.0 = Debug|Any CPU
		{B937C24F-7640-4EF4-B2DD-EACE246A3C60}.Debug|x86.ActiveCfg = Debug|Any CPU
		{B937C24F-7640-4EF4-B2DD-EACE246A3C60}.Debug|x86.Build.0 = Debug|Any CPU
		{B937C24F-7640-4EF4-B2DD-EACE246A3C60}.Release|Any CPU.ActiveCfg = Release|Any CPU
		{B937C24F-7640-4EF4-B2DD-EACE246A3C60}.Release|Any CPU.Build.0 = Release|Any CPU
		{B937C24F-7640-4EF4-B2DD-EACE246A3C60}.Release|arm64.ActiveCfg = Release|Any CPU
		{B937C24F-7640-4EF4-B2DD-EACE246A3C60}.Release|arm64.Build.0 = Release|Any CPU
		{B937C24F-7640-4EF4-B2DD-EACE246A3C60}.Release|x64.ActiveCfg = Release|Any CPU
		{B937C24F-7640-4EF4-B2DD-EACE246A3C60}.Release|x64.Build.0 = Release|Any CPU
		{B937C24F-7640-4EF4-B2DD-EACE246A3C60}.Release|x86.ActiveCfg = Release|Any CPU
		{B937C24F-7640-4EF4-B2DD-EACE246A3C60}.Release|x86.Build.0 = Release|Any CPU
		{DD662140-F066-4047-8678-FB656A9B3166}.Debug|Any CPU.ActiveCfg = Debug|Any CPU
		{DD662140-F066-4047-8678-FB656A9B3166}.Debug|Any CPU.Build.0 = Debug|Any CPU
		{DD662140-F066-4047-8678-FB656A9B3166}.Debug|Any CPU.Deploy.0 = Debug|Any CPU
		{DD662140-F066-4047-8678-FB656A9B3166}.Debug|arm64.ActiveCfg = Debug|Any CPU
		{DD662140-F066-4047-8678-FB656A9B3166}.Debug|arm64.Build.0 = Debug|Any CPU
		{DD662140-F066-4047-8678-FB656A9B3166}.Debug|arm64.Deploy.0 = Debug|Any CPU
		{DD662140-F066-4047-8678-FB656A9B3166}.Debug|x64.ActiveCfg = Debug|Any CPU
		{DD662140-F066-4047-8678-FB656A9B3166}.Debug|x64.Build.0 = Debug|Any CPU
		{DD662140-F066-4047-8678-FB656A9B3166}.Debug|x64.Deploy.0 = Debug|Any CPU
		{DD662140-F066-4047-8678-FB656A9B3166}.Debug|x86.ActiveCfg = Debug|Any CPU
		{DD662140-F066-4047-8678-FB656A9B3166}.Debug|x86.Build.0 = Debug|Any CPU
		{DD662140-F066-4047-8678-FB656A9B3166}.Debug|x86.Deploy.0 = Debug|Any CPU
		{DD662140-F066-4047-8678-FB656A9B3166}.Release|Any CPU.ActiveCfg = Release|Any CPU
		{DD662140-F066-4047-8678-FB656A9B3166}.Release|Any CPU.Build.0 = Release|Any CPU
		{DD662140-F066-4047-8678-FB656A9B3166}.Release|Any CPU.Deploy.0 = Release|Any CPU
		{DD662140-F066-4047-8678-FB656A9B3166}.Release|arm64.ActiveCfg = Release|Any CPU
		{DD662140-F066-4047-8678-FB656A9B3166}.Release|arm64.Build.0 = Release|Any CPU
		{DD662140-F066-4047-8678-FB656A9B3166}.Release|arm64.Deploy.0 = Release|Any CPU
		{DD662140-F066-4047-8678-FB656A9B3166}.Release|x64.ActiveCfg = Release|Any CPU
		{DD662140-F066-4047-8678-FB656A9B3166}.Release|x64.Build.0 = Release|Any CPU
		{DD662140-F066-4047-8678-FB656A9B3166}.Release|x64.Deploy.0 = Release|Any CPU
		{DD662140-F066-4047-8678-FB656A9B3166}.Release|x86.ActiveCfg = Release|Any CPU
		{DD662140-F066-4047-8678-FB656A9B3166}.Release|x86.Build.0 = Release|Any CPU
		{DD662140-F066-4047-8678-FB656A9B3166}.Release|x86.Deploy.0 = Release|Any CPU
		{5EA29321-9F0A-4CFE-9393-2F1043BB801F}.Debug|Any CPU.ActiveCfg = Debug|x64
		{5EA29321-9F0A-4CFE-9393-2F1043BB801F}.Debug|Any CPU.Build.0 = Debug|x64
		{5EA29321-9F0A-4CFE-9393-2F1043BB801F}.Debug|Any CPU.Deploy.0 = Debug|x64
		{5EA29321-9F0A-4CFE-9393-2F1043BB801F}.Debug|arm64.ActiveCfg = Debug|arm64
		{5EA29321-9F0A-4CFE-9393-2F1043BB801F}.Debug|arm64.Build.0 = Debug|arm64
		{5EA29321-9F0A-4CFE-9393-2F1043BB801F}.Debug|arm64.Deploy.0 = Debug|arm64
		{5EA29321-9F0A-4CFE-9393-2F1043BB801F}.Debug|x64.ActiveCfg = Debug|x64
		{5EA29321-9F0A-4CFE-9393-2F1043BB801F}.Debug|x64.Build.0 = Debug|x64
		{5EA29321-9F0A-4CFE-9393-2F1043BB801F}.Debug|x64.Deploy.0 = Debug|x64
		{5EA29321-9F0A-4CFE-9393-2F1043BB801F}.Debug|x86.ActiveCfg = Debug|x86
		{5EA29321-9F0A-4CFE-9393-2F1043BB801F}.Debug|x86.Build.0 = Debug|x86
		{5EA29321-9F0A-4CFE-9393-2F1043BB801F}.Debug|x86.Deploy.0 = Debug|x86
		{5EA29321-9F0A-4CFE-9393-2F1043BB801F}.Release|Any CPU.ActiveCfg = Release|x64
		{5EA29321-9F0A-4CFE-9393-2F1043BB801F}.Release|Any CPU.Build.0 = Release|x64
		{5EA29321-9F0A-4CFE-9393-2F1043BB801F}.Release|Any CPU.Deploy.0 = Release|x64
		{5EA29321-9F0A-4CFE-9393-2F1043BB801F}.Release|arm64.ActiveCfg = Release|arm64
		{5EA29321-9F0A-4CFE-9393-2F1043BB801F}.Release|arm64.Build.0 = Release|arm64
		{5EA29321-9F0A-4CFE-9393-2F1043BB801F}.Release|arm64.Deploy.0 = Release|arm64
		{5EA29321-9F0A-4CFE-9393-2F1043BB801F}.Release|x64.ActiveCfg = Release|x64
		{5EA29321-9F0A-4CFE-9393-2F1043BB801F}.Release|x64.Build.0 = Release|x64
		{5EA29321-9F0A-4CFE-9393-2F1043BB801F}.Release|x64.Deploy.0 = Release|x64
		{5EA29321-9F0A-4CFE-9393-2F1043BB801F}.Release|x86.ActiveCfg = Release|x86
		{5EA29321-9F0A-4CFE-9393-2F1043BB801F}.Release|x86.Build.0 = Release|x86
		{5EA29321-9F0A-4CFE-9393-2F1043BB801F}.Release|x86.Deploy.0 = Release|x86
		{B9386DF4-5A24-43E3-9CE4-3169EE8472D9}.Debug|Any CPU.ActiveCfg = Debug|Any CPU
		{B9386DF4-5A24-43E3-9CE4-3169EE8472D9}.Debug|Any CPU.Build.0 = Debug|Any CPU
		{B9386DF4-5A24-43E3-9CE4-3169EE8472D9}.Debug|arm64.ActiveCfg = Debug|Any CPU
		{B9386DF4-5A24-43E3-9CE4-3169EE8472D9}.Debug|arm64.Build.0 = Debug|Any CPU
		{B9386DF4-5A24-43E3-9CE4-3169EE8472D9}.Debug|x64.ActiveCfg = Debug|Any CPU
		{B9386DF4-5A24-43E3-9CE4-3169EE8472D9}.Debug|x64.Build.0 = Debug|Any CPU
		{B9386DF4-5A24-43E3-9CE4-3169EE8472D9}.Debug|x86.ActiveCfg = Debug|Any CPU
		{B9386DF4-5A24-43E3-9CE4-3169EE8472D9}.Debug|x86.Build.0 = Debug|Any CPU
		{B9386DF4-5A24-43E3-9CE4-3169EE8472D9}.Release|Any CPU.ActiveCfg = Release|Any CPU
		{B9386DF4-5A24-43E3-9CE4-3169EE8472D9}.Release|Any CPU.Build.0 = Release|Any CPU
		{B9386DF4-5A24-43E3-9CE4-3169EE8472D9}.Release|arm64.ActiveCfg = Release|Any CPU
		{B9386DF4-5A24-43E3-9CE4-3169EE8472D9}.Release|arm64.Build.0 = Release|Any CPU
		{B9386DF4-5A24-43E3-9CE4-3169EE8472D9}.Release|x64.ActiveCfg = Release|Any CPU
		{B9386DF4-5A24-43E3-9CE4-3169EE8472D9}.Release|x64.Build.0 = Release|Any CPU
		{B9386DF4-5A24-43E3-9CE4-3169EE8472D9}.Release|x86.ActiveCfg = Release|Any CPU
		{B9386DF4-5A24-43E3-9CE4-3169EE8472D9}.Release|x86.Build.0 = Release|Any CPU
		{F5DAEB7E-C226-4727-AB36-56363C96DBC0}.Debug|Any CPU.ActiveCfg = Debug|Any CPU
		{F5DAEB7E-C226-4727-AB36-56363C96DBC0}.Debug|Any CPU.Build.0 = Debug|Any CPU
		{F5DAEB7E-C226-4727-AB36-56363C96DBC0}.Debug|arm64.ActiveCfg = Debug|Any CPU
		{F5DAEB7E-C226-4727-AB36-56363C96DBC0}.Debug|arm64.Build.0 = Debug|Any CPU
		{F5DAEB7E-C226-4727-AB36-56363C96DBC0}.Debug|x64.ActiveCfg = Debug|Any CPU
		{F5DAEB7E-C226-4727-AB36-56363C96DBC0}.Debug|x64.Build.0 = Debug|Any CPU
		{F5DAEB7E-C226-4727-AB36-56363C96DBC0}.Debug|x86.ActiveCfg = Debug|Any CPU
		{F5DAEB7E-C226-4727-AB36-56363C96DBC0}.Debug|x86.Build.0 = Debug|Any CPU
		{F5DAEB7E-C226-4727-AB36-56363C96DBC0}.Release|Any CPU.ActiveCfg = Release|Any CPU
		{F5DAEB7E-C226-4727-AB36-56363C96DBC0}.Release|Any CPU.Build.0 = Release|Any CPU
		{F5DAEB7E-C226-4727-AB36-56363C96DBC0}.Release|arm64.ActiveCfg = Release|Any CPU
		{F5DAEB7E-C226-4727-AB36-56363C96DBC0}.Release|arm64.Build.0 = Release|Any CPU
		{F5DAEB7E-C226-4727-AB36-56363C96DBC0}.Release|x64.ActiveCfg = Release|Any CPU
		{F5DAEB7E-C226-4727-AB36-56363C96DBC0}.Release|x64.Build.0 = Release|Any CPU
		{F5DAEB7E-C226-4727-AB36-56363C96DBC0}.Release|x86.ActiveCfg = Release|Any CPU
		{F5DAEB7E-C226-4727-AB36-56363C96DBC0}.Release|x86.Build.0 = Release|Any CPU
	EndGlobalSection
	GlobalSection(SolutionProperties) = preSolution
		HideSolutionNode = FALSE
	EndGlobalSection
	GlobalSection(NestedProjects) = preSolution
		{DD662140-F066-4047-8678-FB656A9B3166} = {2A586DBF-0AF2-4041-AB8F-75E2CB0CCFC8}
		{5EA29321-9F0A-4CFE-9393-2F1043BB801F} = {2A586DBF-0AF2-4041-AB8F-75E2CB0CCFC8}
		{B9386DF4-5A24-43E3-9CE4-3169EE8472D9} = {2A586DBF-0AF2-4041-AB8F-75E2CB0CCFC8}
		{F5DAEB7E-C226-4727-AB36-56363C96DBC0} = {2A586DBF-0AF2-4041-AB8F-75E2CB0CCFC8}
	EndGlobalSection
	GlobalSection(ExtensibilityGlobals) = postSolution
		SolutionGuid = {AE1E4FAB-4A2E-4667-888D-AB51E45F9CCD}
	EndGlobalSection
EndGlobal
