
Microsoft Visual Studio Solution File, Format Version 12.00
# Visual Studio Version 17
VisualStudioVersion = 17.5.33516.290
MinimumVisualStudioVersion = 10.0.40219.1
Project("{9A19103F-16F7-4668-BE54-9A1E7A4F7556}") = "Eppie.App", "Eppie.App\Eppie.App.csproj", "{B937C24F-7640-4EF4-B2DD-EACE246A3C60}"
EndProject
Project("{2150E333-8FDC-42A3-9474-1A3956D46DE8}") = "Platforms", "Platforms", "{2A586DBF-0AF2-4041-AB8F-75E2CB0CCFC8}"
EndProject
Project("{9A19103F-16F7-4668-BE54-9A1E7A4F7556}") = "Eppie.App.Mobile", "Eppie.App.Mobile\Eppie.App.Mobile.csproj", "{DD662140-F066-4047-8678-FB656A9B3166}"
EndProject
Project("{9A19103F-16F7-4668-BE54-9A1E7A4F7556}") = "Eppie.App.Windows", "Eppie.App.Windows\Eppie.App.Windows.csproj", "{5EA29321-9F0A-4CFE-9393-2F1043BB801F}"
EndProject
Project("{9A19103F-16F7-4668-BE54-9A1E7A4F7556}") = "Eppie.App.Wasm", "Eppie.App.Wasm\Eppie.App.Wasm.csproj", "{B9386DF4-5A24-43E3-9CE4-3169EE8472D9}"
EndProject
Project("{9A19103F-16F7-4668-BE54-9A1E7A4F7556}") = "Eppie.App.Skia.Gtk", "Eppie.App.Skia.Gtk\Eppie.App.Skia.Gtk.csproj", "{F5DAEB7E-C226-4727-AB36-56363C96DBC0}"
EndProject
Project("{2150E333-8FDC-42A3-9474-1A3956D46DE8}") = "Solution Items", "Solution Items", "{E48B8EEA-6DB1-4129-AB62-B438EC436C25}"
	ProjectSection(SolutionItems) = preProject
		.editorconfig = .editorconfig
		Settings.XamlStyler = Settings.XamlStyler
	EndProjectSection
EndProject
Project("{FAE04EC0-301F-11D3-BF4B-00C04F79EFBC}") = "Eppie.App.UWP", "Eppie.App.UWP\Eppie.App.UWP.csproj", "{000A2DA8-CF61-4BC3-B30F-112D7F4D549F}"
EndProject
Project("{D954291E-2A0B-460D-934E-DC6B0785DB48}") = "TuviMail.Shared", "Eppie.App.Shared\TuviMail.Shared.shproj", "{EF95CBFF-8992-4963-A1CA-B3F66959AE11}"
EndProject
Project("{9A19103F-16F7-4668-BE54-9A1E7A4F7556}") = "ComponentBuilder", "..\..\gitmodules\TuviCore\Sources\ComponentBuilder\ComponentBuilder.csproj", "{715272FB-3F9D-4890-8FE5-63AC58307E2F}"
EndProject
Project("{9A19103F-16F7-4668-BE54-9A1E7A4F7556}") = "Eppie.App.ViewModels", "Eppie.App.ViewModels\Eppie.App.ViewModels.csproj", "{A642CE08-F1BF-411F-8C4A-B733E70129BE}"
EndProject
Project("{9A19103F-16F7-4668-BE54-9A1E7A4F7556}") = "Tuvi.App.Converters", "Tuvi.App.Converters\Tuvi.App.Converters.csproj", "{A22C27DB-AD30-4A47-83C3-635373E92A6B}"
EndProject
Project("{9A19103F-16F7-4668-BE54-9A1E7A4F7556}") = "Tuvi.OAuth2", "Tuvi.OAuth2\Tuvi.OAuth2.csproj", "{3FA0B738-99A3-4A62-A133-19555EE874F1}"
EndProject
Project("{9A19103F-16F7-4668-BE54-9A1E7A4F7556}") = "KeyDerivation", "..\..\gitmodules\TuviPgpLib\gitmodules\TuviKeyDerivationLib\KeyDerivationInterface\KeyDerivation.csproj", "{64CDABB6-EE8C-406C-8FB9-E74CB8E5558B}"
EndProject
Project("{9A19103F-16F7-4668-BE54-9A1E7A4F7556}") = "KeyDerivationLib", "..\..\gitmodules\TuviPgpLib\gitmodules\TuviKeyDerivationLib\KeyDerivationLib\KeyDerivationLib.csproj", "{36709B6F-5999-4A5D-90AB-6F382DE3F4B9}"
EndProject
Project("{9A19103F-16F7-4668-BE54-9A1E7A4F7556}") = "Tuvi.Proton", "..\..\gitmodules\TuviCore\Sources\Tuvi.Proton\Tuvi.Proton.csproj", "{09A545F5-90E0-4E01-B90E-39C16DF995FF}"
EndProject
Project("{9A19103F-16F7-4668-BE54-9A1E7A4F7556}") = "Tuvi.Proton.Impl", "..\..\gitmodules\TuviCore\Sources\Tuvi.Proton.Impl\Tuvi.Proton.Impl.csproj", "{77B9BDC6-BF96-46BD-9A85-DA0DEF07F032}"
EndProject
Project("{9A19103F-16F7-4668-BE54-9A1E7A4F7556}") = "Tuvi.Core.Backup.Impl", "..\..\gitmodules\TuviCore\Sources\Tuvi.Core.Backup.Impl\Tuvi.Core.Backup.Impl.csproj", "{F5D7112A-ECE7-4D77-A1A4-5FF938A931C2}"
EndProject
Project("{9A19103F-16F7-4668-BE54-9A1E7A4F7556}") = "Tuvi.Core.DataStorage.Impl", "..\..\gitmodules\TuviCore\Sources\Tuvi.Core.DataStorage.Impl\Tuvi.Core.DataStorage.Impl.csproj", "{BA47DAEE-4610-48EF-9231-D66630618E84}"
EndProject
Project("{9A19103F-16F7-4668-BE54-9A1E7A4F7556}") = "Tuvi.Core.Dec", "..\..\gitmodules\TuviCore\Sources\Tuvi.Core.Dec\Tuvi.Core.Dec.csproj", "{F1AF2E87-25F1-4511-B3BE-0329ADC4B068}"
EndProject
Project("{9A19103F-16F7-4668-BE54-9A1E7A4F7556}") = "Tuvi.Core.Dec.Web.Impl", "..\..\gitmodules\TuviCore\Sources\Tuvi.Core.Dec.Web.Impl\Tuvi.Core.Dec.Web.Impl.csproj", "{E12EC934-DD3E-4935-8EE9-14325E3456ED}"
EndProject
Project("{9A19103F-16F7-4668-BE54-9A1E7A4F7556}") = "Tuvi.Core.Mail.Impl", "..\..\gitmodules\TuviCore\Sources\Tuvi.Core.Mail.Impl\Tuvi.Core.Mail.Impl.csproj", "{84CECB4B-80C9-42D8-9ED5-1E119CDE2D69}"
EndProject
Project("{9A19103F-16F7-4668-BE54-9A1E7A4F7556}") = "TuviPgpLibImpl", "..\..\gitmodules\TuviPgpLib\TuviPgpLibImpl\TuviPgpLibImpl.csproj", "{C253041A-97CB-4DDE-984B-9C76249717C4}"
EndProject
Project("{9A19103F-16F7-4668-BE54-9A1E7A4F7556}") = "Tuvi.Core", "..\..\gitmodules\TuviCore\Sources\Tuvi.Core\Tuvi.Core.csproj", "{0671523D-51F4-4391-90CB-A7CA0D7CA1E6}"
EndProject
Project("{9A19103F-16F7-4668-BE54-9A1E7A4F7556}") = "Tuvi.Core.Backup", "..\..\gitmodules\TuviCore\Sources\Tuvi.Core.Backup\Tuvi.Core.Backup.csproj", "{D100AB8F-A74D-419C-8346-D1ED39752A32}"
EndProject
Project("{9A19103F-16F7-4668-BE54-9A1E7A4F7556}") = "Tuvi.Core.DataStorage", "..\..\gitmodules\TuviCore\Sources\Tuvi.Core.DataStorage\Tuvi.Core.DataStorage.csproj", "{E9068C9A-0997-4B3D-AC50-94D1889A49FC}"
EndProject
Project("{9A19103F-16F7-4668-BE54-9A1E7A4F7556}") = "Tuvi.Core.Entities", "..\..\gitmodules\TuviCore\Sources\Tuvi.Core.Entities\Tuvi.Core.Entities.csproj", "{DE735C1E-39EF-4BB0-B849-67ADBB44A262}"
EndProject
Project("{9A19103F-16F7-4668-BE54-9A1E7A4F7556}") = "Tuvi.Core.Impl", "..\..\gitmodules\TuviCore\Sources\Tuvi.Core.Impl\Tuvi.Core.Impl.csproj", "{CD22F57E-E19B-4F81-93CA-E4223A2E5DE0}"
EndProject
Project("{9A19103F-16F7-4668-BE54-9A1E7A4F7556}") = "Tuvi.Core.Logging", "..\..\gitmodules\TuviCore\Sources\Tuvi.Core.Logging\Tuvi.Core.Logging.csproj", "{A64A4E63-9B5D-4591-9164-95817CFF42CA}"
EndProject
Project("{9A19103F-16F7-4668-BE54-9A1E7A4F7556}") = "Tuvi.Core.Mail", "..\..\gitmodules\TuviCore\Sources\Tuvi.Core.Mail\Tuvi.Core.Mail.csproj", "{37BC6BAB-0FC6-49B6-8C52-1E594C69D57D}"
EndProject
Project("{9A19103F-16F7-4668-BE54-9A1E7A4F7556}") = "TuviPgpLib", "..\..\gitmodules\TuviPgpLib\TuviPgpLib\TuviPgpLib.csproj", "{FE0C79D9-A53B-4C08-974A-CA200C910797}"
EndProject
Project("{9A19103F-16F7-4668-BE54-9A1E7A4F7556}") = "proton-cs-client", "..\..\gitmodules\proton-cs-client\source\proton-cs-client\proton-cs-client.csproj", "{AFA4DBEB-0DFE-424F-A3F4-C9E87D0A0528}"
EndProject
Project("{9A19103F-16F7-4668-BE54-9A1E7A4F7556}") = "TuviAuthProtonLib", "..\..\gitmodules\proton-cs-client\gitmodules\TuviAuthProtonLib\source\TuviAuthProtonLib\TuviAuthProtonLib.csproj", "{D4F2CEF8-BC07-422A-8DBD-D38720470F8B}"
EndProject
Project("{9A19103F-16F7-4668-BE54-9A1E7A4F7556}") = "TuviRestClientLib", "..\..\gitmodules\proton-cs-client\gitmodules\TuviAuthProtonLib\gitmodules\TuviRestClientLib\source\TuviRestClientLib\TuviRestClientLib.csproj", "{1CA867B7-4036-4818-8A69-C84F9B943F4D}"
EndProject
Project("{9A19103F-16F7-4668-BE54-9A1E7A4F7556}") = "TuviSRPLib", "..\..\gitmodules\proton-cs-client\gitmodules\TuviAuthProtonLib\gitmodules\TuviSRPLib\TuviSRPLib\TuviSRPLib\TuviSRPLib.csproj", "{FCD40345-8E5D-4A51-94F3-7AA07B810346}"
EndProject
Project("{9A19103F-16F7-4668-BE54-9A1E7A4F7556}") = "ProtonBase64Lib", "..\..\gitmodules\proton-cs-client\gitmodules\TuviAuthProtonLib\gitmodules\TuviSRPLib\TuviSRPLib\ProtonBase64Lib\ProtonBase64Lib.csproj", "{4AA9A0B0-B466-4FF2-8F48-EE2F4D58D26F}"
EndProject
Project("{9A19103F-16F7-4668-BE54-9A1E7A4F7556}") = "TuviProtonPrimitiveLib", "..\..\gitmodules\proton-cs-client\gitmodules\TuviAuthProtonLib\source\TuviProtonPrimitiveLib\TuviProtonPrimitiveLib.csproj", "{AC12BC36-289D-44DC-AF04-4B849D9281F2}"
EndProject
Project("{9A19103F-16F7-4668-BE54-9A1E7A4F7556}") = "TuviBase32EConverterLib", "..\..\gitmodules\TuviBase32EConverterLib\TuviBytesToEmailConverterLib\TuviBase32EConverterLib\TuviBase32EConverterLib.csproj", "{A250A1B9-2C6C-4037-A2E7-AFE0D58353E8}"
EndProject
Project("{9A19103F-16F7-4668-BE54-9A1E7A4F7556}") = "Tuvi.Core.Web.BackupService", "..\..\gitmodules\TuviCore\Sources\Tuvi.Core.Web.BackupService\Tuvi.Core.Web.BackupService.csproj", "{B5122C9F-78D3-4E11-ACDB-B1B7B17C4F44}"
EndProject
Project("{9A19103F-16F7-4668-BE54-9A1E7A4F7556}") = "Tuvi.Core.Web.BackupServiceClient", "..\..\gitmodules\TuviCore\Sources\Tuvi.Core.Web.BackupServiceClient\Tuvi.Core.Web.BackupServiceClient.csproj", "{DDC3B426-6FF7-4440-8B1A-872E56F06DA1}"
EndProject
Project("{2150E333-8FDC-42A3-9474-1A3956D46DE8}") = "Tuvi.Core", "Tuvi.Core", "{232E6FC3-1B1E-4EB6-AF33-4DEED5F974F1}"
EndProject
Project("{2150E333-8FDC-42A3-9474-1A3956D46DE8}") = "Impl", "Impl", "{A16E2BC5-5CA8-43D3-912F-0B3B276AD2BD}"
EndProject
Project("{2150E333-8FDC-42A3-9474-1A3956D46DE8}") = "Proton", "Proton", "{157B5FE2-A300-40F0-AC5B-95AABAD93F30}"
EndProject
Project("{2150E333-8FDC-42A3-9474-1A3956D46DE8}") = "Crypto", "Crypto", "{EFB59142-E603-43E3-8238-D8B4703A189E}"
EndProject
Project("{2150E333-8FDC-42A3-9474-1A3956D46DE8}") = "Addresses", "Addresses", "{FABAA1DF-86A4-43A7-B537-A81C24B4D814}"
EndProject
Project("{2150E333-8FDC-42A3-9474-1A3956D46DE8}") = "PGP", "PGP", "{C2C0C560-B668-4262-BDAA-7D1A17CA6ED8}"
EndProject
Global
	GlobalSection(SolutionConfigurationPlatforms) = preSolution
		Debug|Any CPU = Debug|Any CPU
		Debug|arm64 = Debug|arm64
		Debug|x64 = Debug|x64
		Debug|x86 = Debug|x86
		Release|Any CPU = Release|Any CPU
		Release|arm64 = Release|arm64
		Release|x64 = Release|x64
		Release|x86 = Release|x86
	EndGlobalSection
	GlobalSection(ProjectConfigurationPlatforms) = postSolution
		{B937C24F-7640-4EF4-B2DD-EACE246A3C60}.Debug|Any CPU.ActiveCfg = Debug|Any CPU
		{B937C24F-7640-4EF4-B2DD-EACE246A3C60}.Debug|Any CPU.Build.0 = Debug|Any CPU
		{B937C24F-7640-4EF4-B2DD-EACE246A3C60}.Debug|arm64.ActiveCfg = Debug|Any CPU
		{B937C24F-7640-4EF4-B2DD-EACE246A3C60}.Debug|arm64.Build.0 = Debug|Any CPU
		{B937C24F-7640-4EF4-B2DD-EACE246A3C60}.Debug|x64.ActiveCfg = Debug|Any CPU
		{B937C24F-7640-4EF4-B2DD-EACE246A3C60}.Debug|x64.Build.0 = Debug|Any CPU
		{B937C24F-7640-4EF4-B2DD-EACE246A3C60}.Debug|x86.ActiveCfg = Debug|Any CPU
		{B937C24F-7640-4EF4-B2DD-EACE246A3C60}.Debug|x86.Build.0 = Debug|Any CPU
		{B937C24F-7640-4EF4-B2DD-EACE246A3C60}.Release|Any CPU.ActiveCfg = Release|Any CPU
		{B937C24F-7640-4EF4-B2DD-EACE246A3C60}.Release|Any CPU.Build.0 = Release|Any CPU
		{B937C24F-7640-4EF4-B2DD-EACE246A3C60}.Release|arm64.ActiveCfg = Release|Any CPU
		{B937C24F-7640-4EF4-B2DD-EACE246A3C60}.Release|arm64.Build.0 = Release|Any CPU
		{B937C24F-7640-4EF4-B2DD-EACE246A3C60}.Release|x64.ActiveCfg = Release|Any CPU
		{B937C24F-7640-4EF4-B2DD-EACE246A3C60}.Release|x64.Build.0 = Release|Any CPU
		{B937C24F-7640-4EF4-B2DD-EACE246A3C60}.Release|x86.ActiveCfg = Release|Any CPU
		{B937C24F-7640-4EF4-B2DD-EACE246A3C60}.Release|x86.Build.0 = Release|Any CPU
		{DD662140-F066-4047-8678-FB656A9B3166}.Debug|Any CPU.ActiveCfg = Debug|Any CPU
		{DD662140-F066-4047-8678-FB656A9B3166}.Debug|Any CPU.Build.0 = Debug|Any CPU
		{DD662140-F066-4047-8678-FB656A9B3166}.Debug|Any CPU.Deploy.0 = Debug|Any CPU
		{DD662140-F066-4047-8678-FB656A9B3166}.Debug|arm64.ActiveCfg = Debug|Any CPU
		{DD662140-F066-4047-8678-FB656A9B3166}.Debug|arm64.Build.0 = Debug|Any CPU
		{DD662140-F066-4047-8678-FB656A9B3166}.Debug|arm64.Deploy.0 = Debug|Any CPU
		{DD662140-F066-4047-8678-FB656A9B3166}.Debug|x64.ActiveCfg = Debug|Any CPU
		{DD662140-F066-4047-8678-FB656A9B3166}.Debug|x64.Build.0 = Debug|Any CPU
		{DD662140-F066-4047-8678-FB656A9B3166}.Debug|x64.Deploy.0 = Debug|Any CPU
		{DD662140-F066-4047-8678-FB656A9B3166}.Debug|x86.ActiveCfg = Debug|Any CPU
		{DD662140-F066-4047-8678-FB656A9B3166}.Debug|x86.Build.0 = Debug|Any CPU
		{DD662140-F066-4047-8678-FB656A9B3166}.Debug|x86.Deploy.0 = Debug|Any CPU
		{DD662140-F066-4047-8678-FB656A9B3166}.Release|Any CPU.ActiveCfg = Release|Any CPU
		{DD662140-F066-4047-8678-FB656A9B3166}.Release|Any CPU.Build.0 = Release|Any CPU
		{DD662140-F066-4047-8678-FB656A9B3166}.Release|Any CPU.Deploy.0 = Release|Any CPU
		{DD662140-F066-4047-8678-FB656A9B3166}.Release|arm64.ActiveCfg = Release|Any CPU
		{DD662140-F066-4047-8678-FB656A9B3166}.Release|arm64.Build.0 = Release|Any CPU
		{DD662140-F066-4047-8678-FB656A9B3166}.Release|arm64.Deploy.0 = Release|Any CPU
		{DD662140-F066-4047-8678-FB656A9B3166}.Release|x64.ActiveCfg = Release|Any CPU
		{DD662140-F066-4047-8678-FB656A9B3166}.Release|x64.Build.0 = Release|Any CPU
		{DD662140-F066-4047-8678-FB656A9B3166}.Release|x64.Deploy.0 = Release|Any CPU
		{DD662140-F066-4047-8678-FB656A9B3166}.Release|x86.ActiveCfg = Release|Any CPU
		{DD662140-F066-4047-8678-FB656A9B3166}.Release|x86.Build.0 = Release|Any CPU
		{DD662140-F066-4047-8678-FB656A9B3166}.Release|x86.Deploy.0 = Release|Any CPU
		{5EA29321-9F0A-4CFE-9393-2F1043BB801F}.Debug|Any CPU.ActiveCfg = Debug|x64
		{5EA29321-9F0A-4CFE-9393-2F1043BB801F}.Debug|Any CPU.Build.0 = Debug|x64
		{5EA29321-9F0A-4CFE-9393-2F1043BB801F}.Debug|Any CPU.Deploy.0 = Debug|x64
		{5EA29321-9F0A-4CFE-9393-2F1043BB801F}.Debug|arm64.ActiveCfg = Debug|arm64
		{5EA29321-9F0A-4CFE-9393-2F1043BB801F}.Debug|arm64.Build.0 = Debug|arm64
		{5EA29321-9F0A-4CFE-9393-2F1043BB801F}.Debug|arm64.Deploy.0 = Debug|arm64
		{5EA29321-9F0A-4CFE-9393-2F1043BB801F}.Debug|x64.ActiveCfg = Debug|x64
		{5EA29321-9F0A-4CFE-9393-2F1043BB801F}.Debug|x64.Build.0 = Debug|x64
		{5EA29321-9F0A-4CFE-9393-2F1043BB801F}.Debug|x64.Deploy.0 = Debug|x64
		{5EA29321-9F0A-4CFE-9393-2F1043BB801F}.Debug|x86.ActiveCfg = Debug|x86
		{5EA29321-9F0A-4CFE-9393-2F1043BB801F}.Debug|x86.Build.0 = Debug|x86
		{5EA29321-9F0A-4CFE-9393-2F1043BB801F}.Debug|x86.Deploy.0 = Debug|x86
		{5EA29321-9F0A-4CFE-9393-2F1043BB801F}.Release|Any CPU.ActiveCfg = Release|x64
		{5EA29321-9F0A-4CFE-9393-2F1043BB801F}.Release|Any CPU.Build.0 = Release|x64
		{5EA29321-9F0A-4CFE-9393-2F1043BB801F}.Release|Any CPU.Deploy.0 = Release|x64
		{5EA29321-9F0A-4CFE-9393-2F1043BB801F}.Release|arm64.ActiveCfg = Release|arm64
		{5EA29321-9F0A-4CFE-9393-2F1043BB801F}.Release|arm64.Build.0 = Release|arm64
		{5EA29321-9F0A-4CFE-9393-2F1043BB801F}.Release|arm64.Deploy.0 = Release|arm64
		{5EA29321-9F0A-4CFE-9393-2F1043BB801F}.Release|x64.ActiveCfg = Release|x64
		{5EA29321-9F0A-4CFE-9393-2F1043BB801F}.Release|x64.Build.0 = Release|x64
		{5EA29321-9F0A-4CFE-9393-2F1043BB801F}.Release|x64.Deploy.0 = Release|x64
		{5EA29321-9F0A-4CFE-9393-2F1043BB801F}.Release|x86.ActiveCfg = Release|x86
		{5EA29321-9F0A-4CFE-9393-2F1043BB801F}.Release|x86.Build.0 = Release|x86
		{5EA29321-9F0A-4CFE-9393-2F1043BB801F}.Release|x86.Deploy.0 = Release|x86
		{B9386DF4-5A24-43E3-9CE4-3169EE8472D9}.Debug|Any CPU.ActiveCfg = Debug|Any CPU
		{B9386DF4-5A24-43E3-9CE4-3169EE8472D9}.Debug|Any CPU.Build.0 = Debug|Any CPU
		{B9386DF4-5A24-43E3-9CE4-3169EE8472D9}.Debug|arm64.ActiveCfg = Debug|Any CPU
		{B9386DF4-5A24-43E3-9CE4-3169EE8472D9}.Debug|arm64.Build.0 = Debug|Any CPU
		{B9386DF4-5A24-43E3-9CE4-3169EE8472D9}.Debug|x64.ActiveCfg = Debug|Any CPU
		{B9386DF4-5A24-43E3-9CE4-3169EE8472D9}.Debug|x64.Build.0 = Debug|Any CPU
		{B9386DF4-5A24-43E3-9CE4-3169EE8472D9}.Debug|x86.ActiveCfg = Debug|Any CPU
		{B9386DF4-5A24-43E3-9CE4-3169EE8472D9}.Debug|x86.Build.0 = Debug|Any CPU
		{B9386DF4-5A24-43E3-9CE4-3169EE8472D9}.Release|Any CPU.ActiveCfg = Release|Any CPU
		{B9386DF4-5A24-43E3-9CE4-3169EE8472D9}.Release|Any CPU.Build.0 = Release|Any CPU
		{B9386DF4-5A24-43E3-9CE4-3169EE8472D9}.Release|arm64.ActiveCfg = Release|Any CPU
		{B9386DF4-5A24-43E3-9CE4-3169EE8472D9}.Release|arm64.Build.0 = Release|Any CPU
		{B9386DF4-5A24-43E3-9CE4-3169EE8472D9}.Release|x64.ActiveCfg = Release|Any CPU
		{B9386DF4-5A24-43E3-9CE4-3169EE8472D9}.Release|x64.Build.0 = Release|Any CPU
		{B9386DF4-5A24-43E3-9CE4-3169EE8472D9}.Release|x86.ActiveCfg = Release|Any CPU
		{B9386DF4-5A24-43E3-9CE4-3169EE8472D9}.Release|x86.Build.0 = Release|Any CPU
		{F5DAEB7E-C226-4727-AB36-56363C96DBC0}.Debug|Any CPU.ActiveCfg = Debug|Any CPU
		{F5DAEB7E-C226-4727-AB36-56363C96DBC0}.Debug|Any CPU.Build.0 = Debug|Any CPU
		{F5DAEB7E-C226-4727-AB36-56363C96DBC0}.Debug|arm64.ActiveCfg = Debug|Any CPU
		{F5DAEB7E-C226-4727-AB36-56363C96DBC0}.Debug|arm64.Build.0 = Debug|Any CPU
		{F5DAEB7E-C226-4727-AB36-56363C96DBC0}.Debug|x64.ActiveCfg = Debug|Any CPU
		{F5DAEB7E-C226-4727-AB36-56363C96DBC0}.Debug|x64.Build.0 = Debug|Any CPU
		{F5DAEB7E-C226-4727-AB36-56363C96DBC0}.Debug|x86.ActiveCfg = Debug|Any CPU
		{F5DAEB7E-C226-4727-AB36-56363C96DBC0}.Debug|x86.Build.0 = Debug|Any CPU
		{F5DAEB7E-C226-4727-AB36-56363C96DBC0}.Release|Any CPU.ActiveCfg = Release|Any CPU
		{F5DAEB7E-C226-4727-AB36-56363C96DBC0}.Release|Any CPU.Build.0 = Release|Any CPU
		{F5DAEB7E-C226-4727-AB36-56363C96DBC0}.Release|arm64.ActiveCfg = Release|Any CPU
		{F5DAEB7E-C226-4727-AB36-56363C96DBC0}.Release|arm64.Build.0 = Release|Any CPU
		{F5DAEB7E-C226-4727-AB36-56363C96DBC0}.Release|x64.ActiveCfg = Release|Any CPU
		{F5DAEB7E-C226-4727-AB36-56363C96DBC0}.Release|x64.Build.0 = Release|Any CPU
		{F5DAEB7E-C226-4727-AB36-56363C96DBC0}.Release|x86.ActiveCfg = Release|Any CPU
		{F5DAEB7E-C226-4727-AB36-56363C96DBC0}.Release|x86.Build.0 = Release|Any CPU
		{000A2DA8-CF61-4BC3-B30F-112D7F4D549F}.Debug|Any CPU.ActiveCfg = Debug|x64
		{000A2DA8-CF61-4BC3-B30F-112D7F4D549F}.Debug|Any CPU.Build.0 = Debug|x64
		{000A2DA8-CF61-4BC3-B30F-112D7F4D549F}.Debug|Any CPU.Deploy.0 = Debug|x64
		{000A2DA8-CF61-4BC3-B30F-112D7F4D549F}.Debug|arm64.ActiveCfg = Debug|ARM64
		{000A2DA8-CF61-4BC3-B30F-112D7F4D549F}.Debug|arm64.Build.0 = Debug|ARM64
		{000A2DA8-CF61-4BC3-B30F-112D7F4D549F}.Debug|arm64.Deploy.0 = Debug|ARM64
		{000A2DA8-CF61-4BC3-B30F-112D7F4D549F}.Debug|x64.ActiveCfg = Debug|x64
		{000A2DA8-CF61-4BC3-B30F-112D7F4D549F}.Debug|x64.Build.0 = Debug|x64
		{000A2DA8-CF61-4BC3-B30F-112D7F4D549F}.Debug|x64.Deploy.0 = Debug|x64
		{000A2DA8-CF61-4BC3-B30F-112D7F4D549F}.Debug|x86.ActiveCfg = Debug|x86
		{000A2DA8-CF61-4BC3-B30F-112D7F4D549F}.Debug|x86.Build.0 = Debug|x86
		{000A2DA8-CF61-4BC3-B30F-112D7F4D549F}.Debug|x86.Deploy.0 = Debug|x86
		{000A2DA8-CF61-4BC3-B30F-112D7F4D549F}.Release|Any CPU.ActiveCfg = Release|x64
		{000A2DA8-CF61-4BC3-B30F-112D7F4D549F}.Release|Any CPU.Build.0 = Release|x64
		{000A2DA8-CF61-4BC3-B30F-112D7F4D549F}.Release|Any CPU.Deploy.0 = Release|x64
		{000A2DA8-CF61-4BC3-B30F-112D7F4D549F}.Release|arm64.ActiveCfg = Release|ARM64
		{000A2DA8-CF61-4BC3-B30F-112D7F4D549F}.Release|arm64.Build.0 = Release|ARM64
		{000A2DA8-CF61-4BC3-B30F-112D7F4D549F}.Release|arm64.Deploy.0 = Release|ARM64
		{000A2DA8-CF61-4BC3-B30F-112D7F4D549F}.Release|x64.ActiveCfg = Release|x64
		{000A2DA8-CF61-4BC3-B30F-112D7F4D549F}.Release|x64.Build.0 = Release|x64
		{000A2DA8-CF61-4BC3-B30F-112D7F4D549F}.Release|x64.Deploy.0 = Release|x64
		{000A2DA8-CF61-4BC3-B30F-112D7F4D549F}.Release|x86.ActiveCfg = Release|x86
		{000A2DA8-CF61-4BC3-B30F-112D7F4D549F}.Release|x86.Build.0 = Release|x86
		{000A2DA8-CF61-4BC3-B30F-112D7F4D549F}.Release|x86.Deploy.0 = Release|x86
		{715272FB-3F9D-4890-8FE5-63AC58307E2F}.Debug|Any CPU.ActiveCfg = Debug|Any CPU
		{715272FB-3F9D-4890-8FE5-63AC58307E2F}.Debug|Any CPU.Build.0 = Debug|Any CPU
		{715272FB-3F9D-4890-8FE5-63AC58307E2F}.Debug|arm64.ActiveCfg = Debug|Any CPU
		{715272FB-3F9D-4890-8FE5-63AC58307E2F}.Debug|arm64.Build.0 = Debug|Any CPU
		{715272FB-3F9D-4890-8FE5-63AC58307E2F}.Debug|x64.ActiveCfg = Debug|Any CPU
		{715272FB-3F9D-4890-8FE5-63AC58307E2F}.Debug|x64.Build.0 = Debug|Any CPU
		{715272FB-3F9D-4890-8FE5-63AC58307E2F}.Debug|x86.ActiveCfg = Debug|Any CPU
		{715272FB-3F9D-4890-8FE5-63AC58307E2F}.Debug|x86.Build.0 = Debug|Any CPU
		{715272FB-3F9D-4890-8FE5-63AC58307E2F}.Release|Any CPU.ActiveCfg = Release|Any CPU
		{715272FB-3F9D-4890-8FE5-63AC58307E2F}.Release|Any CPU.Build.0 = Release|Any CPU
		{715272FB-3F9D-4890-8FE5-63AC58307E2F}.Release|arm64.ActiveCfg = Release|Any CPU
		{715272FB-3F9D-4890-8FE5-63AC58307E2F}.Release|arm64.Build.0 = Release|Any CPU
		{715272FB-3F9D-4890-8FE5-63AC58307E2F}.Release|x64.ActiveCfg = Release|Any CPU
		{715272FB-3F9D-4890-8FE5-63AC58307E2F}.Release|x64.Build.0 = Release|Any CPU
		{715272FB-3F9D-4890-8FE5-63AC58307E2F}.Release|x86.ActiveCfg = Release|Any CPU
		{715272FB-3F9D-4890-8FE5-63AC58307E2F}.Release|x86.Build.0 = Release|Any CPU
		{A642CE08-F1BF-411F-8C4A-B733E70129BE}.Debug|Any CPU.ActiveCfg = Debug|Any CPU
		{A642CE08-F1BF-411F-8C4A-B733E70129BE}.Debug|Any CPU.Build.0 = Debug|Any CPU
		{A642CE08-F1BF-411F-8C4A-B733E70129BE}.Debug|arm64.ActiveCfg = Debug|Any CPU
		{A642CE08-F1BF-411F-8C4A-B733E70129BE}.Debug|arm64.Build.0 = Debug|Any CPU
		{A642CE08-F1BF-411F-8C4A-B733E70129BE}.Debug|x64.ActiveCfg = Debug|Any CPU
		{A642CE08-F1BF-411F-8C4A-B733E70129BE}.Debug|x64.Build.0 = Debug|Any CPU
		{A642CE08-F1BF-411F-8C4A-B733E70129BE}.Debug|x86.ActiveCfg = Debug|Any CPU
		{A642CE08-F1BF-411F-8C4A-B733E70129BE}.Debug|x86.Build.0 = Debug|Any CPU
		{A642CE08-F1BF-411F-8C4A-B733E70129BE}.Release|Any CPU.ActiveCfg = Release|Any CPU
		{A642CE08-F1BF-411F-8C4A-B733E70129BE}.Release|Any CPU.Build.0 = Release|Any CPU
		{A642CE08-F1BF-411F-8C4A-B733E70129BE}.Release|arm64.ActiveCfg = Release|Any CPU
		{A642CE08-F1BF-411F-8C4A-B733E70129BE}.Release|arm64.Build.0 = Release|Any CPU
		{A642CE08-F1BF-411F-8C4A-B733E70129BE}.Release|x64.ActiveCfg = Release|Any CPU
		{A642CE08-F1BF-411F-8C4A-B733E70129BE}.Release|x64.Build.0 = Release|Any CPU
		{A642CE08-F1BF-411F-8C4A-B733E70129BE}.Release|x86.ActiveCfg = Release|Any CPU
		{A642CE08-F1BF-411F-8C4A-B733E70129BE}.Release|x86.Build.0 = Release|Any CPU
		{A22C27DB-AD30-4A47-83C3-635373E92A6B}.Debug|Any CPU.ActiveCfg = Debug|Any CPU
		{A22C27DB-AD30-4A47-83C3-635373E92A6B}.Debug|Any CPU.Build.0 = Debug|Any CPU
		{A22C27DB-AD30-4A47-83C3-635373E92A6B}.Debug|arm64.ActiveCfg = Debug|Any CPU
		{A22C27DB-AD30-4A47-83C3-635373E92A6B}.Debug|arm64.Build.0 = Debug|Any CPU
		{A22C27DB-AD30-4A47-83C3-635373E92A6B}.Debug|x64.ActiveCfg = Debug|Any CPU
		{A22C27DB-AD30-4A47-83C3-635373E92A6B}.Debug|x64.Build.0 = Debug|Any CPU
		{A22C27DB-AD30-4A47-83C3-635373E92A6B}.Debug|x86.ActiveCfg = Debug|Any CPU
		{A22C27DB-AD30-4A47-83C3-635373E92A6B}.Debug|x86.Build.0 = Debug|Any CPU
		{A22C27DB-AD30-4A47-83C3-635373E92A6B}.Release|Any CPU.ActiveCfg = Release|Any CPU
		{A22C27DB-AD30-4A47-83C3-635373E92A6B}.Release|Any CPU.Build.0 = Release|Any CPU
		{A22C27DB-AD30-4A47-83C3-635373E92A6B}.Release|arm64.ActiveCfg = Release|Any CPU
		{A22C27DB-AD30-4A47-83C3-635373E92A6B}.Release|arm64.Build.0 = Release|Any CPU
		{A22C27DB-AD30-4A47-83C3-635373E92A6B}.Release|x64.ActiveCfg = Release|Any CPU
		{A22C27DB-AD30-4A47-83C3-635373E92A6B}.Release|x64.Build.0 = Release|Any CPU
		{A22C27DB-AD30-4A47-83C3-635373E92A6B}.Release|x86.ActiveCfg = Release|Any CPU
		{A22C27DB-AD30-4A47-83C3-635373E92A6B}.Release|x86.Build.0 = Release|Any CPU
		{3FA0B738-99A3-4A62-A133-19555EE874F1}.Debug|Any CPU.ActiveCfg = Debug|Any CPU
		{3FA0B738-99A3-4A62-A133-19555EE874F1}.Debug|Any CPU.Build.0 = Debug|Any CPU
		{3FA0B738-99A3-4A62-A133-19555EE874F1}.Debug|arm64.ActiveCfg = Debug|Any CPU
		{3FA0B738-99A3-4A62-A133-19555EE874F1}.Debug|arm64.Build.0 = Debug|Any CPU
		{3FA0B738-99A3-4A62-A133-19555EE874F1}.Debug|x64.ActiveCfg = Debug|Any CPU
		{3FA0B738-99A3-4A62-A133-19555EE874F1}.Debug|x64.Build.0 = Debug|Any CPU
		{3FA0B738-99A3-4A62-A133-19555EE874F1}.Debug|x86.ActiveCfg = Debug|Any CPU
		{3FA0B738-99A3-4A62-A133-19555EE874F1}.Debug|x86.Build.0 = Debug|Any CPU
		{3FA0B738-99A3-4A62-A133-19555EE874F1}.Release|Any CPU.ActiveCfg = Release|Any CPU
		{3FA0B738-99A3-4A62-A133-19555EE874F1}.Release|Any CPU.Build.0 = Release|Any CPU
		{3FA0B738-99A3-4A62-A133-19555EE874F1}.Release|arm64.ActiveCfg = Release|Any CPU
		{3FA0B738-99A3-4A62-A133-19555EE874F1}.Release|arm64.Build.0 = Release|Any CPU
		{3FA0B738-99A3-4A62-A133-19555EE874F1}.Release|x64.ActiveCfg = Release|Any CPU
		{3FA0B738-99A3-4A62-A133-19555EE874F1}.Release|x64.Build.0 = Release|Any CPU
		{3FA0B738-99A3-4A62-A133-19555EE874F1}.Release|x86.ActiveCfg = Release|Any CPU
		{3FA0B738-99A3-4A62-A133-19555EE874F1}.Release|x86.Build.0 = Release|Any CPU
		{64CDABB6-EE8C-406C-8FB9-E74CB8E5558B}.Debug|Any CPU.ActiveCfg = Debug|Any CPU
		{64CDABB6-EE8C-406C-8FB9-E74CB8E5558B}.Debug|Any CPU.Build.0 = Debug|Any CPU
		{64CDABB6-EE8C-406C-8FB9-E74CB8E5558B}.Debug|arm64.ActiveCfg = Debug|Any CPU
		{64CDABB6-EE8C-406C-8FB9-E74CB8E5558B}.Debug|arm64.Build.0 = Debug|Any CPU
		{64CDABB6-EE8C-406C-8FB9-E74CB8E5558B}.Debug|x64.ActiveCfg = Debug|Any CPU
		{64CDABB6-EE8C-406C-8FB9-E74CB8E5558B}.Debug|x64.Build.0 = Debug|Any CPU
		{64CDABB6-EE8C-406C-8FB9-E74CB8E5558B}.Debug|x86.ActiveCfg = Debug|Any CPU
		{64CDABB6-EE8C-406C-8FB9-E74CB8E5558B}.Debug|x86.Build.0 = Debug|Any CPU
		{64CDABB6-EE8C-406C-8FB9-E74CB8E5558B}.Release|Any CPU.ActiveCfg = Release|Any CPU
		{64CDABB6-EE8C-406C-8FB9-E74CB8E5558B}.Release|Any CPU.Build.0 = Release|Any CPU
		{64CDABB6-EE8C-406C-8FB9-E74CB8E5558B}.Release|arm64.ActiveCfg = Release|Any CPU
		{64CDABB6-EE8C-406C-8FB9-E74CB8E5558B}.Release|arm64.Build.0 = Release|Any CPU
		{64CDABB6-EE8C-406C-8FB9-E74CB8E5558B}.Release|x64.ActiveCfg = Release|Any CPU
		{64CDABB6-EE8C-406C-8FB9-E74CB8E5558B}.Release|x64.Build.0 = Release|Any CPU
		{64CDABB6-EE8C-406C-8FB9-E74CB8E5558B}.Release|x86.ActiveCfg = Release|Any CPU
		{64CDABB6-EE8C-406C-8FB9-E74CB8E5558B}.Release|x86.Build.0 = Release|Any CPU
		{36709B6F-5999-4A5D-90AB-6F382DE3F4B9}.Debug|Any CPU.ActiveCfg = Debug|Any CPU
		{36709B6F-5999-4A5D-90AB-6F382DE3F4B9}.Debug|Any CPU.Build.0 = Debug|Any CPU
		{36709B6F-5999-4A5D-90AB-6F382DE3F4B9}.Debug|arm64.ActiveCfg = Debug|Any CPU
		{36709B6F-5999-4A5D-90AB-6F382DE3F4B9}.Debug|arm64.Build.0 = Debug|Any CPU
		{36709B6F-5999-4A5D-90AB-6F382DE3F4B9}.Debug|x64.ActiveCfg = Debug|Any CPU
		{36709B6F-5999-4A5D-90AB-6F382DE3F4B9}.Debug|x64.Build.0 = Debug|Any CPU
		{36709B6F-5999-4A5D-90AB-6F382DE3F4B9}.Debug|x86.ActiveCfg = Debug|Any CPU
		{36709B6F-5999-4A5D-90AB-6F382DE3F4B9}.Debug|x86.Build.0 = Debug|Any CPU
		{36709B6F-5999-4A5D-90AB-6F382DE3F4B9}.Release|Any CPU.ActiveCfg = Release|Any CPU
		{36709B6F-5999-4A5D-90AB-6F382DE3F4B9}.Release|Any CPU.Build.0 = Release|Any CPU
		{36709B6F-5999-4A5D-90AB-6F382DE3F4B9}.Release|arm64.ActiveCfg = Release|Any CPU
		{36709B6F-5999-4A5D-90AB-6F382DE3F4B9}.Release|arm64.Build.0 = Release|Any CPU
		{36709B6F-5999-4A5D-90AB-6F382DE3F4B9}.Release|x64.ActiveCfg = Release|Any CPU
		{36709B6F-5999-4A5D-90AB-6F382DE3F4B9}.Release|x64.Build.0 = Release|Any CPU
		{36709B6F-5999-4A5D-90AB-6F382DE3F4B9}.Release|x86.ActiveCfg = Release|Any CPU
		{36709B6F-5999-4A5D-90AB-6F382DE3F4B9}.Release|x86.Build.0 = Release|Any CPU
		{09A545F5-90E0-4E01-B90E-39C16DF995FF}.Debug|Any CPU.ActiveCfg = Debug|Any CPU
		{09A545F5-90E0-4E01-B90E-39C16DF995FF}.Debug|Any CPU.Build.0 = Debug|Any CPU
		{09A545F5-90E0-4E01-B90E-39C16DF995FF}.Debug|arm64.ActiveCfg = Debug|Any CPU
		{09A545F5-90E0-4E01-B90E-39C16DF995FF}.Debug|arm64.Build.0 = Debug|Any CPU
		{09A545F5-90E0-4E01-B90E-39C16DF995FF}.Debug|x64.ActiveCfg = Debug|Any CPU
		{09A545F5-90E0-4E01-B90E-39C16DF995FF}.Debug|x64.Build.0 = Debug|Any CPU
		{09A545F5-90E0-4E01-B90E-39C16DF995FF}.Debug|x86.ActiveCfg = Debug|Any CPU
		{09A545F5-90E0-4E01-B90E-39C16DF995FF}.Debug|x86.Build.0 = Debug|Any CPU
		{09A545F5-90E0-4E01-B90E-39C16DF995FF}.Release|Any CPU.ActiveCfg = Release|Any CPU
		{09A545F5-90E0-4E01-B90E-39C16DF995FF}.Release|Any CPU.Build.0 = Release|Any CPU
		{09A545F5-90E0-4E01-B90E-39C16DF995FF}.Release|arm64.ActiveCfg = Release|Any CPU
		{09A545F5-90E0-4E01-B90E-39C16DF995FF}.Release|arm64.Build.0 = Release|Any CPU
		{09A545F5-90E0-4E01-B90E-39C16DF995FF}.Release|x64.ActiveCfg = Release|Any CPU
		{09A545F5-90E0-4E01-B90E-39C16DF995FF}.Release|x64.Build.0 = Release|Any CPU
		{09A545F5-90E0-4E01-B90E-39C16DF995FF}.Release|x86.ActiveCfg = Release|Any CPU
		{09A545F5-90E0-4E01-B90E-39C16DF995FF}.Release|x86.Build.0 = Release|Any CPU
		{77B9BDC6-BF96-46BD-9A85-DA0DEF07F032}.Debug|Any CPU.ActiveCfg = Debug|Any CPU
		{77B9BDC6-BF96-46BD-9A85-DA0DEF07F032}.Debug|Any CPU.Build.0 = Debug|Any CPU
		{77B9BDC6-BF96-46BD-9A85-DA0DEF07F032}.Debug|arm64.ActiveCfg = Debug|Any CPU
		{77B9BDC6-BF96-46BD-9A85-DA0DEF07F032}.Debug|arm64.Build.0 = Debug|Any CPU
		{77B9BDC6-BF96-46BD-9A85-DA0DEF07F032}.Debug|x64.ActiveCfg = Debug|Any CPU
		{77B9BDC6-BF96-46BD-9A85-DA0DEF07F032}.Debug|x64.Build.0 = Debug|Any CPU
		{77B9BDC6-BF96-46BD-9A85-DA0DEF07F032}.Debug|x86.ActiveCfg = Debug|Any CPU
		{77B9BDC6-BF96-46BD-9A85-DA0DEF07F032}.Debug|x86.Build.0 = Debug|Any CPU
		{77B9BDC6-BF96-46BD-9A85-DA0DEF07F032}.Release|Any CPU.ActiveCfg = Release|Any CPU
		{77B9BDC6-BF96-46BD-9A85-DA0DEF07F032}.Release|Any CPU.Build.0 = Release|Any CPU
		{77B9BDC6-BF96-46BD-9A85-DA0DEF07F032}.Release|arm64.ActiveCfg = Release|Any CPU
		{77B9BDC6-BF96-46BD-9A85-DA0DEF07F032}.Release|arm64.Build.0 = Release|Any CPU
		{77B9BDC6-BF96-46BD-9A85-DA0DEF07F032}.Release|x64.ActiveCfg = Release|Any CPU
		{77B9BDC6-BF96-46BD-9A85-DA0DEF07F032}.Release|x64.Build.0 = Release|Any CPU
		{77B9BDC6-BF96-46BD-9A85-DA0DEF07F032}.Release|x86.ActiveCfg = Release|Any CPU
		{77B9BDC6-BF96-46BD-9A85-DA0DEF07F032}.Release|x86.Build.0 = Release|Any CPU
		{F5D7112A-ECE7-4D77-A1A4-5FF938A931C2}.Debug|Any CPU.ActiveCfg = Debug|Any CPU
		{F5D7112A-ECE7-4D77-A1A4-5FF938A931C2}.Debug|Any CPU.Build.0 = Debug|Any CPU
		{F5D7112A-ECE7-4D77-A1A4-5FF938A931C2}.Debug|arm64.ActiveCfg = Debug|Any CPU
		{F5D7112A-ECE7-4D77-A1A4-5FF938A931C2}.Debug|arm64.Build.0 = Debug|Any CPU
		{F5D7112A-ECE7-4D77-A1A4-5FF938A931C2}.Debug|x64.ActiveCfg = Debug|Any CPU
		{F5D7112A-ECE7-4D77-A1A4-5FF938A931C2}.Debug|x64.Build.0 = Debug|Any CPU
		{F5D7112A-ECE7-4D77-A1A4-5FF938A931C2}.Debug|x86.ActiveCfg = Debug|Any CPU
		{F5D7112A-ECE7-4D77-A1A4-5FF938A931C2}.Debug|x86.Build.0 = Debug|Any CPU
		{F5D7112A-ECE7-4D77-A1A4-5FF938A931C2}.Release|Any CPU.ActiveCfg = Release|Any CPU
		{F5D7112A-ECE7-4D77-A1A4-5FF938A931C2}.Release|Any CPU.Build.0 = Release|Any CPU
		{F5D7112A-ECE7-4D77-A1A4-5FF938A931C2}.Release|arm64.ActiveCfg = Release|Any CPU
		{F5D7112A-ECE7-4D77-A1A4-5FF938A931C2}.Release|arm64.Build.0 = Release|Any CPU
		{F5D7112A-ECE7-4D77-A1A4-5FF938A931C2}.Release|x64.ActiveCfg = Release|Any CPU
		{F5D7112A-ECE7-4D77-A1A4-5FF938A931C2}.Release|x64.Build.0 = Release|Any CPU
		{F5D7112A-ECE7-4D77-A1A4-5FF938A931C2}.Release|x86.ActiveCfg = Release|Any CPU
		{F5D7112A-ECE7-4D77-A1A4-5FF938A931C2}.Release|x86.Build.0 = Release|Any CPU
		{BA47DAEE-4610-48EF-9231-D66630618E84}.Debug|Any CPU.ActiveCfg = Debug|Any CPU
		{BA47DAEE-4610-48EF-9231-D66630618E84}.Debug|Any CPU.Build.0 = Debug|Any CPU
		{BA47DAEE-4610-48EF-9231-D66630618E84}.Debug|arm64.ActiveCfg = Debug|Any CPU
		{BA47DAEE-4610-48EF-9231-D66630618E84}.Debug|arm64.Build.0 = Debug|Any CPU
		{BA47DAEE-4610-48EF-9231-D66630618E84}.Debug|x64.ActiveCfg = Debug|Any CPU
		{BA47DAEE-4610-48EF-9231-D66630618E84}.Debug|x64.Build.0 = Debug|Any CPU
		{BA47DAEE-4610-48EF-9231-D66630618E84}.Debug|x86.ActiveCfg = Debug|Any CPU
		{BA47DAEE-4610-48EF-9231-D66630618E84}.Debug|x86.Build.0 = Debug|Any CPU
		{BA47DAEE-4610-48EF-9231-D66630618E84}.Release|Any CPU.ActiveCfg = Release|Any CPU
		{BA47DAEE-4610-48EF-9231-D66630618E84}.Release|Any CPU.Build.0 = Release|Any CPU
		{BA47DAEE-4610-48EF-9231-D66630618E84}.Release|arm64.ActiveCfg = Release|Any CPU
		{BA47DAEE-4610-48EF-9231-D66630618E84}.Release|arm64.Build.0 = Release|Any CPU
		{BA47DAEE-4610-48EF-9231-D66630618E84}.Release|x64.ActiveCfg = Release|Any CPU
		{BA47DAEE-4610-48EF-9231-D66630618E84}.Release|x64.Build.0 = Release|Any CPU
		{BA47DAEE-4610-48EF-9231-D66630618E84}.Release|x86.ActiveCfg = Release|Any CPU
		{BA47DAEE-4610-48EF-9231-D66630618E84}.Release|x86.Build.0 = Release|Any CPU
		{F1AF2E87-25F1-4511-B3BE-0329ADC4B068}.Debug|Any CPU.ActiveCfg = Debug|Any CPU
		{F1AF2E87-25F1-4511-B3BE-0329ADC4B068}.Debug|Any CPU.Build.0 = Debug|Any CPU
		{F1AF2E87-25F1-4511-B3BE-0329ADC4B068}.Debug|arm64.ActiveCfg = Debug|Any CPU
		{F1AF2E87-25F1-4511-B3BE-0329ADC4B068}.Debug|arm64.Build.0 = Debug|Any CPU
		{F1AF2E87-25F1-4511-B3BE-0329ADC4B068}.Debug|x64.ActiveCfg = Debug|Any CPU
		{F1AF2E87-25F1-4511-B3BE-0329ADC4B068}.Debug|x64.Build.0 = Debug|Any CPU
		{F1AF2E87-25F1-4511-B3BE-0329ADC4B068}.Debug|x86.ActiveCfg = Debug|Any CPU
		{F1AF2E87-25F1-4511-B3BE-0329ADC4B068}.Debug|x86.Build.0 = Debug|Any CPU
		{F1AF2E87-25F1-4511-B3BE-0329ADC4B068}.Release|Any CPU.ActiveCfg = Release|Any CPU
		{F1AF2E87-25F1-4511-B3BE-0329ADC4B068}.Release|Any CPU.Build.0 = Release|Any CPU
		{F1AF2E87-25F1-4511-B3BE-0329ADC4B068}.Release|arm64.ActiveCfg = Release|Any CPU
		{F1AF2E87-25F1-4511-B3BE-0329ADC4B068}.Release|arm64.Build.0 = Release|Any CPU
		{F1AF2E87-25F1-4511-B3BE-0329ADC4B068}.Release|x64.ActiveCfg = Release|Any CPU
		{F1AF2E87-25F1-4511-B3BE-0329ADC4B068}.Release|x64.Build.0 = Release|Any CPU
		{F1AF2E87-25F1-4511-B3BE-0329ADC4B068}.Release|x86.ActiveCfg = Release|Any CPU
		{F1AF2E87-25F1-4511-B3BE-0329ADC4B068}.Release|x86.Build.0 = Release|Any CPU
		{E12EC934-DD3E-4935-8EE9-14325E3456ED}.Debug|Any CPU.ActiveCfg = Debug|Any CPU
		{E12EC934-DD3E-4935-8EE9-14325E3456ED}.Debug|Any CPU.Build.0 = Debug|Any CPU
		{E12EC934-DD3E-4935-8EE9-14325E3456ED}.Debug|arm64.ActiveCfg = Debug|Any CPU
		{E12EC934-DD3E-4935-8EE9-14325E3456ED}.Debug|arm64.Build.0 = Debug|Any CPU
		{E12EC934-DD3E-4935-8EE9-14325E3456ED}.Debug|x64.ActiveCfg = Debug|Any CPU
		{E12EC934-DD3E-4935-8EE9-14325E3456ED}.Debug|x64.Build.0 = Debug|Any CPU
		{E12EC934-DD3E-4935-8EE9-14325E3456ED}.Debug|x86.ActiveCfg = Debug|Any CPU
		{E12EC934-DD3E-4935-8EE9-14325E3456ED}.Debug|x86.Build.0 = Debug|Any CPU
		{E12EC934-DD3E-4935-8EE9-14325E3456ED}.Release|Any CPU.ActiveCfg = Release|Any CPU
		{E12EC934-DD3E-4935-8EE9-14325E3456ED}.Release|Any CPU.Build.0 = Release|Any CPU
		{E12EC934-DD3E-4935-8EE9-14325E3456ED}.Release|arm64.ActiveCfg = Release|Any CPU
		{E12EC934-DD3E-4935-8EE9-14325E3456ED}.Release|arm64.Build.0 = Release|Any CPU
		{E12EC934-DD3E-4935-8EE9-14325E3456ED}.Release|x64.ActiveCfg = Release|Any CPU
		{E12EC934-DD3E-4935-8EE9-14325E3456ED}.Release|x64.Build.0 = Release|Any CPU
		{E12EC934-DD3E-4935-8EE9-14325E3456ED}.Release|x86.ActiveCfg = Release|Any CPU
		{E12EC934-DD3E-4935-8EE9-14325E3456ED}.Release|x86.Build.0 = Release|Any CPU
		{84CECB4B-80C9-42D8-9ED5-1E119CDE2D69}.Debug|Any CPU.ActiveCfg = Debug|Any CPU
		{84CECB4B-80C9-42D8-9ED5-1E119CDE2D69}.Debug|Any CPU.Build.0 = Debug|Any CPU
		{84CECB4B-80C9-42D8-9ED5-1E119CDE2D69}.Debug|arm64.ActiveCfg = Debug|Any CPU
		{84CECB4B-80C9-42D8-9ED5-1E119CDE2D69}.Debug|arm64.Build.0 = Debug|Any CPU
		{84CECB4B-80C9-42D8-9ED5-1E119CDE2D69}.Debug|x64.ActiveCfg = Debug|Any CPU
		{84CECB4B-80C9-42D8-9ED5-1E119CDE2D69}.Debug|x64.Build.0 = Debug|Any CPU
		{84CECB4B-80C9-42D8-9ED5-1E119CDE2D69}.Debug|x86.ActiveCfg = Debug|Any CPU
		{84CECB4B-80C9-42D8-9ED5-1E119CDE2D69}.Debug|x86.Build.0 = Debug|Any CPU
		{84CECB4B-80C9-42D8-9ED5-1E119CDE2D69}.Release|Any CPU.ActiveCfg = Release|Any CPU
		{84CECB4B-80C9-42D8-9ED5-1E119CDE2D69}.Release|Any CPU.Build.0 = Release|Any CPU
		{84CECB4B-80C9-42D8-9ED5-1E119CDE2D69}.Release|arm64.ActiveCfg = Release|Any CPU
		{84CECB4B-80C9-42D8-9ED5-1E119CDE2D69}.Release|arm64.Build.0 = Release|Any CPU
		{84CECB4B-80C9-42D8-9ED5-1E119CDE2D69}.Release|x64.ActiveCfg = Release|Any CPU
		{84CECB4B-80C9-42D8-9ED5-1E119CDE2D69}.Release|x64.Build.0 = Release|Any CPU
		{84CECB4B-80C9-42D8-9ED5-1E119CDE2D69}.Release|x86.ActiveCfg = Release|Any CPU
		{84CECB4B-80C9-42D8-9ED5-1E119CDE2D69}.Release|x86.Build.0 = Release|Any CPU
		{C253041A-97CB-4DDE-984B-9C76249717C4}.Debug|Any CPU.ActiveCfg = Debug|Any CPU
		{C253041A-97CB-4DDE-984B-9C76249717C4}.Debug|Any CPU.Build.0 = Debug|Any CPU
		{C253041A-97CB-4DDE-984B-9C76249717C4}.Debug|arm64.ActiveCfg = Debug|Any CPU
		{C253041A-97CB-4DDE-984B-9C76249717C4}.Debug|arm64.Build.0 = Debug|Any CPU
		{C253041A-97CB-4DDE-984B-9C76249717C4}.Debug|x64.ActiveCfg = Debug|Any CPU
		{C253041A-97CB-4DDE-984B-9C76249717C4}.Debug|x64.Build.0 = Debug|Any CPU
		{C253041A-97CB-4DDE-984B-9C76249717C4}.Debug|x86.ActiveCfg = Debug|Any CPU
		{C253041A-97CB-4DDE-984B-9C76249717C4}.Debug|x86.Build.0 = Debug|Any CPU
		{C253041A-97CB-4DDE-984B-9C76249717C4}.Release|Any CPU.ActiveCfg = Release|Any CPU
		{C253041A-97CB-4DDE-984B-9C76249717C4}.Release|Any CPU.Build.0 = Release|Any CPU
		{C253041A-97CB-4DDE-984B-9C76249717C4}.Release|arm64.ActiveCfg = Release|Any CPU
		{C253041A-97CB-4DDE-984B-9C76249717C4}.Release|arm64.Build.0 = Release|Any CPU
		{C253041A-97CB-4DDE-984B-9C76249717C4}.Release|x64.ActiveCfg = Release|Any CPU
		{C253041A-97CB-4DDE-984B-9C76249717C4}.Release|x64.Build.0 = Release|Any CPU
		{C253041A-97CB-4DDE-984B-9C76249717C4}.Release|x86.ActiveCfg = Release|Any CPU
		{C253041A-97CB-4DDE-984B-9C76249717C4}.Release|x86.Build.0 = Release|Any CPU
		{0671523D-51F4-4391-90CB-A7CA0D7CA1E6}.Debug|Any CPU.ActiveCfg = Debug|Any CPU
		{0671523D-51F4-4391-90CB-A7CA0D7CA1E6}.Debug|Any CPU.Build.0 = Debug|Any CPU
		{0671523D-51F4-4391-90CB-A7CA0D7CA1E6}.Debug|arm64.ActiveCfg = Debug|Any CPU
		{0671523D-51F4-4391-90CB-A7CA0D7CA1E6}.Debug|arm64.Build.0 = Debug|Any CPU
		{0671523D-51F4-4391-90CB-A7CA0D7CA1E6}.Debug|x64.ActiveCfg = Debug|Any CPU
		{0671523D-51F4-4391-90CB-A7CA0D7CA1E6}.Debug|x64.Build.0 = Debug|Any CPU
		{0671523D-51F4-4391-90CB-A7CA0D7CA1E6}.Debug|x86.ActiveCfg = Debug|Any CPU
		{0671523D-51F4-4391-90CB-A7CA0D7CA1E6}.Debug|x86.Build.0 = Debug|Any CPU
		{0671523D-51F4-4391-90CB-A7CA0D7CA1E6}.Release|Any CPU.ActiveCfg = Release|Any CPU
		{0671523D-51F4-4391-90CB-A7CA0D7CA1E6}.Release|Any CPU.Build.0 = Release|Any CPU
		{0671523D-51F4-4391-90CB-A7CA0D7CA1E6}.Release|arm64.ActiveCfg = Release|Any CPU
		{0671523D-51F4-4391-90CB-A7CA0D7CA1E6}.Release|arm64.Build.0 = Release|Any CPU
		{0671523D-51F4-4391-90CB-A7CA0D7CA1E6}.Release|x64.ActiveCfg = Release|Any CPU
		{0671523D-51F4-4391-90CB-A7CA0D7CA1E6}.Release|x64.Build.0 = Release|Any CPU
		{0671523D-51F4-4391-90CB-A7CA0D7CA1E6}.Release|x86.ActiveCfg = Release|Any CPU
		{0671523D-51F4-4391-90CB-A7CA0D7CA1E6}.Release|x86.Build.0 = Release|Any CPU
		{D100AB8F-A74D-419C-8346-D1ED39752A32}.Debug|Any CPU.ActiveCfg = Debug|Any CPU
		{D100AB8F-A74D-419C-8346-D1ED39752A32}.Debug|Any CPU.Build.0 = Debug|Any CPU
		{D100AB8F-A74D-419C-8346-D1ED39752A32}.Debug|arm64.ActiveCfg = Debug|Any CPU
		{D100AB8F-A74D-419C-8346-D1ED39752A32}.Debug|arm64.Build.0 = Debug|Any CPU
		{D100AB8F-A74D-419C-8346-D1ED39752A32}.Debug|x64.ActiveCfg = Debug|Any CPU
		{D100AB8F-A74D-419C-8346-D1ED39752A32}.Debug|x64.Build.0 = Debug|Any CPU
		{D100AB8F-A74D-419C-8346-D1ED39752A32}.Debug|x86.ActiveCfg = Debug|Any CPU
		{D100AB8F-A74D-419C-8346-D1ED39752A32}.Debug|x86.Build.0 = Debug|Any CPU
		{D100AB8F-A74D-419C-8346-D1ED39752A32}.Release|Any CPU.ActiveCfg = Release|Any CPU
		{D100AB8F-A74D-419C-8346-D1ED39752A32}.Release|Any CPU.Build.0 = Release|Any CPU
		{D100AB8F-A74D-419C-8346-D1ED39752A32}.Release|arm64.ActiveCfg = Release|Any CPU
		{D100AB8F-A74D-419C-8346-D1ED39752A32}.Release|arm64.Build.0 = Release|Any CPU
		{D100AB8F-A74D-419C-8346-D1ED39752A32}.Release|x64.ActiveCfg = Release|Any CPU
		{D100AB8F-A74D-419C-8346-D1ED39752A32}.Release|x64.Build.0 = Release|Any CPU
		{D100AB8F-A74D-419C-8346-D1ED39752A32}.Release|x86.ActiveCfg = Release|Any CPU
		{D100AB8F-A74D-419C-8346-D1ED39752A32}.Release|x86.Build.0 = Release|Any CPU
		{E9068C9A-0997-4B3D-AC50-94D1889A49FC}.Debug|Any CPU.ActiveCfg = Debug|Any CPU
		{E9068C9A-0997-4B3D-AC50-94D1889A49FC}.Debug|Any CPU.Build.0 = Debug|Any CPU
		{E9068C9A-0997-4B3D-AC50-94D1889A49FC}.Debug|arm64.ActiveCfg = Debug|Any CPU
		{E9068C9A-0997-4B3D-AC50-94D1889A49FC}.Debug|arm64.Build.0 = Debug|Any CPU
		{E9068C9A-0997-4B3D-AC50-94D1889A49FC}.Debug|x64.ActiveCfg = Debug|Any CPU
		{E9068C9A-0997-4B3D-AC50-94D1889A49FC}.Debug|x64.Build.0 = Debug|Any CPU
		{E9068C9A-0997-4B3D-AC50-94D1889A49FC}.Debug|x86.ActiveCfg = Debug|Any CPU
		{E9068C9A-0997-4B3D-AC50-94D1889A49FC}.Debug|x86.Build.0 = Debug|Any CPU
		{E9068C9A-0997-4B3D-AC50-94D1889A49FC}.Release|Any CPU.ActiveCfg = Release|Any CPU
		{E9068C9A-0997-4B3D-AC50-94D1889A49FC}.Release|Any CPU.Build.0 = Release|Any CPU
		{E9068C9A-0997-4B3D-AC50-94D1889A49FC}.Release|arm64.ActiveCfg = Release|Any CPU
		{E9068C9A-0997-4B3D-AC50-94D1889A49FC}.Release|arm64.Build.0 = Release|Any CPU
		{E9068C9A-0997-4B3D-AC50-94D1889A49FC}.Release|x64.ActiveCfg = Release|Any CPU
		{E9068C9A-0997-4B3D-AC50-94D1889A49FC}.Release|x64.Build.0 = Release|Any CPU
		{E9068C9A-0997-4B3D-AC50-94D1889A49FC}.Release|x86.ActiveCfg = Release|Any CPU
		{E9068C9A-0997-4B3D-AC50-94D1889A49FC}.Release|x86.Build.0 = Release|Any CPU
		{DE735C1E-39EF-4BB0-B849-67ADBB44A262}.Debug|Any CPU.ActiveCfg = Debug|Any CPU
		{DE735C1E-39EF-4BB0-B849-67ADBB44A262}.Debug|Any CPU.Build.0 = Debug|Any CPU
		{DE735C1E-39EF-4BB0-B849-67ADBB44A262}.Debug|arm64.ActiveCfg = Debug|Any CPU
		{DE735C1E-39EF-4BB0-B849-67ADBB44A262}.Debug|arm64.Build.0 = Debug|Any CPU
		{DE735C1E-39EF-4BB0-B849-67ADBB44A262}.Debug|x64.ActiveCfg = Debug|Any CPU
		{DE735C1E-39EF-4BB0-B849-67ADBB44A262}.Debug|x64.Build.0 = Debug|Any CPU
		{DE735C1E-39EF-4BB0-B849-67ADBB44A262}.Debug|x86.ActiveCfg = Debug|Any CPU
		{DE735C1E-39EF-4BB0-B849-67ADBB44A262}.Debug|x86.Build.0 = Debug|Any CPU
		{DE735C1E-39EF-4BB0-B849-67ADBB44A262}.Release|Any CPU.ActiveCfg = Release|Any CPU
		{DE735C1E-39EF-4BB0-B849-67ADBB44A262}.Release|Any CPU.Build.0 = Release|Any CPU
		{DE735C1E-39EF-4BB0-B849-67ADBB44A262}.Release|arm64.ActiveCfg = Release|Any CPU
		{DE735C1E-39EF-4BB0-B849-67ADBB44A262}.Release|arm64.Build.0 = Release|Any CPU
		{DE735C1E-39EF-4BB0-B849-67ADBB44A262}.Release|x64.ActiveCfg = Release|Any CPU
		{DE735C1E-39EF-4BB0-B849-67ADBB44A262}.Release|x64.Build.0 = Release|Any CPU
		{DE735C1E-39EF-4BB0-B849-67ADBB44A262}.Release|x86.ActiveCfg = Release|Any CPU
		{DE735C1E-39EF-4BB0-B849-67ADBB44A262}.Release|x86.Build.0 = Release|Any CPU
		{CD22F57E-E19B-4F81-93CA-E4223A2E5DE0}.Debug|Any CPU.ActiveCfg = Debug|Any CPU
		{CD22F57E-E19B-4F81-93CA-E4223A2E5DE0}.Debug|Any CPU.Build.0 = Debug|Any CPU
		{CD22F57E-E19B-4F81-93CA-E4223A2E5DE0}.Debug|arm64.ActiveCfg = Debug|Any CPU
		{CD22F57E-E19B-4F81-93CA-E4223A2E5DE0}.Debug|arm64.Build.0 = Debug|Any CPU
		{CD22F57E-E19B-4F81-93CA-E4223A2E5DE0}.Debug|x64.ActiveCfg = Debug|Any CPU
		{CD22F57E-E19B-4F81-93CA-E4223A2E5DE0}.Debug|x64.Build.0 = Debug|Any CPU
		{CD22F57E-E19B-4F81-93CA-E4223A2E5DE0}.Debug|x86.ActiveCfg = Debug|Any CPU
		{CD22F57E-E19B-4F81-93CA-E4223A2E5DE0}.Debug|x86.Build.0 = Debug|Any CPU
		{CD22F57E-E19B-4F81-93CA-E4223A2E5DE0}.Release|Any CPU.ActiveCfg = Release|Any CPU
		{CD22F57E-E19B-4F81-93CA-E4223A2E5DE0}.Release|Any CPU.Build.0 = Release|Any CPU
		{CD22F57E-E19B-4F81-93CA-E4223A2E5DE0}.Release|arm64.ActiveCfg = Release|Any CPU
		{CD22F57E-E19B-4F81-93CA-E4223A2E5DE0}.Release|arm64.Build.0 = Release|Any CPU
		{CD22F57E-E19B-4F81-93CA-E4223A2E5DE0}.Release|x64.ActiveCfg = Release|Any CPU
		{CD22F57E-E19B-4F81-93CA-E4223A2E5DE0}.Release|x64.Build.0 = Release|Any CPU
		{CD22F57E-E19B-4F81-93CA-E4223A2E5DE0}.Release|x86.ActiveCfg = Release|Any CPU
		{CD22F57E-E19B-4F81-93CA-E4223A2E5DE0}.Release|x86.Build.0 = Release|Any CPU
		{A64A4E63-9B5D-4591-9164-95817CFF42CA}.Debug|Any CPU.ActiveCfg = Debug|Any CPU
		{A64A4E63-9B5D-4591-9164-95817CFF42CA}.Debug|Any CPU.Build.0 = Debug|Any CPU
		{A64A4E63-9B5D-4591-9164-95817CFF42CA}.Debug|arm64.ActiveCfg = Debug|Any CPU
		{A64A4E63-9B5D-4591-9164-95817CFF42CA}.Debug|arm64.Build.0 = Debug|Any CPU
		{A64A4E63-9B5D-4591-9164-95817CFF42CA}.Debug|x64.ActiveCfg = Debug|Any CPU
		{A64A4E63-9B5D-4591-9164-95817CFF42CA}.Debug|x64.Build.0 = Debug|Any CPU
		{A64A4E63-9B5D-4591-9164-95817CFF42CA}.Debug|x86.ActiveCfg = Debug|Any CPU
		{A64A4E63-9B5D-4591-9164-95817CFF42CA}.Debug|x86.Build.0 = Debug|Any CPU
		{A64A4E63-9B5D-4591-9164-95817CFF42CA}.Release|Any CPU.ActiveCfg = Release|Any CPU
		{A64A4E63-9B5D-4591-9164-95817CFF42CA}.Release|Any CPU.Build.0 = Release|Any CPU
		{A64A4E63-9B5D-4591-9164-95817CFF42CA}.Release|arm64.ActiveCfg = Release|Any CPU
		{A64A4E63-9B5D-4591-9164-95817CFF42CA}.Release|arm64.Build.0 = Release|Any CPU
		{A64A4E63-9B5D-4591-9164-95817CFF42CA}.Release|x64.ActiveCfg = Release|Any CPU
		{A64A4E63-9B5D-4591-9164-95817CFF42CA}.Release|x64.Build.0 = Release|Any CPU
		{A64A4E63-9B5D-4591-9164-95817CFF42CA}.Release|x86.ActiveCfg = Release|Any CPU
		{A64A4E63-9B5D-4591-9164-95817CFF42CA}.Release|x86.Build.0 = Release|Any CPU
		{37BC6BAB-0FC6-49B6-8C52-1E594C69D57D}.Debug|Any CPU.ActiveCfg = Debug|Any CPU
		{37BC6BAB-0FC6-49B6-8C52-1E594C69D57D}.Debug|Any CPU.Build.0 = Debug|Any CPU
		{37BC6BAB-0FC6-49B6-8C52-1E594C69D57D}.Debug|arm64.ActiveCfg = Debug|Any CPU
		{37BC6BAB-0FC6-49B6-8C52-1E594C69D57D}.Debug|arm64.Build.0 = Debug|Any CPU
		{37BC6BAB-0FC6-49B6-8C52-1E594C69D57D}.Debug|x64.ActiveCfg = Debug|Any CPU
		{37BC6BAB-0FC6-49B6-8C52-1E594C69D57D}.Debug|x64.Build.0 = Debug|Any CPU
		{37BC6BAB-0FC6-49B6-8C52-1E594C69D57D}.Debug|x86.ActiveCfg = Debug|Any CPU
		{37BC6BAB-0FC6-49B6-8C52-1E594C69D57D}.Debug|x86.Build.0 = Debug|Any CPU
		{37BC6BAB-0FC6-49B6-8C52-1E594C69D57D}.Release|Any CPU.ActiveCfg = Release|Any CPU
		{37BC6BAB-0FC6-49B6-8C52-1E594C69D57D}.Release|Any CPU.Build.0 = Release|Any CPU
		{37BC6BAB-0FC6-49B6-8C52-1E594C69D57D}.Release|arm64.ActiveCfg = Release|Any CPU
		{37BC6BAB-0FC6-49B6-8C52-1E594C69D57D}.Release|arm64.Build.0 = Release|Any CPU
		{37BC6BAB-0FC6-49B6-8C52-1E594C69D57D}.Release|x64.ActiveCfg = Release|Any CPU
		{37BC6BAB-0FC6-49B6-8C52-1E594C69D57D}.Release|x64.Build.0 = Release|Any CPU
		{37BC6BAB-0FC6-49B6-8C52-1E594C69D57D}.Release|x86.ActiveCfg = Release|Any CPU
		{37BC6BAB-0FC6-49B6-8C52-1E594C69D57D}.Release|x86.Build.0 = Release|Any CPU
		{FE0C79D9-A53B-4C08-974A-CA200C910797}.Debug|Any CPU.ActiveCfg = Debug|Any CPU
		{FE0C79D9-A53B-4C08-974A-CA200C910797}.Debug|Any CPU.Build.0 = Debug|Any CPU
		{FE0C79D9-A53B-4C08-974A-CA200C910797}.Debug|arm64.ActiveCfg = Debug|Any CPU
		{FE0C79D9-A53B-4C08-974A-CA200C910797}.Debug|arm64.Build.0 = Debug|Any CPU
		{FE0C79D9-A53B-4C08-974A-CA200C910797}.Debug|x64.ActiveCfg = Debug|Any CPU
		{FE0C79D9-A53B-4C08-974A-CA200C910797}.Debug|x64.Build.0 = Debug|Any CPU
		{FE0C79D9-A53B-4C08-974A-CA200C910797}.Debug|x86.ActiveCfg = Debug|Any CPU
		{FE0C79D9-A53B-4C08-974A-CA200C910797}.Debug|x86.Build.0 = Debug|Any CPU
		{FE0C79D9-A53B-4C08-974A-CA200C910797}.Release|Any CPU.ActiveCfg = Release|Any CPU
		{FE0C79D9-A53B-4C08-974A-CA200C910797}.Release|Any CPU.Build.0 = Release|Any CPU
		{FE0C79D9-A53B-4C08-974A-CA200C910797}.Release|arm64.ActiveCfg = Release|Any CPU
		{FE0C79D9-A53B-4C08-974A-CA200C910797}.Release|arm64.Build.0 = Release|Any CPU
		{FE0C79D9-A53B-4C08-974A-CA200C910797}.Release|x64.ActiveCfg = Release|Any CPU
		{FE0C79D9-A53B-4C08-974A-CA200C910797}.Release|x64.Build.0 = Release|Any CPU
		{FE0C79D9-A53B-4C08-974A-CA200C910797}.Release|x86.ActiveCfg = Release|Any CPU
		{FE0C79D9-A53B-4C08-974A-CA200C910797}.Release|x86.Build.0 = Release|Any CPU
		{AFA4DBEB-0DFE-424F-A3F4-C9E87D0A0528}.Debug|Any CPU.ActiveCfg = Debug|Any CPU
		{AFA4DBEB-0DFE-424F-A3F4-C9E87D0A0528}.Debug|Any CPU.Build.0 = Debug|Any CPU
		{AFA4DBEB-0DFE-424F-A3F4-C9E87D0A0528}.Debug|arm64.ActiveCfg = Debug|Any CPU
		{AFA4DBEB-0DFE-424F-A3F4-C9E87D0A0528}.Debug|arm64.Build.0 = Debug|Any CPU
		{AFA4DBEB-0DFE-424F-A3F4-C9E87D0A0528}.Debug|x64.ActiveCfg = Debug|Any CPU
		{AFA4DBEB-0DFE-424F-A3F4-C9E87D0A0528}.Debug|x64.Build.0 = Debug|Any CPU
		{AFA4DBEB-0DFE-424F-A3F4-C9E87D0A0528}.Debug|x86.ActiveCfg = Debug|Any CPU
		{AFA4DBEB-0DFE-424F-A3F4-C9E87D0A0528}.Debug|x86.Build.0 = Debug|Any CPU
		{AFA4DBEB-0DFE-424F-A3F4-C9E87D0A0528}.Release|Any CPU.ActiveCfg = Release|Any CPU
		{AFA4DBEB-0DFE-424F-A3F4-C9E87D0A0528}.Release|Any CPU.Build.0 = Release|Any CPU
		{AFA4DBEB-0DFE-424F-A3F4-C9E87D0A0528}.Release|arm64.ActiveCfg = Release|Any CPU
		{AFA4DBEB-0DFE-424F-A3F4-C9E87D0A0528}.Release|arm64.Build.0 = Release|Any CPU
		{AFA4DBEB-0DFE-424F-A3F4-C9E87D0A0528}.Release|x64.ActiveCfg = Release|Any CPU
		{AFA4DBEB-0DFE-424F-A3F4-C9E87D0A0528}.Release|x64.Build.0 = Release|Any CPU
		{AFA4DBEB-0DFE-424F-A3F4-C9E87D0A0528}.Release|x86.ActiveCfg = Release|Any CPU
		{AFA4DBEB-0DFE-424F-A3F4-C9E87D0A0528}.Release|x86.Build.0 = Release|Any CPU
		{D4F2CEF8-BC07-422A-8DBD-D38720470F8B}.Debug|Any CPU.ActiveCfg = Debug|Any CPU
		{D4F2CEF8-BC07-422A-8DBD-D38720470F8B}.Debug|Any CPU.Build.0 = Debug|Any CPU
		{D4F2CEF8-BC07-422A-8DBD-D38720470F8B}.Debug|arm64.ActiveCfg = Debug|Any CPU
		{D4F2CEF8-BC07-422A-8DBD-D38720470F8B}.Debug|arm64.Build.0 = Debug|Any CPU
		{D4F2CEF8-BC07-422A-8DBD-D38720470F8B}.Debug|x64.ActiveCfg = Debug|Any CPU
		{D4F2CEF8-BC07-422A-8DBD-D38720470F8B}.Debug|x64.Build.0 = Debug|Any CPU
		{D4F2CEF8-BC07-422A-8DBD-D38720470F8B}.Debug|x86.ActiveCfg = Debug|Any CPU
		{D4F2CEF8-BC07-422A-8DBD-D38720470F8B}.Debug|x86.Build.0 = Debug|Any CPU
		{D4F2CEF8-BC07-422A-8DBD-D38720470F8B}.Release|Any CPU.ActiveCfg = Release|Any CPU
		{D4F2CEF8-BC07-422A-8DBD-D38720470F8B}.Release|Any CPU.Build.0 = Release|Any CPU
		{D4F2CEF8-BC07-422A-8DBD-D38720470F8B}.Release|arm64.ActiveCfg = Release|Any CPU
		{D4F2CEF8-BC07-422A-8DBD-D38720470F8B}.Release|arm64.Build.0 = Release|Any CPU
		{D4F2CEF8-BC07-422A-8DBD-D38720470F8B}.Release|x64.ActiveCfg = Release|Any CPU
		{D4F2CEF8-BC07-422A-8DBD-D38720470F8B}.Release|x64.Build.0 = Release|Any CPU
		{D4F2CEF8-BC07-422A-8DBD-D38720470F8B}.Release|x86.ActiveCfg = Release|Any CPU
		{D4F2CEF8-BC07-422A-8DBD-D38720470F8B}.Release|x86.Build.0 = Release|Any CPU
		{1CA867B7-4036-4818-8A69-C84F9B943F4D}.Debug|Any CPU.ActiveCfg = Debug|Any CPU
		{1CA867B7-4036-4818-8A69-C84F9B943F4D}.Debug|Any CPU.Build.0 = Debug|Any CPU
		{1CA867B7-4036-4818-8A69-C84F9B943F4D}.Debug|arm64.ActiveCfg = Debug|Any CPU
		{1CA867B7-4036-4818-8A69-C84F9B943F4D}.Debug|arm64.Build.0 = Debug|Any CPU
		{1CA867B7-4036-4818-8A69-C84F9B943F4D}.Debug|x64.ActiveCfg = Debug|Any CPU
		{1CA867B7-4036-4818-8A69-C84F9B943F4D}.Debug|x64.Build.0 = Debug|Any CPU
		{1CA867B7-4036-4818-8A69-C84F9B943F4D}.Debug|x86.ActiveCfg = Debug|Any CPU
		{1CA867B7-4036-4818-8A69-C84F9B943F4D}.Debug|x86.Build.0 = Debug|Any CPU
		{1CA867B7-4036-4818-8A69-C84F9B943F4D}.Release|Any CPU.ActiveCfg = Release|Any CPU
		{1CA867B7-4036-4818-8A69-C84F9B943F4D}.Release|Any CPU.Build.0 = Release|Any CPU
		{1CA867B7-4036-4818-8A69-C84F9B943F4D}.Release|arm64.ActiveCfg = Release|Any CPU
		{1CA867B7-4036-4818-8A69-C84F9B943F4D}.Release|arm64.Build.0 = Release|Any CPU
		{1CA867B7-4036-4818-8A69-C84F9B943F4D}.Release|x64.ActiveCfg = Release|Any CPU
		{1CA867B7-4036-4818-8A69-C84F9B943F4D}.Release|x64.Build.0 = Release|Any CPU
		{1CA867B7-4036-4818-8A69-C84F9B943F4D}.Release|x86.ActiveCfg = Release|Any CPU
		{1CA867B7-4036-4818-8A69-C84F9B943F4D}.Release|x86.Build.0 = Release|Any CPU
		{FCD40345-8E5D-4A51-94F3-7AA07B810346}.Debug|Any CPU.ActiveCfg = Debug|Any CPU
		{FCD40345-8E5D-4A51-94F3-7AA07B810346}.Debug|Any CPU.Build.0 = Debug|Any CPU
		{FCD40345-8E5D-4A51-94F3-7AA07B810346}.Debug|arm64.ActiveCfg = Debug|Any CPU
		{FCD40345-8E5D-4A51-94F3-7AA07B810346}.Debug|arm64.Build.0 = Debug|Any CPU
		{FCD40345-8E5D-4A51-94F3-7AA07B810346}.Debug|x64.ActiveCfg = Debug|Any CPU
		{FCD40345-8E5D-4A51-94F3-7AA07B810346}.Debug|x64.Build.0 = Debug|Any CPU
		{FCD40345-8E5D-4A51-94F3-7AA07B810346}.Debug|x86.ActiveCfg = Debug|Any CPU
		{FCD40345-8E5D-4A51-94F3-7AA07B810346}.Debug|x86.Build.0 = Debug|Any CPU
		{FCD40345-8E5D-4A51-94F3-7AA07B810346}.Release|Any CPU.ActiveCfg = Release|Any CPU
		{FCD40345-8E5D-4A51-94F3-7AA07B810346}.Release|Any CPU.Build.0 = Release|Any CPU
		{FCD40345-8E5D-4A51-94F3-7AA07B810346}.Release|arm64.ActiveCfg = Release|Any CPU
		{FCD40345-8E5D-4A51-94F3-7AA07B810346}.Release|arm64.Build.0 = Release|Any CPU
		{FCD40345-8E5D-4A51-94F3-7AA07B810346}.Release|x64.ActiveCfg = Release|Any CPU
		{FCD40345-8E5D-4A51-94F3-7AA07B810346}.Release|x64.Build.0 = Release|Any CPU
		{FCD40345-8E5D-4A51-94F3-7AA07B810346}.Release|x86.ActiveCfg = Release|Any CPU
		{FCD40345-8E5D-4A51-94F3-7AA07B810346}.Release|x86.Build.0 = Release|Any CPU
		{4AA9A0B0-B466-4FF2-8F48-EE2F4D58D26F}.Debug|Any CPU.ActiveCfg = Debug|Any CPU
		{4AA9A0B0-B466-4FF2-8F48-EE2F4D58D26F}.Debug|Any CPU.Build.0 = Debug|Any CPU
		{4AA9A0B0-B466-4FF2-8F48-EE2F4D58D26F}.Debug|arm64.ActiveCfg = Debug|Any CPU
		{4AA9A0B0-B466-4FF2-8F48-EE2F4D58D26F}.Debug|arm64.Build.0 = Debug|Any CPU
		{4AA9A0B0-B466-4FF2-8F48-EE2F4D58D26F}.Debug|x64.ActiveCfg = Debug|Any CPU
		{4AA9A0B0-B466-4FF2-8F48-EE2F4D58D26F}.Debug|x64.Build.0 = Debug|Any CPU
		{4AA9A0B0-B466-4FF2-8F48-EE2F4D58D26F}.Debug|x86.ActiveCfg = Debug|Any CPU
		{4AA9A0B0-B466-4FF2-8F48-EE2F4D58D26F}.Debug|x86.Build.0 = Debug|Any CPU
		{4AA9A0B0-B466-4FF2-8F48-EE2F4D58D26F}.Release|Any CPU.ActiveCfg = Release|Any CPU
		{4AA9A0B0-B466-4FF2-8F48-EE2F4D58D26F}.Release|Any CPU.Build.0 = Release|Any CPU
		{4AA9A0B0-B466-4FF2-8F48-EE2F4D58D26F}.Release|arm64.ActiveCfg = Release|Any CPU
		{4AA9A0B0-B466-4FF2-8F48-EE2F4D58D26F}.Release|arm64.Build.0 = Release|Any CPU
		{4AA9A0B0-B466-4FF2-8F48-EE2F4D58D26F}.Release|x64.ActiveCfg = Release|Any CPU
		{4AA9A0B0-B466-4FF2-8F48-EE2F4D58D26F}.Release|x64.Build.0 = Release|Any CPU
		{4AA9A0B0-B466-4FF2-8F48-EE2F4D58D26F}.Release|x86.ActiveCfg = Release|Any CPU
		{4AA9A0B0-B466-4FF2-8F48-EE2F4D58D26F}.Release|x86.Build.0 = Release|Any CPU
		{AC12BC36-289D-44DC-AF04-4B849D9281F2}.Debug|Any CPU.ActiveCfg = Debug|Any CPU
		{AC12BC36-289D-44DC-AF04-4B849D9281F2}.Debug|Any CPU.Build.0 = Debug|Any CPU
		{AC12BC36-289D-44DC-AF04-4B849D9281F2}.Debug|arm64.ActiveCfg = Debug|Any CPU
		{AC12BC36-289D-44DC-AF04-4B849D9281F2}.Debug|arm64.Build.0 = Debug|Any CPU
		{AC12BC36-289D-44DC-AF04-4B849D9281F2}.Debug|x64.ActiveCfg = Debug|Any CPU
		{AC12BC36-289D-44DC-AF04-4B849D9281F2}.Debug|x64.Build.0 = Debug|Any CPU
		{AC12BC36-289D-44DC-AF04-4B849D9281F2}.Debug|x86.ActiveCfg = Debug|Any CPU
		{AC12BC36-289D-44DC-AF04-4B849D9281F2}.Debug|x86.Build.0 = Debug|Any CPU
		{AC12BC36-289D-44DC-AF04-4B849D9281F2}.Release|Any CPU.ActiveCfg = Release|Any CPU
		{AC12BC36-289D-44DC-AF04-4B849D9281F2}.Release|Any CPU.Build.0 = Release|Any CPU
		{AC12BC36-289D-44DC-AF04-4B849D9281F2}.Release|arm64.ActiveCfg = Release|Any CPU
		{AC12BC36-289D-44DC-AF04-4B849D9281F2}.Release|arm64.Build.0 = Release|Any CPU
		{AC12BC36-289D-44DC-AF04-4B849D9281F2}.Release|x64.ActiveCfg = Release|Any CPU
		{AC12BC36-289D-44DC-AF04-4B849D9281F2}.Release|x64.Build.0 = Release|Any CPU
		{AC12BC36-289D-44DC-AF04-4B849D9281F2}.Release|x86.ActiveCfg = Release|Any CPU
		{AC12BC36-289D-44DC-AF04-4B849D9281F2}.Release|x86.Build.0 = Release|Any CPU
		{A250A1B9-2C6C-4037-A2E7-AFE0D58353E8}.Debug|Any CPU.ActiveCfg = Debug|Any CPU
		{A250A1B9-2C6C-4037-A2E7-AFE0D58353E8}.Debug|Any CPU.Build.0 = Debug|Any CPU
		{A250A1B9-2C6C-4037-A2E7-AFE0D58353E8}.Debug|arm64.ActiveCfg = Debug|Any CPU
		{A250A1B9-2C6C-4037-A2E7-AFE0D58353E8}.Debug|arm64.Build.0 = Debug|Any CPU
		{A250A1B9-2C6C-4037-A2E7-AFE0D58353E8}.Debug|x64.ActiveCfg = Debug|Any CPU
		{A250A1B9-2C6C-4037-A2E7-AFE0D58353E8}.Debug|x64.Build.0 = Debug|Any CPU
		{A250A1B9-2C6C-4037-A2E7-AFE0D58353E8}.Debug|x86.ActiveCfg = Debug|Any CPU
		{A250A1B9-2C6C-4037-A2E7-AFE0D58353E8}.Debug|x86.Build.0 = Debug|Any CPU
		{A250A1B9-2C6C-4037-A2E7-AFE0D58353E8}.Release|Any CPU.ActiveCfg = Release|Any CPU
		{A250A1B9-2C6C-4037-A2E7-AFE0D58353E8}.Release|Any CPU.Build.0 = Release|Any CPU
		{A250A1B9-2C6C-4037-A2E7-AFE0D58353E8}.Release|arm64.ActiveCfg = Release|Any CPU
		{A250A1B9-2C6C-4037-A2E7-AFE0D58353E8}.Release|arm64.Build.0 = Release|Any CPU
		{A250A1B9-2C6C-4037-A2E7-AFE0D58353E8}.Release|x64.ActiveCfg = Release|Any CPU
		{A250A1B9-2C6C-4037-A2E7-AFE0D58353E8}.Release|x64.Build.0 = Release|Any CPU
		{A250A1B9-2C6C-4037-A2E7-AFE0D58353E8}.Release|x86.ActiveCfg = Release|Any CPU
		{A250A1B9-2C6C-4037-A2E7-AFE0D58353E8}.Release|x86.Build.0 = Release|Any CPU
		{B5122C9F-78D3-4E11-ACDB-B1B7B17C4F44}.Debug|Any CPU.ActiveCfg = Debug|Any CPU
		{B5122C9F-78D3-4E11-ACDB-B1B7B17C4F44}.Debug|Any CPU.Build.0 = Debug|Any CPU
		{B5122C9F-78D3-4E11-ACDB-B1B7B17C4F44}.Debug|arm64.ActiveCfg = Debug|Any CPU
		{B5122C9F-78D3-4E11-ACDB-B1B7B17C4F44}.Debug|arm64.Build.0 = Debug|Any CPU
		{B5122C9F-78D3-4E11-ACDB-B1B7B17C4F44}.Debug|x64.ActiveCfg = Debug|Any CPU
		{B5122C9F-78D3-4E11-ACDB-B1B7B17C4F44}.Debug|x64.Build.0 = Debug|Any CPU
		{B5122C9F-78D3-4E11-ACDB-B1B7B17C4F44}.Debug|x86.ActiveCfg = Debug|Any CPU
		{B5122C9F-78D3-4E11-ACDB-B1B7B17C4F44}.Debug|x86.Build.0 = Debug|Any CPU
		{B5122C9F-78D3-4E11-ACDB-B1B7B17C4F44}.Release|Any CPU.ActiveCfg = Release|Any CPU
		{B5122C9F-78D3-4E11-ACDB-B1B7B17C4F44}.Release|Any CPU.Build.0 = Release|Any CPU
		{B5122C9F-78D3-4E11-ACDB-B1B7B17C4F44}.Release|arm64.ActiveCfg = Release|Any CPU
		{B5122C9F-78D3-4E11-ACDB-B1B7B17C4F44}.Release|arm64.Build.0 = Release|Any CPU
		{B5122C9F-78D3-4E11-ACDB-B1B7B17C4F44}.Release|x64.ActiveCfg = Release|Any CPU
		{B5122C9F-78D3-4E11-ACDB-B1B7B17C4F44}.Release|x64.Build.0 = Release|Any CPU
		{B5122C9F-78D3-4E11-ACDB-B1B7B17C4F44}.Release|x86.ActiveCfg = Release|Any CPU
		{B5122C9F-78D3-4E11-ACDB-B1B7B17C4F44}.Release|x86.Build.0 = Release|Any CPU
		{DDC3B426-6FF7-4440-8B1A-872E56F06DA1}.Debug|Any CPU.ActiveCfg = Debug|Any CPU
		{DDC3B426-6FF7-4440-8B1A-872E56F06DA1}.Debug|Any CPU.Build.0 = Debug|Any CPU
		{DDC3B426-6FF7-4440-8B1A-872E56F06DA1}.Debug|arm64.ActiveCfg = Debug|Any CPU
		{DDC3B426-6FF7-4440-8B1A-872E56F06DA1}.Debug|arm64.Build.0 = Debug|Any CPU
		{DDC3B426-6FF7-4440-8B1A-872E56F06DA1}.Debug|x64.ActiveCfg = Debug|Any CPU
		{DDC3B426-6FF7-4440-8B1A-872E56F06DA1}.Debug|x64.Build.0 = Debug|Any CPU
		{DDC3B426-6FF7-4440-8B1A-872E56F06DA1}.Debug|x86.ActiveCfg = Debug|Any CPU
		{DDC3B426-6FF7-4440-8B1A-872E56F06DA1}.Debug|x86.Build.0 = Debug|Any CPU
		{DDC3B426-6FF7-4440-8B1A-872E56F06DA1}.Release|Any CPU.ActiveCfg = Release|Any CPU
		{DDC3B426-6FF7-4440-8B1A-872E56F06DA1}.Release|Any CPU.Build.0 = Release|Any CPU
		{DDC3B426-6FF7-4440-8B1A-872E56F06DA1}.Release|arm64.ActiveCfg = Release|Any CPU
		{DDC3B426-6FF7-4440-8B1A-872E56F06DA1}.Release|arm64.Build.0 = Release|Any CPU
		{DDC3B426-6FF7-4440-8B1A-872E56F06DA1}.Release|x64.ActiveCfg = Release|Any CPU
		{DDC3B426-6FF7-4440-8B1A-872E56F06DA1}.Release|x64.Build.0 = Release|Any CPU
		{DDC3B426-6FF7-4440-8B1A-872E56F06DA1}.Release|x86.ActiveCfg = Release|Any CPU
		{DDC3B426-6FF7-4440-8B1A-872E56F06DA1}.Release|x86.Build.0 = Release|Any CPU
	EndGlobalSection
	GlobalSection(SolutionProperties) = preSolution
		HideSolutionNode = FALSE
	EndGlobalSection
	GlobalSection(NestedProjects) = preSolution
		{DD662140-F066-4047-8678-FB656A9B3166} = {2A586DBF-0AF2-4041-AB8F-75E2CB0CCFC8}
		{5EA29321-9F0A-4CFE-9393-2F1043BB801F} = {2A586DBF-0AF2-4041-AB8F-75E2CB0CCFC8}
		{B9386DF4-5A24-43E3-9CE4-3169EE8472D9} = {2A586DBF-0AF2-4041-AB8F-75E2CB0CCFC8}
		{F5DAEB7E-C226-4727-AB36-56363C96DBC0} = {2A586DBF-0AF2-4041-AB8F-75E2CB0CCFC8}
		{000A2DA8-CF61-4BC3-B30F-112D7F4D549F} = {2A586DBF-0AF2-4041-AB8F-75E2CB0CCFC8}
		{64CDABB6-EE8C-406C-8FB9-E74CB8E5558B} = {EFB59142-E603-43E3-8238-D8B4703A189E}
		{36709B6F-5999-4A5D-90AB-6F382DE3F4B9} = {EFB59142-E603-43E3-8238-D8B4703A189E}
		{09A545F5-90E0-4E01-B90E-39C16DF995FF} = {232E6FC3-1B1E-4EB6-AF33-4DEED5F974F1}
		{77B9BDC6-BF96-46BD-9A85-DA0DEF07F032} = {A16E2BC5-5CA8-43D3-912F-0B3B276AD2BD}
		{F5D7112A-ECE7-4D77-A1A4-5FF938A931C2} = {A16E2BC5-5CA8-43D3-912F-0B3B276AD2BD}
		{BA47DAEE-4610-48EF-9231-D66630618E84} = {A16E2BC5-5CA8-43D3-912F-0B3B276AD2BD}
		{F1AF2E87-25F1-4511-B3BE-0329ADC4B068} = {232E6FC3-1B1E-4EB6-AF33-4DEED5F974F1}
		{E12EC934-DD3E-4935-8EE9-14325E3456ED} = {A16E2BC5-5CA8-43D3-912F-0B3B276AD2BD}
		{84CECB4B-80C9-42D8-9ED5-1E119CDE2D69} = {A16E2BC5-5CA8-43D3-912F-0B3B276AD2BD}
		{C253041A-97CB-4DDE-984B-9C76249717C4} = {C2C0C560-B668-4262-BDAA-7D1A17CA6ED8}
		{0671523D-51F4-4391-90CB-A7CA0D7CA1E6} = {232E6FC3-1B1E-4EB6-AF33-4DEED5F974F1}
		{D100AB8F-A74D-419C-8346-D1ED39752A32} = {232E6FC3-1B1E-4EB6-AF33-4DEED5F974F1}
		{E9068C9A-0997-4B3D-AC50-94D1889A49FC} = {232E6FC3-1B1E-4EB6-AF33-4DEED5F974F1}
		{DE735C1E-39EF-4BB0-B849-67ADBB44A262} = {232E6FC3-1B1E-4EB6-AF33-4DEED5F974F1}
		{CD22F57E-E19B-4F81-93CA-E4223A2E5DE0} = {A16E2BC5-5CA8-43D3-912F-0B3B276AD2BD}
		{A64A4E63-9B5D-4591-9164-95817CFF42CA} = {232E6FC3-1B1E-4EB6-AF33-4DEED5F974F1}
		{37BC6BAB-0FC6-49B6-8C52-1E594C69D57D} = {232E6FC3-1B1E-4EB6-AF33-4DEED5F974F1}
		{FE0C79D9-A53B-4C08-974A-CA200C910797} = {C2C0C560-B668-4262-BDAA-7D1A17CA6ED8}
		{AFA4DBEB-0DFE-424F-A3F4-C9E87D0A0528} = {157B5FE2-A300-40F0-AC5B-95AABAD93F30}
		{D4F2CEF8-BC07-422A-8DBD-D38720470F8B} = {157B5FE2-A300-40F0-AC5B-95AABAD93F30}
		{1CA867B7-4036-4818-8A69-C84F9B943F4D} = {157B5FE2-A300-40F0-AC5B-95AABAD93F30}
		{FCD40345-8E5D-4A51-94F3-7AA07B810346} = {157B5FE2-A300-40F0-AC5B-95AABAD93F30}
		{4AA9A0B0-B466-4FF2-8F48-EE2F4D58D26F} = {157B5FE2-A300-40F0-AC5B-95AABAD93F30}
		{AC12BC36-289D-44DC-AF04-4B849D9281F2} = {157B5FE2-A300-40F0-AC5B-95AABAD93F30}
		{A250A1B9-2C6C-4037-A2E7-AFE0D58353E8} = {FABAA1DF-86A4-43A7-B537-A81C24B4D814}
		{B5122C9F-78D3-4E11-ACDB-B1B7B17C4F44} = {232E6FC3-1B1E-4EB6-AF33-4DEED5F974F1}
		{DDC3B426-6FF7-4440-8B1A-872E56F06DA1} = {232E6FC3-1B1E-4EB6-AF33-4DEED5F974F1}
		{A16E2BC5-5CA8-43D3-912F-0B3B276AD2BD} = {232E6FC3-1B1E-4EB6-AF33-4DEED5F974F1}
	EndGlobalSection
	GlobalSection(ExtensibilityGlobals) = postSolution
		SolutionGuid = {AE1E4FAB-4A2E-4667-888D-AB51E45F9CCD}
	EndGlobalSection
	GlobalSection(SharedMSBuildProjectFiles) = preSolution
		Eppie.App.Shared\TuviMail.Shared.projitems*{000a2da8-cf61-4bc3-b30f-112d7f4d549f}*SharedItemsImports = 4
		Eppie.App.Shared\TuviMail.Shared.projitems*{ef95cbff-8992-4963-a1ca-b3f66959ae11}*SharedItemsImports = 13
	EndGlobalSection
EndGlobal
