
Microsoft Visual Studio Solution File, Format Version 12.00
# Visual Studio Version 17
VisualStudioVersion = 17.11.35222.181
MinimumVisualStudioVersion = 10.0.40219.1
Project("{9A19103F-16F7-4668-BE54-9A1E7A4F7556}") = "Eppie.App", "Eppie.App\Eppie.App.csproj", "{0D949175-5A8B-4474-9F7B-529A1B5AD025}"
EndProject
Project("{2150E333-8FDC-42A3-9474-1A3956D46DE8}") = "Solution Items", "Solution Items", "{E0155D4F-50A1-4EAD-A5DF-2080ECDF1C72}"
	ProjectSection(SolutionItems) = preProject
		.editorconfig = .editorconfig
		Directory.Build.props = Directory.Build.props
		Directory.Build.targets = Directory.Build.targets
		Directory.Packages.props = Directory.Packages.props
		global.json = global.json
		Settings.XamlStyler = Settings.XamlStyler
	EndProjectSection
EndProject
Project("{FAE04EC0-301F-11D3-BF4B-00C04F79EFBC}") = "Eppie.App.UWP", "Eppie.App.UWP\Eppie.App.UWP.csproj", "{CAE118DC-8F0D-476E-A64A-AE165C754C92}"
EndProject
Project("{D954291E-2A0B-460D-934E-DC6B0785DB48}") = "Eppie.App.Shared", "Eppie.App.Shared\Eppie.App.Shared.shproj", "{C4918D44-FB8A-442F-BDE5-69106B2DA412}"
EndProject
Project("{2150E333-8FDC-42A3-9474-1A3956D46DE8}") = "Application", "Application", "{BAADA1AF-033B-4254-9B27-CA301F69EEFE}"
EndProject
Project("{2150E333-8FDC-42A3-9474-1A3956D46DE8}") = "Core", "Core", "{C07EDDD9-4188-477E-8B0B-9E5C44A1DAE1}"
EndProject
Project("{9A19103F-16F7-4668-BE54-9A1E7A4F7556}") = "ComponentBuilder", "..\..\gitmodules\TuviCore\Sources\ComponentBuilder\ComponentBuilder.csproj", "{5DCE27BA-AA10-469F-9897-0E679764943F}"
EndProject
Project("{9A19103F-16F7-4668-BE54-9A1E7A4F7556}") = "Tuvi.Core", "..\..\gitmodules\TuviCore\Sources\Tuvi.Core\Tuvi.Core.csproj", "{EBD69008-DAB3-41B1-88C4-A7F82B41E8D8}"
EndProject
Project("{9A19103F-16F7-4668-BE54-9A1E7A4F7556}") = "Tuvi.Core.Backup", "..\..\gitmodules\TuviCore\Sources\Tuvi.Core.Backup\Tuvi.Core.Backup.csproj", "{D7E6F7A8-6D95-462D-9F41-8E55F6BA0FBB}"
EndProject
Project("{9A19103F-16F7-4668-BE54-9A1E7A4F7556}") = "Tuvi.Core.Backup.Impl", "..\..\gitmodules\TuviCore\Sources\Tuvi.Core.Backup.Impl\Tuvi.Core.Backup.Impl.csproj", "{32E7C8B3-F4EE-45F0-8B0E-D88E28DCF936}"
EndProject
Project("{9A19103F-16F7-4668-BE54-9A1E7A4F7556}") = "Tuvi.Core.DataStorage", "..\..\gitmodules\TuviCore\Sources\Tuvi.Core.DataStorage\Tuvi.Core.DataStorage.csproj", "{93168FD9-6C19-4FBB-BC7E-657E67DCE9FD}"
EndProject
Project("{9A19103F-16F7-4668-BE54-9A1E7A4F7556}") = "Tuvi.Core.DataStorage.Impl", "..\..\gitmodules\TuviCore\Sources\Tuvi.Core.DataStorage.Impl\Tuvi.Core.DataStorage.Impl.csproj", "{590217E0-76C4-4501-B161-F3AF38645C6A}"
EndProject
Project("{9A19103F-16F7-4668-BE54-9A1E7A4F7556}") = "Tuvi.Core.Dec", "..\..\gitmodules\TuviCore\Sources\Tuvi.Core.Dec\Tuvi.Core.Dec.csproj", "{1AE04B2F-6317-4F61-A57B-29ACCC0071CB}"
EndProject
Project("{9A19103F-16F7-4668-BE54-9A1E7A4F7556}") = "Tuvi.Core.Dec.Web.Impl", "..\..\gitmodules\TuviCore\Sources\Tuvi.Core.Dec.Web.Impl\Tuvi.Core.Dec.Web.Impl.csproj", "{702FF119-0E88-4E48-9279-A59F7D46DB42}"
EndProject
Project("{9A19103F-16F7-4668-BE54-9A1E7A4F7556}") = "Tuvi.Core.Entities", "..\..\gitmodules\TuviCore\Sources\Tuvi.Core.Entities\Tuvi.Core.Entities.csproj", "{1E363987-165E-4EA6-A0E1-FAD82B7C0633}"
EndProject
Project("{9A19103F-16F7-4668-BE54-9A1E7A4F7556}") = "Tuvi.Core.Impl", "..\..\gitmodules\TuviCore\Sources\Tuvi.Core.Impl\Tuvi.Core.Impl.csproj", "{894EC791-852B-4510-BCDA-C81E01874F1F}"
EndProject
Project("{9A19103F-16F7-4668-BE54-9A1E7A4F7556}") = "Tuvi.Core.Logging", "..\..\gitmodules\TuviCore\Sources\Tuvi.Core.Logging\Tuvi.Core.Logging.csproj", "{C4D11FF0-3CB0-4B07-BE17-56F35F6E8937}"
EndProject
Project("{9A19103F-16F7-4668-BE54-9A1E7A4F7556}") = "Tuvi.Core.Mail", "..\..\gitmodules\TuviCore\Sources\Tuvi.Core.Mail\Tuvi.Core.Mail.csproj", "{D77B09A4-B06A-4C2E-8FE2-A499DC1F0522}"
EndProject
Project("{9A19103F-16F7-4668-BE54-9A1E7A4F7556}") = "Tuvi.Core.Mail.Impl", "..\..\gitmodules\TuviCore\Sources\Tuvi.Core.Mail.Impl\Tuvi.Core.Mail.Impl.csproj", "{610C1259-9BC9-4EA8-8C0A-6D32C6D7690E}"
EndProject
Project("{9A19103F-16F7-4668-BE54-9A1E7A4F7556}") = "Tuvi.Core.Web.BackupService", "..\..\gitmodules\TuviCore\Sources\Tuvi.Core.Web.BackupService\Tuvi.Core.Web.BackupService.csproj", "{0E0EB8F9-41C9-463F-A333-17382B5318FA}"
EndProject
Project("{9A19103F-16F7-4668-BE54-9A1E7A4F7556}") = "Tuvi.Core.Web.BackupServiceClient", "..\..\gitmodules\TuviCore\Sources\Tuvi.Core.Web.BackupServiceClient\Tuvi.Core.Web.BackupServiceClient.csproj", "{061189AC-3105-4C02-A639-856E070660EB}"
EndProject
Project("{9A19103F-16F7-4668-BE54-9A1E7A4F7556}") = "Tuvi.Proton", "..\..\gitmodules\TuviCore\Sources\Tuvi.Proton\Tuvi.Proton.csproj", "{3AD0D9AD-5C83-4E3F-8F00-DAB3CFA3F695}"
EndProject
Project("{9A19103F-16F7-4668-BE54-9A1E7A4F7556}") = "Tuvi.Proton.Impl", "..\..\gitmodules\TuviCore\Sources\Tuvi.Proton.Impl\Tuvi.Proton.Impl.csproj", "{C57194AE-1C57-40FA-AE07-5E9FEF6C2F85}"
EndProject
Project("{2150E333-8FDC-42A3-9474-1A3956D46DE8}") = "Modules", "Modules", "{06BC7768-4BDC-4C5C-BA2F-B422F0A33200}"
EndProject
Project("{2150E333-8FDC-42A3-9474-1A3956D46DE8}") = "ProtonMail", "ProtonMail", "{26148D3A-1B2D-446E-9D75-3C1432DF1F00}"
EndProject
Project("{9A19103F-16F7-4668-BE54-9A1E7A4F7556}") = "proton-cs-client", "..\..\gitmodules\TuviCore\gitmodules\proton-cs-client\source\proton-cs-client\proton-cs-client.csproj", "{1E2A6BED-6CC4-4D9D-9B57-3FD83FB1A2C8}"
EndProject
Project("{9A19103F-16F7-4668-BE54-9A1E7A4F7556}") = "TuviAuthProtonLib", "..\..\gitmodules\TuviCore\gitmodules\proton-cs-client\gitmodules\TuviAuthProtonLib\source\TuviAuthProtonLib\TuviAuthProtonLib.csproj", "{BDADE3EF-9165-42BD-95AD-BCAC7DF0FCF1}"
EndProject
Project("{9A19103F-16F7-4668-BE54-9A1E7A4F7556}") = "TuviProtonPrimitiveLib", "..\..\gitmodules\TuviCore\gitmodules\proton-cs-client\gitmodules\TuviAuthProtonLib\source\TuviProtonPrimitiveLib\TuviProtonPrimitiveLib.csproj", "{44539BAE-9468-4F5A-9E9A-54DF9956D450}"
EndProject
Project("{9A19103F-16F7-4668-BE54-9A1E7A4F7556}") = "TuviSRPLib", "..\..\gitmodules\TuviCore\gitmodules\proton-cs-client\gitmodules\TuviAuthProtonLib\gitmodules\TuviSRPLib\TuviSRPLib\TuviSRPLib\TuviSRPLib.csproj", "{D05A693C-E751-4528-B149-DF64651095E2}"
EndProject
Project("{9A19103F-16F7-4668-BE54-9A1E7A4F7556}") = "ProtonBase64Lib", "..\..\gitmodules\TuviCore\gitmodules\proton-cs-client\gitmodules\TuviAuthProtonLib\gitmodules\TuviSRPLib\TuviSRPLib\ProtonBase64Lib\ProtonBase64Lib.csproj", "{3C798C84-3D90-41DC-B3F3-A23E96068A47}"
EndProject
Project("{9A19103F-16F7-4668-BE54-9A1E7A4F7556}") = "TuviRestClientLib", "..\..\gitmodules\TuviCore\gitmodules\proton-cs-client\gitmodules\TuviAuthProtonLib\gitmodules\TuviRestClientLib\source\TuviRestClientLib\TuviRestClientLib.csproj", "{A317D097-ACF7-4C46-B719-DB443627008E}"
EndProject
Project("{2150E333-8FDC-42A3-9474-1A3956D46DE8}") = "Crypto", "Crypto", "{A59DE721-B0CD-47ED-8839-368A819C95EB}"
EndProject
Project("{9A19103F-16F7-4668-BE54-9A1E7A4F7556}") = "TuviPgpLib", "..\..\gitmodules\TuviCore\gitmodules\TuviPgpLib\TuviPgpLib\TuviPgpLib.csproj", "{93C3844C-03B2-4C24-9070-16BA1971758E}"
EndProject
Project("{9A19103F-16F7-4668-BE54-9A1E7A4F7556}") = "TuviPgpLibImpl", "..\..\gitmodules\TuviCore\gitmodules\TuviPgpLib\TuviPgpLibImpl\TuviPgpLibImpl.csproj", "{6EA2E1E8-977A-40BB-9C3D-19514286686A}"
EndProject
Project("{9A19103F-16F7-4668-BE54-9A1E7A4F7556}") = "KeyDerivation", "..\..\gitmodules\TuviCore\gitmodules\TuviPgpLib\gitmodules\TuviKeyDerivationLib\KeyDerivationInterface\KeyDerivation.csproj", "{30893AD4-3EBB-4EED-A4E7-4709A6B86A33}"
EndProject
Project("{9A19103F-16F7-4668-BE54-9A1E7A4F7556}") = "KeyDerivationLib", "..\..\gitmodules\TuviCore\gitmodules\TuviPgpLib\gitmodules\TuviKeyDerivationLib\KeyDerivationLib\KeyDerivationLib.csproj", "{67FE37F2-DB0D-48CC-9F0F-FDD86A22290A}"
EndProject
Project("{9A19103F-16F7-4668-BE54-9A1E7A4F7556}") = "TuviBase32EConverterLib", "..\..\gitmodules\TuviCore\gitmodules\TuviBase32EConverterLib\TuviBytesToEmailConverterLib\TuviBase32EConverterLib\TuviBase32EConverterLib.csproj", "{865EE4F1-BC60-4C15-B31B-C681B430BB7F}"
EndProject
Project("{9A19103F-16F7-4668-BE54-9A1E7A4F7556}") = "Eppie.App.ViewModels", "Eppie.App.ViewModels\Eppie.App.ViewModels.csproj", "{2DA63E2A-A0AC-4C55-B912-04D8970BCED3}"
EndProject
Project("{9A19103F-16F7-4668-BE54-9A1E7A4F7556}") = "Eppie.Authorization.OAuth2", "Eppie.Authorization.OAuth2\Eppie.Authorization.OAuth2.csproj", "{B2128895-1CB6-4DCD-BD31-D0B561029F4F}"
EndProject
Project("{2150E333-8FDC-42A3-9474-1A3956D46DE8}") = "Eppie.App.UI", "Eppie.App.UI", "{81CA54E8-7F67-46D9-B576-938590F95453}"
EndProject
Project("{9A19103F-16F7-4668-BE54-9A1E7A4F7556}") = "Eppie.App.UI.Uno", "Eppie.App.UI\Eppie.App.UI.Uno\Eppie.App.UI.Uno.csproj", "{E66E9BBD-2F75-453F-83B9-709F67517261}"
EndProject
Project("{FAE04EC0-301F-11D3-BF4B-00C04F79EFBC}") = "Eppie.App.UI.UWP", "Eppie.App.UI\Eppie.App.UI.UWP\Eppie.App.UI.UWP.csproj", "{A6C30ED1-6213-427E-B255-E5E8C69E6D0E}"
EndProject
Project("{D954291E-2A0B-460D-934E-DC6B0785DB48}") = "Eppie.App.UI.Shared", "Eppie.App.UI\Eppie.App.UI.Shared\Eppie.App.UI.Shared.shproj", "{2443C114-C401-45FC-91DC-6C6F1EA97D58}"
EndProject
Project("{2150E333-8FDC-42A3-9474-1A3956D46DE8}") = "Tests", "Tests", "{CF472446-EF62-4D4F-BC18-E69774FEE8C9}"
EndProject
Project("{9A19103F-16F7-4668-BE54-9A1E7A4F7556}") = "Eppie.App.ViewModels.Tests", "..\Tests\Eppie.App.ViewModels.Tests\Eppie.App.ViewModels.Tests.csproj", "{228114AE-3DD4-44C9-80A2-270A5F0B3728}"
EndProject
Project("{D954291E-2A0B-460D-934E-DC6B0785DB48}") = "Eppie.App.Resources.Shared", "Eppie.App.Resources.Shared\Eppie.App.Resources.Shared.shproj", "{F51F0640-DED9-4BFB-AE43-7B11B60E6CC2}"
EndProject
Project("{2150E333-8FDC-42A3-9474-1A3956D46DE8}") = "AI", "AI", "{4F76C0E7-9764-4BC0-B8B6-99D8258B6990}"
EndProject
Project("{FAE04EC0-301F-11D3-BF4B-00C04F79EFBC}") = "Eppie.AI", "Eppie.AI\Eppie.AI.csproj", "{60575CC5-1BDF-48C5-AF2C-6CFA3989F5FA}"
EndProject
Project("{FAE04EC0-301F-11D3-BF4B-00C04F79EFBC}") = "Tuvi.Core.Dec.Bitcoin", "..\..\gitmodules\TuviCore\Sources\Tuvi.Core.Dec.Bitcoin\Tuvi.Core.Dec.Bitcoin.csproj", "{F2B0DFEF-98F4-D9C0-575C-966221CA4F12}"
EndProject
Project("{FAE04EC0-301F-11D3-BF4B-00C04F79EFBC}") = "Tuvi.Core.Dec.Impl", "..\..\gitmodules\TuviCore\Sources\Tuvi.Core.Dec.Impl\Tuvi.Core.Dec.Impl.csproj", "{B34E82B2-B9CD-FCA0-9B47-F94A54300D5E}"
EndProject
Project("{FAE04EC0-301F-11D3-BF4B-00C04F79EFBC}") = "Tuvi.Core.Dec.Ethereum", "..\..\gitmodules\TuviCore\Sources\Tuvi.Core.Dec.Ethereum\Tuvi.Core.Dec.Ethereum.csproj", "{4278EEF1-9839-CDB1-AC69-5E45FD1263D3}"
EndProject
Global
	GlobalSection(SolutionConfigurationPlatforms) = preSolution
		Debug|Any CPU = Debug|Any CPU
		Debug|ARM = Debug|ARM
		Debug|ARM64 = Debug|ARM64
		Debug|x64 = Debug|x64
		Debug|x86 = Debug|x86
		Release|Any CPU = Release|Any CPU
		Release|ARM = Release|ARM
		Release|ARM64 = Release|ARM64
		Release|x64 = Release|x64
		Release|x86 = Release|x86
	EndGlobalSection
	GlobalSection(ProjectConfigurationPlatforms) = postSolution
		{0D949175-5A8B-4474-9F7B-529A1B5AD025}.Debug|Any CPU.ActiveCfg = Debug|Any CPU
		{0D949175-5A8B-4474-9F7B-529A1B5AD025}.Debug|Any CPU.Build.0 = Debug|Any CPU
		{0D949175-5A8B-4474-9F7B-529A1B5AD025}.Debug|Any CPU.Deploy.0 = Debug|Any CPU
		{0D949175-5A8B-4474-9F7B-529A1B5AD025}.Debug|ARM.ActiveCfg = Debug|Any CPU
		{0D949175-5A8B-4474-9F7B-529A1B5AD025}.Debug|ARM.Build.0 = Debug|Any CPU
		{0D949175-5A8B-4474-9F7B-529A1B5AD025}.Debug|ARM.Deploy.0 = Debug|Any CPU
		{0D949175-5A8B-4474-9F7B-529A1B5AD025}.Debug|ARM64.ActiveCfg = Debug|Any CPU
		{0D949175-5A8B-4474-9F7B-529A1B5AD025}.Debug|ARM64.Build.0 = Debug|Any CPU
		{0D949175-5A8B-4474-9F7B-529A1B5AD025}.Debug|ARM64.Deploy.0 = Debug|Any CPU
		{0D949175-5A8B-4474-9F7B-529A1B5AD025}.Debug|x64.ActiveCfg = Debug|Any CPU
		{0D949175-5A8B-4474-9F7B-529A1B5AD025}.Debug|x64.Build.0 = Debug|Any CPU
		{0D949175-5A8B-4474-9F7B-529A1B5AD025}.Debug|x64.Deploy.0 = Debug|Any CPU
		{0D949175-5A8B-4474-9F7B-529A1B5AD025}.Debug|x86.ActiveCfg = Debug|Any CPU
		{0D949175-5A8B-4474-9F7B-529A1B5AD025}.Debug|x86.Build.0 = Debug|Any CPU
		{0D949175-5A8B-4474-9F7B-529A1B5AD025}.Debug|x86.Deploy.0 = Debug|Any CPU
		{0D949175-5A8B-4474-9F7B-529A1B5AD025}.Release|Any CPU.ActiveCfg = Release|Any CPU
		{0D949175-5A8B-4474-9F7B-529A1B5AD025}.Release|Any CPU.Build.0 = Release|Any CPU
		{0D949175-5A8B-4474-9F7B-529A1B5AD025}.Release|Any CPU.Deploy.0 = Release|Any CPU
		{0D949175-5A8B-4474-9F7B-529A1B5AD025}.Release|ARM.ActiveCfg = Release|Any CPU
		{0D949175-5A8B-4474-9F7B-529A1B5AD025}.Release|ARM.Build.0 = Release|Any CPU
		{0D949175-5A8B-4474-9F7B-529A1B5AD025}.Release|ARM.Deploy.0 = Release|Any CPU
		{0D949175-5A8B-4474-9F7B-529A1B5AD025}.Release|ARM64.ActiveCfg = Release|Any CPU
		{0D949175-5A8B-4474-9F7B-529A1B5AD025}.Release|ARM64.Build.0 = Release|Any CPU
		{0D949175-5A8B-4474-9F7B-529A1B5AD025}.Release|ARM64.Deploy.0 = Release|Any CPU
		{0D949175-5A8B-4474-9F7B-529A1B5AD025}.Release|x64.ActiveCfg = Release|Any CPU
		{0D949175-5A8B-4474-9F7B-529A1B5AD025}.Release|x64.Build.0 = Release|Any CPU
		{0D949175-5A8B-4474-9F7B-529A1B5AD025}.Release|x64.Deploy.0 = Release|Any CPU
		{0D949175-5A8B-4474-9F7B-529A1B5AD025}.Release|x86.ActiveCfg = Release|Any CPU
		{0D949175-5A8B-4474-9F7B-529A1B5AD025}.Release|x86.Build.0 = Release|Any CPU
		{0D949175-5A8B-4474-9F7B-529A1B5AD025}.Release|x86.Deploy.0 = Release|Any CPU
		{CAE118DC-8F0D-476E-A64A-AE165C754C92}.Debug|Any CPU.ActiveCfg = Debug|x64
		{CAE118DC-8F0D-476E-A64A-AE165C754C92}.Debug|Any CPU.Build.0 = Debug|x64
		{CAE118DC-8F0D-476E-A64A-AE165C754C92}.Debug|Any CPU.Deploy.0 = Debug|x64
		{CAE118DC-8F0D-476E-A64A-AE165C754C92}.Debug|ARM.ActiveCfg = Debug|ARM
		{CAE118DC-8F0D-476E-A64A-AE165C754C92}.Debug|ARM.Build.0 = Debug|ARM
		{CAE118DC-8F0D-476E-A64A-AE165C754C92}.Debug|ARM.Deploy.0 = Debug|ARM
		{CAE118DC-8F0D-476E-A64A-AE165C754C92}.Debug|ARM64.ActiveCfg = Debug|ARM64
		{CAE118DC-8F0D-476E-A64A-AE165C754C92}.Debug|ARM64.Build.0 = Debug|ARM64
		{CAE118DC-8F0D-476E-A64A-AE165C754C92}.Debug|ARM64.Deploy.0 = Debug|ARM64
		{CAE118DC-8F0D-476E-A64A-AE165C754C92}.Debug|x64.ActiveCfg = Debug|x64
		{CAE118DC-8F0D-476E-A64A-AE165C754C92}.Debug|x64.Build.0 = Debug|x64
		{CAE118DC-8F0D-476E-A64A-AE165C754C92}.Debug|x64.Deploy.0 = Debug|x64
		{CAE118DC-8F0D-476E-A64A-AE165C754C92}.Debug|x86.ActiveCfg = Debug|x86
		{CAE118DC-8F0D-476E-A64A-AE165C754C92}.Debug|x86.Build.0 = Debug|x86
		{CAE118DC-8F0D-476E-A64A-AE165C754C92}.Debug|x86.Deploy.0 = Debug|x86
		{CAE118DC-8F0D-476E-A64A-AE165C754C92}.Release|Any CPU.ActiveCfg = Release|x64
		{CAE118DC-8F0D-476E-A64A-AE165C754C92}.Release|Any CPU.Build.0 = Release|x64
		{CAE118DC-8F0D-476E-A64A-AE165C754C92}.Release|Any CPU.Deploy.0 = Release|x64
		{CAE118DC-8F0D-476E-A64A-AE165C754C92}.Release|ARM.ActiveCfg = Release|ARM
		{CAE118DC-8F0D-476E-A64A-AE165C754C92}.Release|ARM.Build.0 = Release|ARM
		{CAE118DC-8F0D-476E-A64A-AE165C754C92}.Release|ARM.Deploy.0 = Release|ARM
		{CAE118DC-8F0D-476E-A64A-AE165C754C92}.Release|ARM64.ActiveCfg = Release|ARM64
		{CAE118DC-8F0D-476E-A64A-AE165C754C92}.Release|ARM64.Build.0 = Release|ARM64
		{CAE118DC-8F0D-476E-A64A-AE165C754C92}.Release|ARM64.Deploy.0 = Release|ARM64
		{CAE118DC-8F0D-476E-A64A-AE165C754C92}.Release|x64.ActiveCfg = Release|x64
		{CAE118DC-8F0D-476E-A64A-AE165C754C92}.Release|x64.Build.0 = Release|x64
		{CAE118DC-8F0D-476E-A64A-AE165C754C92}.Release|x64.Deploy.0 = Release|x64
		{CAE118DC-8F0D-476E-A64A-AE165C754C92}.Release|x86.ActiveCfg = Release|x86
		{CAE118DC-8F0D-476E-A64A-AE165C754C92}.Release|x86.Build.0 = Release|x86
		{CAE118DC-8F0D-476E-A64A-AE165C754C92}.Release|x86.Deploy.0 = Release|x86
		{5DCE27BA-AA10-469F-9897-0E679764943F}.Debug|Any CPU.ActiveCfg = Debug|Any CPU
		{5DCE27BA-AA10-469F-9897-0E679764943F}.Debug|Any CPU.Build.0 = Debug|Any CPU
		{5DCE27BA-AA10-469F-9897-0E679764943F}.Debug|ARM.ActiveCfg = Debug|Any CPU
		{5DCE27BA-AA10-469F-9897-0E679764943F}.Debug|ARM.Build.0 = Debug|Any CPU
		{5DCE27BA-AA10-469F-9897-0E679764943F}.Debug|ARM64.ActiveCfg = Debug|Any CPU
		{5DCE27BA-AA10-469F-9897-0E679764943F}.Debug|ARM64.Build.0 = Debug|Any CPU
		{5DCE27BA-AA10-469F-9897-0E679764943F}.Debug|x64.ActiveCfg = Debug|Any CPU
		{5DCE27BA-AA10-469F-9897-0E679764943F}.Debug|x64.Build.0 = Debug|Any CPU
		{5DCE27BA-AA10-469F-9897-0E679764943F}.Debug|x86.ActiveCfg = Debug|Any CPU
		{5DCE27BA-AA10-469F-9897-0E679764943F}.Debug|x86.Build.0 = Debug|Any CPU
		{5DCE27BA-AA10-469F-9897-0E679764943F}.Release|Any CPU.ActiveCfg = Release|Any CPU
		{5DCE27BA-AA10-469F-9897-0E679764943F}.Release|Any CPU.Build.0 = Release|Any CPU
		{5DCE27BA-AA10-469F-9897-0E679764943F}.Release|ARM.ActiveCfg = Release|Any CPU
		{5DCE27BA-AA10-469F-9897-0E679764943F}.Release|ARM.Build.0 = Release|Any CPU
		{5DCE27BA-AA10-469F-9897-0E679764943F}.Release|ARM64.ActiveCfg = Release|Any CPU
		{5DCE27BA-AA10-469F-9897-0E679764943F}.Release|ARM64.Build.0 = Release|Any CPU
		{5DCE27BA-AA10-469F-9897-0E679764943F}.Release|x64.ActiveCfg = Release|Any CPU
		{5DCE27BA-AA10-469F-9897-0E679764943F}.Release|x64.Build.0 = Release|Any CPU
		{5DCE27BA-AA10-469F-9897-0E679764943F}.Release|x86.ActiveCfg = Release|Any CPU
		{5DCE27BA-AA10-469F-9897-0E679764943F}.Release|x86.Build.0 = Release|Any CPU
		{EBD69008-DAB3-41B1-88C4-A7F82B41E8D8}.Debug|Any CPU.ActiveCfg = Debug|Any CPU
		{EBD69008-DAB3-41B1-88C4-A7F82B41E8D8}.Debug|Any CPU.Build.0 = Debug|Any CPU
		{EBD69008-DAB3-41B1-88C4-A7F82B41E8D8}.Debug|ARM.ActiveCfg = Debug|Any CPU
		{EBD69008-DAB3-41B1-88C4-A7F82B41E8D8}.Debug|ARM.Build.0 = Debug|Any CPU
		{EBD69008-DAB3-41B1-88C4-A7F82B41E8D8}.Debug|ARM64.ActiveCfg = Debug|Any CPU
		{EBD69008-DAB3-41B1-88C4-A7F82B41E8D8}.Debug|ARM64.Build.0 = Debug|Any CPU
		{EBD69008-DAB3-41B1-88C4-A7F82B41E8D8}.Debug|x64.ActiveCfg = Debug|Any CPU
		{EBD69008-DAB3-41B1-88C4-A7F82B41E8D8}.Debug|x64.Build.0 = Debug|Any CPU
		{EBD69008-DAB3-41B1-88C4-A7F82B41E8D8}.Debug|x86.ActiveCfg = Debug|Any CPU
		{EBD69008-DAB3-41B1-88C4-A7F82B41E8D8}.Debug|x86.Build.0 = Debug|Any CPU
		{EBD69008-DAB3-41B1-88C4-A7F82B41E8D8}.Release|Any CPU.ActiveCfg = Release|Any CPU
		{EBD69008-DAB3-41B1-88C4-A7F82B41E8D8}.Release|Any CPU.Build.0 = Release|Any CPU
		{EBD69008-DAB3-41B1-88C4-A7F82B41E8D8}.Release|ARM.ActiveCfg = Release|Any CPU
		{EBD69008-DAB3-41B1-88C4-A7F82B41E8D8}.Release|ARM.Build.0 = Release|Any CPU
		{EBD69008-DAB3-41B1-88C4-A7F82B41E8D8}.Release|ARM64.ActiveCfg = Release|Any CPU
		{EBD69008-DAB3-41B1-88C4-A7F82B41E8D8}.Release|ARM64.Build.0 = Release|Any CPU
		{EBD69008-DAB3-41B1-88C4-A7F82B41E8D8}.Release|x64.ActiveCfg = Release|Any CPU
		{EBD69008-DAB3-41B1-88C4-A7F82B41E8D8}.Release|x64.Build.0 = Release|Any CPU
		{EBD69008-DAB3-41B1-88C4-A7F82B41E8D8}.Release|x86.ActiveCfg = Release|Any CPU
		{EBD69008-DAB3-41B1-88C4-A7F82B41E8D8}.Release|x86.Build.0 = Release|Any CPU
		{D7E6F7A8-6D95-462D-9F41-8E55F6BA0FBB}.Debug|Any CPU.ActiveCfg = Debug|Any CPU
		{D7E6F7A8-6D95-462D-9F41-8E55F6BA0FBB}.Debug|Any CPU.Build.0 = Debug|Any CPU
		{D7E6F7A8-6D95-462D-9F41-8E55F6BA0FBB}.Debug|ARM.ActiveCfg = Debug|Any CPU
		{D7E6F7A8-6D95-462D-9F41-8E55F6BA0FBB}.Debug|ARM.Build.0 = Debug|Any CPU
		{D7E6F7A8-6D95-462D-9F41-8E55F6BA0FBB}.Debug|ARM64.ActiveCfg = Debug|Any CPU
		{D7E6F7A8-6D95-462D-9F41-8E55F6BA0FBB}.Debug|ARM64.Build.0 = Debug|Any CPU
		{D7E6F7A8-6D95-462D-9F41-8E55F6BA0FBB}.Debug|x64.ActiveCfg = Debug|Any CPU
		{D7E6F7A8-6D95-462D-9F41-8E55F6BA0FBB}.Debug|x64.Build.0 = Debug|Any CPU
		{D7E6F7A8-6D95-462D-9F41-8E55F6BA0FBB}.Debug|x86.ActiveCfg = Debug|Any CPU
		{D7E6F7A8-6D95-462D-9F41-8E55F6BA0FBB}.Debug|x86.Build.0 = Debug|Any CPU
		{D7E6F7A8-6D95-462D-9F41-8E55F6BA0FBB}.Release|Any CPU.ActiveCfg = Release|Any CPU
		{D7E6F7A8-6D95-462D-9F41-8E55F6BA0FBB}.Release|Any CPU.Build.0 = Release|Any CPU
		{D7E6F7A8-6D95-462D-9F41-8E55F6BA0FBB}.Release|ARM.ActiveCfg = Release|Any CPU
		{D7E6F7A8-6D95-462D-9F41-8E55F6BA0FBB}.Release|ARM.Build.0 = Release|Any CPU
		{D7E6F7A8-6D95-462D-9F41-8E55F6BA0FBB}.Release|ARM64.ActiveCfg = Release|Any CPU
		{D7E6F7A8-6D95-462D-9F41-8E55F6BA0FBB}.Release|ARM64.Build.0 = Release|Any CPU
		{D7E6F7A8-6D95-462D-9F41-8E55F6BA0FBB}.Release|x64.ActiveCfg = Release|Any CPU
		{D7E6F7A8-6D95-462D-9F41-8E55F6BA0FBB}.Release|x64.Build.0 = Release|Any CPU
		{D7E6F7A8-6D95-462D-9F41-8E55F6BA0FBB}.Release|x86.ActiveCfg = Release|Any CPU
		{D7E6F7A8-6D95-462D-9F41-8E55F6BA0FBB}.Release|x86.Build.0 = Release|Any CPU
		{32E7C8B3-F4EE-45F0-8B0E-D88E28DCF936}.Debug|Any CPU.ActiveCfg = Debug|Any CPU
		{32E7C8B3-F4EE-45F0-8B0E-D88E28DCF936}.Debug|Any CPU.Build.0 = Debug|Any CPU
		{32E7C8B3-F4EE-45F0-8B0E-D88E28DCF936}.Debug|ARM.ActiveCfg = Debug|Any CPU
		{32E7C8B3-F4EE-45F0-8B0E-D88E28DCF936}.Debug|ARM.Build.0 = Debug|Any CPU
		{32E7C8B3-F4EE-45F0-8B0E-D88E28DCF936}.Debug|ARM64.ActiveCfg = Debug|Any CPU
		{32E7C8B3-F4EE-45F0-8B0E-D88E28DCF936}.Debug|ARM64.Build.0 = Debug|Any CPU
		{32E7C8B3-F4EE-45F0-8B0E-D88E28DCF936}.Debug|x64.ActiveCfg = Debug|Any CPU
		{32E7C8B3-F4EE-45F0-8B0E-D88E28DCF936}.Debug|x64.Build.0 = Debug|Any CPU
		{32E7C8B3-F4EE-45F0-8B0E-D88E28DCF936}.Debug|x86.ActiveCfg = Debug|Any CPU
		{32E7C8B3-F4EE-45F0-8B0E-D88E28DCF936}.Debug|x86.Build.0 = Debug|Any CPU
		{32E7C8B3-F4EE-45F0-8B0E-D88E28DCF936}.Release|Any CPU.ActiveCfg = Release|Any CPU
		{32E7C8B3-F4EE-45F0-8B0E-D88E28DCF936}.Release|Any CPU.Build.0 = Release|Any CPU
		{32E7C8B3-F4EE-45F0-8B0E-D88E28DCF936}.Release|ARM.ActiveCfg = Release|Any CPU
		{32E7C8B3-F4EE-45F0-8B0E-D88E28DCF936}.Release|ARM.Build.0 = Release|Any CPU
		{32E7C8B3-F4EE-45F0-8B0E-D88E28DCF936}.Release|ARM64.ActiveCfg = Release|Any CPU
		{32E7C8B3-F4EE-45F0-8B0E-D88E28DCF936}.Release|ARM64.Build.0 = Release|Any CPU
		{32E7C8B3-F4EE-45F0-8B0E-D88E28DCF936}.Release|x64.ActiveCfg = Release|Any CPU
		{32E7C8B3-F4EE-45F0-8B0E-D88E28DCF936}.Release|x64.Build.0 = Release|Any CPU
		{32E7C8B3-F4EE-45F0-8B0E-D88E28DCF936}.Release|x86.ActiveCfg = Release|Any CPU
		{32E7C8B3-F4EE-45F0-8B0E-D88E28DCF936}.Release|x86.Build.0 = Release|Any CPU
		{93168FD9-6C19-4FBB-BC7E-657E67DCE9FD}.Debug|Any CPU.ActiveCfg = Debug|Any CPU
		{93168FD9-6C19-4FBB-BC7E-657E67DCE9FD}.Debug|Any CPU.Build.0 = Debug|Any CPU
		{93168FD9-6C19-4FBB-BC7E-657E67DCE9FD}.Debug|ARM.ActiveCfg = Debug|Any CPU
		{93168FD9-6C19-4FBB-BC7E-657E67DCE9FD}.Debug|ARM.Build.0 = Debug|Any CPU
		{93168FD9-6C19-4FBB-BC7E-657E67DCE9FD}.Debug|ARM64.ActiveCfg = Debug|Any CPU
		{93168FD9-6C19-4FBB-BC7E-657E67DCE9FD}.Debug|ARM64.Build.0 = Debug|Any CPU
		{93168FD9-6C19-4FBB-BC7E-657E67DCE9FD}.Debug|x64.ActiveCfg = Debug|Any CPU
		{93168FD9-6C19-4FBB-BC7E-657E67DCE9FD}.Debug|x64.Build.0 = Debug|Any CPU
		{93168FD9-6C19-4FBB-BC7E-657E67DCE9FD}.Debug|x86.ActiveCfg = Debug|Any CPU
		{93168FD9-6C19-4FBB-BC7E-657E67DCE9FD}.Debug|x86.Build.0 = Debug|Any CPU
		{93168FD9-6C19-4FBB-BC7E-657E67DCE9FD}.Release|Any CPU.ActiveCfg = Release|Any CPU
		{93168FD9-6C19-4FBB-BC7E-657E67DCE9FD}.Release|Any CPU.Build.0 = Release|Any CPU
		{93168FD9-6C19-4FBB-BC7E-657E67DCE9FD}.Release|ARM.ActiveCfg = Release|Any CPU
		{93168FD9-6C19-4FBB-BC7E-657E67DCE9FD}.Release|ARM.Build.0 = Release|Any CPU
		{93168FD9-6C19-4FBB-BC7E-657E67DCE9FD}.Release|ARM64.ActiveCfg = Release|Any CPU
		{93168FD9-6C19-4FBB-BC7E-657E67DCE9FD}.Release|ARM64.Build.0 = Release|Any CPU
		{93168FD9-6C19-4FBB-BC7E-657E67DCE9FD}.Release|x64.ActiveCfg = Release|Any CPU
		{93168FD9-6C19-4FBB-BC7E-657E67DCE9FD}.Release|x64.Build.0 = Release|Any CPU
		{93168FD9-6C19-4FBB-BC7E-657E67DCE9FD}.Release|x86.ActiveCfg = Release|Any CPU
		{93168FD9-6C19-4FBB-BC7E-657E67DCE9FD}.Release|x86.Build.0 = Release|Any CPU
		{590217E0-76C4-4501-B161-F3AF38645C6A}.Debug|Any CPU.ActiveCfg = Debug|Any CPU
		{590217E0-76C4-4501-B161-F3AF38645C6A}.Debug|Any CPU.Build.0 = Debug|Any CPU
		{590217E0-76C4-4501-B161-F3AF38645C6A}.Debug|ARM.ActiveCfg = Debug|Any CPU
		{590217E0-76C4-4501-B161-F3AF38645C6A}.Debug|ARM.Build.0 = Debug|Any CPU
		{590217E0-76C4-4501-B161-F3AF38645C6A}.Debug|ARM64.ActiveCfg = Debug|Any CPU
		{590217E0-76C4-4501-B161-F3AF38645C6A}.Debug|ARM64.Build.0 = Debug|Any CPU
		{590217E0-76C4-4501-B161-F3AF38645C6A}.Debug|x64.ActiveCfg = Debug|Any CPU
		{590217E0-76C4-4501-B161-F3AF38645C6A}.Debug|x64.Build.0 = Debug|Any CPU
		{590217E0-76C4-4501-B161-F3AF38645C6A}.Debug|x86.ActiveCfg = Debug|Any CPU
		{590217E0-76C4-4501-B161-F3AF38645C6A}.Debug|x86.Build.0 = Debug|Any CPU
		{590217E0-76C4-4501-B161-F3AF38645C6A}.Release|Any CPU.ActiveCfg = Release|Any CPU
		{590217E0-76C4-4501-B161-F3AF38645C6A}.Release|Any CPU.Build.0 = Release|Any CPU
		{590217E0-76C4-4501-B161-F3AF38645C6A}.Release|ARM.ActiveCfg = Release|Any CPU
		{590217E0-76C4-4501-B161-F3AF38645C6A}.Release|ARM.Build.0 = Release|Any CPU
		{590217E0-76C4-4501-B161-F3AF38645C6A}.Release|ARM64.ActiveCfg = Release|Any CPU
		{590217E0-76C4-4501-B161-F3AF38645C6A}.Release|ARM64.Build.0 = Release|Any CPU
		{590217E0-76C4-4501-B161-F3AF38645C6A}.Release|x64.ActiveCfg = Release|Any CPU
		{590217E0-76C4-4501-B161-F3AF38645C6A}.Release|x64.Build.0 = Release|Any CPU
		{590217E0-76C4-4501-B161-F3AF38645C6A}.Release|x86.ActiveCfg = Release|Any CPU
		{590217E0-76C4-4501-B161-F3AF38645C6A}.Release|x86.Build.0 = Release|Any CPU
		{1AE04B2F-6317-4F61-A57B-29ACCC0071CB}.Debug|Any CPU.ActiveCfg = Debug|Any CPU
		{1AE04B2F-6317-4F61-A57B-29ACCC0071CB}.Debug|Any CPU.Build.0 = Debug|Any CPU
		{1AE04B2F-6317-4F61-A57B-29ACCC0071CB}.Debug|ARM.ActiveCfg = Debug|Any CPU
		{1AE04B2F-6317-4F61-A57B-29ACCC0071CB}.Debug|ARM.Build.0 = Debug|Any CPU
		{1AE04B2F-6317-4F61-A57B-29ACCC0071CB}.Debug|ARM64.ActiveCfg = Debug|Any CPU
		{1AE04B2F-6317-4F61-A57B-29ACCC0071CB}.Debug|ARM64.Build.0 = Debug|Any CPU
		{1AE04B2F-6317-4F61-A57B-29ACCC0071CB}.Debug|x64.ActiveCfg = Debug|Any CPU
		{1AE04B2F-6317-4F61-A57B-29ACCC0071CB}.Debug|x64.Build.0 = Debug|Any CPU
		{1AE04B2F-6317-4F61-A57B-29ACCC0071CB}.Debug|x86.ActiveCfg = Debug|Any CPU
		{1AE04B2F-6317-4F61-A57B-29ACCC0071CB}.Debug|x86.Build.0 = Debug|Any CPU
		{1AE04B2F-6317-4F61-A57B-29ACCC0071CB}.Release|Any CPU.ActiveCfg = Release|Any CPU
		{1AE04B2F-6317-4F61-A57B-29ACCC0071CB}.Release|Any CPU.Build.0 = Release|Any CPU
		{1AE04B2F-6317-4F61-A57B-29ACCC0071CB}.Release|ARM.ActiveCfg = Release|Any CPU
		{1AE04B2F-6317-4F61-A57B-29ACCC0071CB}.Release|ARM.Build.0 = Release|Any CPU
		{1AE04B2F-6317-4F61-A57B-29ACCC0071CB}.Release|ARM64.ActiveCfg = Release|Any CPU
		{1AE04B2F-6317-4F61-A57B-29ACCC0071CB}.Release|ARM64.Build.0 = Release|Any CPU
		{1AE04B2F-6317-4F61-A57B-29ACCC0071CB}.Release|x64.ActiveCfg = Release|Any CPU
		{1AE04B2F-6317-4F61-A57B-29ACCC0071CB}.Release|x64.Build.0 = Release|Any CPU
		{1AE04B2F-6317-4F61-A57B-29ACCC0071CB}.Release|x86.ActiveCfg = Release|Any CPU
		{1AE04B2F-6317-4F61-A57B-29ACCC0071CB}.Release|x86.Build.0 = Release|Any CPU
		{702FF119-0E88-4E48-9279-A59F7D46DB42}.Debug|Any CPU.ActiveCfg = Debug|Any CPU
		{702FF119-0E88-4E48-9279-A59F7D46DB42}.Debug|Any CPU.Build.0 = Debug|Any CPU
		{702FF119-0E88-4E48-9279-A59F7D46DB42}.Debug|ARM.ActiveCfg = Debug|Any CPU
		{702FF119-0E88-4E48-9279-A59F7D46DB42}.Debug|ARM.Build.0 = Debug|Any CPU
		{702FF119-0E88-4E48-9279-A59F7D46DB42}.Debug|ARM64.ActiveCfg = Debug|Any CPU
		{702FF119-0E88-4E48-9279-A59F7D46DB42}.Debug|ARM64.Build.0 = Debug|Any CPU
		{702FF119-0E88-4E48-9279-A59F7D46DB42}.Debug|x64.ActiveCfg = Debug|Any CPU
		{702FF119-0E88-4E48-9279-A59F7D46DB42}.Debug|x64.Build.0 = Debug|Any CPU
		{702FF119-0E88-4E48-9279-A59F7D46DB42}.Debug|x86.ActiveCfg = Debug|Any CPU
		{702FF119-0E88-4E48-9279-A59F7D46DB42}.Debug|x86.Build.0 = Debug|Any CPU
		{702FF119-0E88-4E48-9279-A59F7D46DB42}.Release|Any CPU.ActiveCfg = Release|Any CPU
		{702FF119-0E88-4E48-9279-A59F7D46DB42}.Release|Any CPU.Build.0 = Release|Any CPU
		{702FF119-0E88-4E48-9279-A59F7D46DB42}.Release|ARM.ActiveCfg = Release|Any CPU
		{702FF119-0E88-4E48-9279-A59F7D46DB42}.Release|ARM.Build.0 = Release|Any CPU
		{702FF119-0E88-4E48-9279-A59F7D46DB42}.Release|ARM64.ActiveCfg = Release|Any CPU
		{702FF119-0E88-4E48-9279-A59F7D46DB42}.Release|ARM64.Build.0 = Release|Any CPU
		{702FF119-0E88-4E48-9279-A59F7D46DB42}.Release|x64.ActiveCfg = Release|Any CPU
		{702FF119-0E88-4E48-9279-A59F7D46DB42}.Release|x64.Build.0 = Release|Any CPU
		{702FF119-0E88-4E48-9279-A59F7D46DB42}.Release|x86.ActiveCfg = Release|Any CPU
		{702FF119-0E88-4E48-9279-A59F7D46DB42}.Release|x86.Build.0 = Release|Any CPU
		{1E363987-165E-4EA6-A0E1-FAD82B7C0633}.Debug|Any CPU.ActiveCfg = Debug|Any CPU
		{1E363987-165E-4EA6-A0E1-FAD82B7C0633}.Debug|Any CPU.Build.0 = Debug|Any CPU
		{1E363987-165E-4EA6-A0E1-FAD82B7C0633}.Debug|ARM.ActiveCfg = Debug|Any CPU
		{1E363987-165E-4EA6-A0E1-FAD82B7C0633}.Debug|ARM.Build.0 = Debug|Any CPU
		{1E363987-165E-4EA6-A0E1-FAD82B7C0633}.Debug|ARM64.ActiveCfg = Debug|Any CPU
		{1E363987-165E-4EA6-A0E1-FAD82B7C0633}.Debug|ARM64.Build.0 = Debug|Any CPU
		{1E363987-165E-4EA6-A0E1-FAD82B7C0633}.Debug|x64.ActiveCfg = Debug|Any CPU
		{1E363987-165E-4EA6-A0E1-FAD82B7C0633}.Debug|x64.Build.0 = Debug|Any CPU
		{1E363987-165E-4EA6-A0E1-FAD82B7C0633}.Debug|x86.ActiveCfg = Debug|Any CPU
		{1E363987-165E-4EA6-A0E1-FAD82B7C0633}.Debug|x86.Build.0 = Debug|Any CPU
		{1E363987-165E-4EA6-A0E1-FAD82B7C0633}.Release|Any CPU.ActiveCfg = Release|Any CPU
		{1E363987-165E-4EA6-A0E1-FAD82B7C0633}.Release|Any CPU.Build.0 = Release|Any CPU
		{1E363987-165E-4EA6-A0E1-FAD82B7C0633}.Release|ARM.ActiveCfg = Release|Any CPU
		{1E363987-165E-4EA6-A0E1-FAD82B7C0633}.Release|ARM.Build.0 = Release|Any CPU
		{1E363987-165E-4EA6-A0E1-FAD82B7C0633}.Release|ARM64.ActiveCfg = Release|Any CPU
		{1E363987-165E-4EA6-A0E1-FAD82B7C0633}.Release|ARM64.Build.0 = Release|Any CPU
		{1E363987-165E-4EA6-A0E1-FAD82B7C0633}.Release|x64.ActiveCfg = Release|Any CPU
		{1E363987-165E-4EA6-A0E1-FAD82B7C0633}.Release|x64.Build.0 = Release|Any CPU
		{1E363987-165E-4EA6-A0E1-FAD82B7C0633}.Release|x86.ActiveCfg = Release|Any CPU
		{1E363987-165E-4EA6-A0E1-FAD82B7C0633}.Release|x86.Build.0 = Release|Any CPU
		{894EC791-852B-4510-BCDA-C81E01874F1F}.Debug|Any CPU.ActiveCfg = Debug|Any CPU
		{894EC791-852B-4510-BCDA-C81E01874F1F}.Debug|Any CPU.Build.0 = Debug|Any CPU
		{894EC791-852B-4510-BCDA-C81E01874F1F}.Debug|ARM.ActiveCfg = Debug|Any CPU
		{894EC791-852B-4510-BCDA-C81E01874F1F}.Debug|ARM.Build.0 = Debug|Any CPU
		{894EC791-852B-4510-BCDA-C81E01874F1F}.Debug|ARM64.ActiveCfg = Debug|Any CPU
		{894EC791-852B-4510-BCDA-C81E01874F1F}.Debug|ARM64.Build.0 = Debug|Any CPU
		{894EC791-852B-4510-BCDA-C81E01874F1F}.Debug|x64.ActiveCfg = Debug|Any CPU
		{894EC791-852B-4510-BCDA-C81E01874F1F}.Debug|x64.Build.0 = Debug|Any CPU
		{894EC791-852B-4510-BCDA-C81E01874F1F}.Debug|x86.ActiveCfg = Debug|Any CPU
		{894EC791-852B-4510-BCDA-C81E01874F1F}.Debug|x86.Build.0 = Debug|Any CPU
		{894EC791-852B-4510-BCDA-C81E01874F1F}.Release|Any CPU.ActiveCfg = Release|Any CPU
		{894EC791-852B-4510-BCDA-C81E01874F1F}.Release|Any CPU.Build.0 = Release|Any CPU
		{894EC791-852B-4510-BCDA-C81E01874F1F}.Release|ARM.ActiveCfg = Release|Any CPU
		{894EC791-852B-4510-BCDA-C81E01874F1F}.Release|ARM.Build.0 = Release|Any CPU
		{894EC791-852B-4510-BCDA-C81E01874F1F}.Release|ARM64.ActiveCfg = Release|Any CPU
		{894EC791-852B-4510-BCDA-C81E01874F1F}.Release|ARM64.Build.0 = Release|Any CPU
		{894EC791-852B-4510-BCDA-C81E01874F1F}.Release|x64.ActiveCfg = Release|Any CPU
		{894EC791-852B-4510-BCDA-C81E01874F1F}.Release|x64.Build.0 = Release|Any CPU
		{894EC791-852B-4510-BCDA-C81E01874F1F}.Release|x86.ActiveCfg = Release|Any CPU
		{894EC791-852B-4510-BCDA-C81E01874F1F}.Release|x86.Build.0 = Release|Any CPU
		{C4D11FF0-3CB0-4B07-BE17-56F35F6E8937}.Debug|Any CPU.ActiveCfg = Debug|Any CPU
		{C4D11FF0-3CB0-4B07-BE17-56F35F6E8937}.Debug|Any CPU.Build.0 = Debug|Any CPU
		{C4D11FF0-3CB0-4B07-BE17-56F35F6E8937}.Debug|ARM.ActiveCfg = Debug|Any CPU
		{C4D11FF0-3CB0-4B07-BE17-56F35F6E8937}.Debug|ARM.Build.0 = Debug|Any CPU
		{C4D11FF0-3CB0-4B07-BE17-56F35F6E8937}.Debug|ARM64.ActiveCfg = Debug|Any CPU
		{C4D11FF0-3CB0-4B07-BE17-56F35F6E8937}.Debug|ARM64.Build.0 = Debug|Any CPU
		{C4D11FF0-3CB0-4B07-BE17-56F35F6E8937}.Debug|x64.ActiveCfg = Debug|Any CPU
		{C4D11FF0-3CB0-4B07-BE17-56F35F6E8937}.Debug|x64.Build.0 = Debug|Any CPU
		{C4D11FF0-3CB0-4B07-BE17-56F35F6E8937}.Debug|x86.ActiveCfg = Debug|Any CPU
		{C4D11FF0-3CB0-4B07-BE17-56F35F6E8937}.Debug|x86.Build.0 = Debug|Any CPU
		{C4D11FF0-3CB0-4B07-BE17-56F35F6E8937}.Release|Any CPU.ActiveCfg = Release|Any CPU
		{C4D11FF0-3CB0-4B07-BE17-56F35F6E8937}.Release|Any CPU.Build.0 = Release|Any CPU
		{C4D11FF0-3CB0-4B07-BE17-56F35F6E8937}.Release|ARM.ActiveCfg = Release|Any CPU
		{C4D11FF0-3CB0-4B07-BE17-56F35F6E8937}.Release|ARM.Build.0 = Release|Any CPU
		{C4D11FF0-3CB0-4B07-BE17-56F35F6E8937}.Release|ARM64.ActiveCfg = Release|Any CPU
		{C4D11FF0-3CB0-4B07-BE17-56F35F6E8937}.Release|ARM64.Build.0 = Release|Any CPU
		{C4D11FF0-3CB0-4B07-BE17-56F35F6E8937}.Release|x64.ActiveCfg = Release|Any CPU
		{C4D11FF0-3CB0-4B07-BE17-56F35F6E8937}.Release|x64.Build.0 = Release|Any CPU
		{C4D11FF0-3CB0-4B07-BE17-56F35F6E8937}.Release|x86.ActiveCfg = Release|Any CPU
		{C4D11FF0-3CB0-4B07-BE17-56F35F6E8937}.Release|x86.Build.0 = Release|Any CPU
		{D77B09A4-B06A-4C2E-8FE2-A499DC1F0522}.Debug|Any CPU.ActiveCfg = Debug|Any CPU
		{D77B09A4-B06A-4C2E-8FE2-A499DC1F0522}.Debug|Any CPU.Build.0 = Debug|Any CPU
		{D77B09A4-B06A-4C2E-8FE2-A499DC1F0522}.Debug|ARM.ActiveCfg = Debug|Any CPU
		{D77B09A4-B06A-4C2E-8FE2-A499DC1F0522}.Debug|ARM.Build.0 = Debug|Any CPU
		{D77B09A4-B06A-4C2E-8FE2-A499DC1F0522}.Debug|ARM64.ActiveCfg = Debug|Any CPU
		{D77B09A4-B06A-4C2E-8FE2-A499DC1F0522}.Debug|ARM64.Build.0 = Debug|Any CPU
		{D77B09A4-B06A-4C2E-8FE2-A499DC1F0522}.Debug|x64.ActiveCfg = Debug|Any CPU
		{D77B09A4-B06A-4C2E-8FE2-A499DC1F0522}.Debug|x64.Build.0 = Debug|Any CPU
		{D77B09A4-B06A-4C2E-8FE2-A499DC1F0522}.Debug|x86.ActiveCfg = Debug|Any CPU
		{D77B09A4-B06A-4C2E-8FE2-A499DC1F0522}.Debug|x86.Build.0 = Debug|Any CPU
		{D77B09A4-B06A-4C2E-8FE2-A499DC1F0522}.Release|Any CPU.ActiveCfg = Release|Any CPU
		{D77B09A4-B06A-4C2E-8FE2-A499DC1F0522}.Release|Any CPU.Build.0 = Release|Any CPU
		{D77B09A4-B06A-4C2E-8FE2-A499DC1F0522}.Release|ARM.ActiveCfg = Release|Any CPU
		{D77B09A4-B06A-4C2E-8FE2-A499DC1F0522}.Release|ARM.Build.0 = Release|Any CPU
		{D77B09A4-B06A-4C2E-8FE2-A499DC1F0522}.Release|ARM64.ActiveCfg = Release|Any CPU
		{D77B09A4-B06A-4C2E-8FE2-A499DC1F0522}.Release|ARM64.Build.0 = Release|Any CPU
		{D77B09A4-B06A-4C2E-8FE2-A499DC1F0522}.Release|x64.ActiveCfg = Release|Any CPU
		{D77B09A4-B06A-4C2E-8FE2-A499DC1F0522}.Release|x64.Build.0 = Release|Any CPU
		{D77B09A4-B06A-4C2E-8FE2-A499DC1F0522}.Release|x86.ActiveCfg = Release|Any CPU
		{D77B09A4-B06A-4C2E-8FE2-A499DC1F0522}.Release|x86.Build.0 = Release|Any CPU
		{610C1259-9BC9-4EA8-8C0A-6D32C6D7690E}.Debug|Any CPU.ActiveCfg = Debug|Any CPU
		{610C1259-9BC9-4EA8-8C0A-6D32C6D7690E}.Debug|Any CPU.Build.0 = Debug|Any CPU
		{610C1259-9BC9-4EA8-8C0A-6D32C6D7690E}.Debug|ARM.ActiveCfg = Debug|Any CPU
		{610C1259-9BC9-4EA8-8C0A-6D32C6D7690E}.Debug|ARM.Build.0 = Debug|Any CPU
		{610C1259-9BC9-4EA8-8C0A-6D32C6D7690E}.Debug|ARM64.ActiveCfg = Debug|Any CPU
		{610C1259-9BC9-4EA8-8C0A-6D32C6D7690E}.Debug|ARM64.Build.0 = Debug|Any CPU
		{610C1259-9BC9-4EA8-8C0A-6D32C6D7690E}.Debug|x64.ActiveCfg = Debug|Any CPU
		{610C1259-9BC9-4EA8-8C0A-6D32C6D7690E}.Debug|x64.Build.0 = Debug|Any CPU
		{610C1259-9BC9-4EA8-8C0A-6D32C6D7690E}.Debug|x86.ActiveCfg = Debug|Any CPU
		{610C1259-9BC9-4EA8-8C0A-6D32C6D7690E}.Debug|x86.Build.0 = Debug|Any CPU
		{610C1259-9BC9-4EA8-8C0A-6D32C6D7690E}.Release|Any CPU.ActiveCfg = Release|Any CPU
		{610C1259-9BC9-4EA8-8C0A-6D32C6D7690E}.Release|Any CPU.Build.0 = Release|Any CPU
		{610C1259-9BC9-4EA8-8C0A-6D32C6D7690E}.Release|ARM.ActiveCfg = Release|Any CPU
		{610C1259-9BC9-4EA8-8C0A-6D32C6D7690E}.Release|ARM.Build.0 = Release|Any CPU
		{610C1259-9BC9-4EA8-8C0A-6D32C6D7690E}.Release|ARM64.ActiveCfg = Release|Any CPU
		{610C1259-9BC9-4EA8-8C0A-6D32C6D7690E}.Release|ARM64.Build.0 = Release|Any CPU
		{610C1259-9BC9-4EA8-8C0A-6D32C6D7690E}.Release|x64.ActiveCfg = Release|Any CPU
		{610C1259-9BC9-4EA8-8C0A-6D32C6D7690E}.Release|x64.Build.0 = Release|Any CPU
		{610C1259-9BC9-4EA8-8C0A-6D32C6D7690E}.Release|x86.ActiveCfg = Release|Any CPU
		{610C1259-9BC9-4EA8-8C0A-6D32C6D7690E}.Release|x86.Build.0 = Release|Any CPU
		{0E0EB8F9-41C9-463F-A333-17382B5318FA}.Debug|Any CPU.ActiveCfg = Debug|Any CPU
		{0E0EB8F9-41C9-463F-A333-17382B5318FA}.Debug|Any CPU.Build.0 = Debug|Any CPU
		{0E0EB8F9-41C9-463F-A333-17382B5318FA}.Debug|ARM.ActiveCfg = Debug|Any CPU
		{0E0EB8F9-41C9-463F-A333-17382B5318FA}.Debug|ARM.Build.0 = Debug|Any CPU
		{0E0EB8F9-41C9-463F-A333-17382B5318FA}.Debug|ARM64.ActiveCfg = Debug|Any CPU
		{0E0EB8F9-41C9-463F-A333-17382B5318FA}.Debug|ARM64.Build.0 = Debug|Any CPU
		{0E0EB8F9-41C9-463F-A333-17382B5318FA}.Debug|x64.ActiveCfg = Debug|Any CPU
		{0E0EB8F9-41C9-463F-A333-17382B5318FA}.Debug|x64.Build.0 = Debug|Any CPU
		{0E0EB8F9-41C9-463F-A333-17382B5318FA}.Debug|x86.ActiveCfg = Debug|Any CPU
		{0E0EB8F9-41C9-463F-A333-17382B5318FA}.Debug|x86.Build.0 = Debug|Any CPU
		{0E0EB8F9-41C9-463F-A333-17382B5318FA}.Release|Any CPU.ActiveCfg = Release|Any CPU
		{0E0EB8F9-41C9-463F-A333-17382B5318FA}.Release|Any CPU.Build.0 = Release|Any CPU
		{0E0EB8F9-41C9-463F-A333-17382B5318FA}.Release|ARM.ActiveCfg = Release|Any CPU
		{0E0EB8F9-41C9-463F-A333-17382B5318FA}.Release|ARM.Build.0 = Release|Any CPU
		{0E0EB8F9-41C9-463F-A333-17382B5318FA}.Release|ARM64.ActiveCfg = Release|Any CPU
		{0E0EB8F9-41C9-463F-A333-17382B5318FA}.Release|ARM64.Build.0 = Release|Any CPU
		{0E0EB8F9-41C9-463F-A333-17382B5318FA}.Release|x64.ActiveCfg = Release|Any CPU
		{0E0EB8F9-41C9-463F-A333-17382B5318FA}.Release|x64.Build.0 = Release|Any CPU
		{0E0EB8F9-41C9-463F-A333-17382B5318FA}.Release|x86.ActiveCfg = Release|Any CPU
		{0E0EB8F9-41C9-463F-A333-17382B5318FA}.Release|x86.Build.0 = Release|Any CPU
		{061189AC-3105-4C02-A639-856E070660EB}.Debug|Any CPU.ActiveCfg = Debug|Any CPU
		{061189AC-3105-4C02-A639-856E070660EB}.Debug|Any CPU.Build.0 = Debug|Any CPU
		{061189AC-3105-4C02-A639-856E070660EB}.Debug|ARM.ActiveCfg = Debug|Any CPU
		{061189AC-3105-4C02-A639-856E070660EB}.Debug|ARM.Build.0 = Debug|Any CPU
		{061189AC-3105-4C02-A639-856E070660EB}.Debug|ARM64.ActiveCfg = Debug|Any CPU
		{061189AC-3105-4C02-A639-856E070660EB}.Debug|ARM64.Build.0 = Debug|Any CPU
		{061189AC-3105-4C02-A639-856E070660EB}.Debug|x64.ActiveCfg = Debug|Any CPU
		{061189AC-3105-4C02-A639-856E070660EB}.Debug|x64.Build.0 = Debug|Any CPU
		{061189AC-3105-4C02-A639-856E070660EB}.Debug|x86.ActiveCfg = Debug|Any CPU
		{061189AC-3105-4C02-A639-856E070660EB}.Debug|x86.Build.0 = Debug|Any CPU
		{061189AC-3105-4C02-A639-856E070660EB}.Release|Any CPU.ActiveCfg = Release|Any CPU
		{061189AC-3105-4C02-A639-856E070660EB}.Release|Any CPU.Build.0 = Release|Any CPU
		{061189AC-3105-4C02-A639-856E070660EB}.Release|ARM.ActiveCfg = Release|Any CPU
		{061189AC-3105-4C02-A639-856E070660EB}.Release|ARM.Build.0 = Release|Any CPU
		{061189AC-3105-4C02-A639-856E070660EB}.Release|ARM64.ActiveCfg = Release|Any CPU
		{061189AC-3105-4C02-A639-856E070660EB}.Release|ARM64.Build.0 = Release|Any CPU
		{061189AC-3105-4C02-A639-856E070660EB}.Release|x64.ActiveCfg = Release|Any CPU
		{061189AC-3105-4C02-A639-856E070660EB}.Release|x64.Build.0 = Release|Any CPU
		{061189AC-3105-4C02-A639-856E070660EB}.Release|x86.ActiveCfg = Release|Any CPU
		{061189AC-3105-4C02-A639-856E070660EB}.Release|x86.Build.0 = Release|Any CPU
		{3AD0D9AD-5C83-4E3F-8F00-DAB3CFA3F695}.Debug|Any CPU.ActiveCfg = Debug|Any CPU
		{3AD0D9AD-5C83-4E3F-8F00-DAB3CFA3F695}.Debug|Any CPU.Build.0 = Debug|Any CPU
		{3AD0D9AD-5C83-4E3F-8F00-DAB3CFA3F695}.Debug|ARM.ActiveCfg = Debug|Any CPU
		{3AD0D9AD-5C83-4E3F-8F00-DAB3CFA3F695}.Debug|ARM.Build.0 = Debug|Any CPU
		{3AD0D9AD-5C83-4E3F-8F00-DAB3CFA3F695}.Debug|ARM64.ActiveCfg = Debug|Any CPU
		{3AD0D9AD-5C83-4E3F-8F00-DAB3CFA3F695}.Debug|ARM64.Build.0 = Debug|Any CPU
		{3AD0D9AD-5C83-4E3F-8F00-DAB3CFA3F695}.Debug|x64.ActiveCfg = Debug|Any CPU
		{3AD0D9AD-5C83-4E3F-8F00-DAB3CFA3F695}.Debug|x64.Build.0 = Debug|Any CPU
		{3AD0D9AD-5C83-4E3F-8F00-DAB3CFA3F695}.Debug|x86.ActiveCfg = Debug|Any CPU
		{3AD0D9AD-5C83-4E3F-8F00-DAB3CFA3F695}.Debug|x86.Build.0 = Debug|Any CPU
		{3AD0D9AD-5C83-4E3F-8F00-DAB3CFA3F695}.Release|Any CPU.ActiveCfg = Release|Any CPU
		{3AD0D9AD-5C83-4E3F-8F00-DAB3CFA3F695}.Release|Any CPU.Build.0 = Release|Any CPU
		{3AD0D9AD-5C83-4E3F-8F00-DAB3CFA3F695}.Release|ARM.ActiveCfg = Release|Any CPU
		{3AD0D9AD-5C83-4E3F-8F00-DAB3CFA3F695}.Release|ARM.Build.0 = Release|Any CPU
		{3AD0D9AD-5C83-4E3F-8F00-DAB3CFA3F695}.Release|ARM64.ActiveCfg = Release|Any CPU
		{3AD0D9AD-5C83-4E3F-8F00-DAB3CFA3F695}.Release|ARM64.Build.0 = Release|Any CPU
		{3AD0D9AD-5C83-4E3F-8F00-DAB3CFA3F695}.Release|x64.ActiveCfg = Release|Any CPU
		{3AD0D9AD-5C83-4E3F-8F00-DAB3CFA3F695}.Release|x64.Build.0 = Release|Any CPU
		{3AD0D9AD-5C83-4E3F-8F00-DAB3CFA3F695}.Release|x86.ActiveCfg = Release|Any CPU
		{3AD0D9AD-5C83-4E3F-8F00-DAB3CFA3F695}.Release|x86.Build.0 = Release|Any CPU
		{C57194AE-1C57-40FA-AE07-5E9FEF6C2F85}.Debug|Any CPU.ActiveCfg = Debug|Any CPU
		{C57194AE-1C57-40FA-AE07-5E9FEF6C2F85}.Debug|Any CPU.Build.0 = Debug|Any CPU
		{C57194AE-1C57-40FA-AE07-5E9FEF6C2F85}.Debug|ARM.ActiveCfg = Debug|Any CPU
		{C57194AE-1C57-40FA-AE07-5E9FEF6C2F85}.Debug|ARM.Build.0 = Debug|Any CPU
		{C57194AE-1C57-40FA-AE07-5E9FEF6C2F85}.Debug|ARM64.ActiveCfg = Debug|Any CPU
		{C57194AE-1C57-40FA-AE07-5E9FEF6C2F85}.Debug|ARM64.Build.0 = Debug|Any CPU
		{C57194AE-1C57-40FA-AE07-5E9FEF6C2F85}.Debug|x64.ActiveCfg = Debug|Any CPU
		{C57194AE-1C57-40FA-AE07-5E9FEF6C2F85}.Debug|x64.Build.0 = Debug|Any CPU
		{C57194AE-1C57-40FA-AE07-5E9FEF6C2F85}.Debug|x86.ActiveCfg = Debug|Any CPU
		{C57194AE-1C57-40FA-AE07-5E9FEF6C2F85}.Debug|x86.Build.0 = Debug|Any CPU
		{C57194AE-1C57-40FA-AE07-5E9FEF6C2F85}.Release|Any CPU.ActiveCfg = Release|Any CPU
		{C57194AE-1C57-40FA-AE07-5E9FEF6C2F85}.Release|Any CPU.Build.0 = Release|Any CPU
		{C57194AE-1C57-40FA-AE07-5E9FEF6C2F85}.Release|ARM.ActiveCfg = Release|Any CPU
		{C57194AE-1C57-40FA-AE07-5E9FEF6C2F85}.Release|ARM.Build.0 = Release|Any CPU
		{C57194AE-1C57-40FA-AE07-5E9FEF6C2F85}.Release|ARM64.ActiveCfg = Release|Any CPU
		{C57194AE-1C57-40FA-AE07-5E9FEF6C2F85}.Release|ARM64.Build.0 = Release|Any CPU
		{C57194AE-1C57-40FA-AE07-5E9FEF6C2F85}.Release|x64.ActiveCfg = Release|Any CPU
		{C57194AE-1C57-40FA-AE07-5E9FEF6C2F85}.Release|x64.Build.0 = Release|Any CPU
		{C57194AE-1C57-40FA-AE07-5E9FEF6C2F85}.Release|x86.ActiveCfg = Release|Any CPU
		{C57194AE-1C57-40FA-AE07-5E9FEF6C2F85}.Release|x86.Build.0 = Release|Any CPU
		{1E2A6BED-6CC4-4D9D-9B57-3FD83FB1A2C8}.Debug|Any CPU.ActiveCfg = Debug|Any CPU
		{1E2A6BED-6CC4-4D9D-9B57-3FD83FB1A2C8}.Debug|Any CPU.Build.0 = Debug|Any CPU
		{1E2A6BED-6CC4-4D9D-9B57-3FD83FB1A2C8}.Debug|ARM.ActiveCfg = Debug|Any CPU
		{1E2A6BED-6CC4-4D9D-9B57-3FD83FB1A2C8}.Debug|ARM.Build.0 = Debug|Any CPU
		{1E2A6BED-6CC4-4D9D-9B57-3FD83FB1A2C8}.Debug|ARM64.ActiveCfg = Debug|Any CPU
		{1E2A6BED-6CC4-4D9D-9B57-3FD83FB1A2C8}.Debug|ARM64.Build.0 = Debug|Any CPU
		{1E2A6BED-6CC4-4D9D-9B57-3FD83FB1A2C8}.Debug|x64.ActiveCfg = Debug|Any CPU
		{1E2A6BED-6CC4-4D9D-9B57-3FD83FB1A2C8}.Debug|x64.Build.0 = Debug|Any CPU
		{1E2A6BED-6CC4-4D9D-9B57-3FD83FB1A2C8}.Debug|x86.ActiveCfg = Debug|Any CPU
		{1E2A6BED-6CC4-4D9D-9B57-3FD83FB1A2C8}.Debug|x86.Build.0 = Debug|Any CPU
		{1E2A6BED-6CC4-4D9D-9B57-3FD83FB1A2C8}.Release|Any CPU.ActiveCfg = Release|Any CPU
		{1E2A6BED-6CC4-4D9D-9B57-3FD83FB1A2C8}.Release|Any CPU.Build.0 = Release|Any CPU
		{1E2A6BED-6CC4-4D9D-9B57-3FD83FB1A2C8}.Release|ARM.ActiveCfg = Release|Any CPU
		{1E2A6BED-6CC4-4D9D-9B57-3FD83FB1A2C8}.Release|ARM.Build.0 = Release|Any CPU
		{1E2A6BED-6CC4-4D9D-9B57-3FD83FB1A2C8}.Release|ARM64.ActiveCfg = Release|Any CPU
		{1E2A6BED-6CC4-4D9D-9B57-3FD83FB1A2C8}.Release|ARM64.Build.0 = Release|Any CPU
		{1E2A6BED-6CC4-4D9D-9B57-3FD83FB1A2C8}.Release|x64.ActiveCfg = Release|Any CPU
		{1E2A6BED-6CC4-4D9D-9B57-3FD83FB1A2C8}.Release|x64.Build.0 = Release|Any CPU
		{1E2A6BED-6CC4-4D9D-9B57-3FD83FB1A2C8}.Release|x86.ActiveCfg = Release|Any CPU
		{1E2A6BED-6CC4-4D9D-9B57-3FD83FB1A2C8}.Release|x86.Build.0 = Release|Any CPU
		{BDADE3EF-9165-42BD-95AD-BCAC7DF0FCF1}.Debug|Any CPU.ActiveCfg = Debug|Any CPU
		{BDADE3EF-9165-42BD-95AD-BCAC7DF0FCF1}.Debug|Any CPU.Build.0 = Debug|Any CPU
		{BDADE3EF-9165-42BD-95AD-BCAC7DF0FCF1}.Debug|ARM.ActiveCfg = Debug|Any CPU
		{BDADE3EF-9165-42BD-95AD-BCAC7DF0FCF1}.Debug|ARM.Build.0 = Debug|Any CPU
		{BDADE3EF-9165-42BD-95AD-BCAC7DF0FCF1}.Debug|ARM64.ActiveCfg = Debug|Any CPU
		{BDADE3EF-9165-42BD-95AD-BCAC7DF0FCF1}.Debug|ARM64.Build.0 = Debug|Any CPU
		{BDADE3EF-9165-42BD-95AD-BCAC7DF0FCF1}.Debug|x64.ActiveCfg = Debug|Any CPU
		{BDADE3EF-9165-42BD-95AD-BCAC7DF0FCF1}.Debug|x64.Build.0 = Debug|Any CPU
		{BDADE3EF-9165-42BD-95AD-BCAC7DF0FCF1}.Debug|x86.ActiveCfg = Debug|Any CPU
		{BDADE3EF-9165-42BD-95AD-BCAC7DF0FCF1}.Debug|x86.Build.0 = Debug|Any CPU
		{BDADE3EF-9165-42BD-95AD-BCAC7DF0FCF1}.Release|Any CPU.ActiveCfg = Release|Any CPU
		{BDADE3EF-9165-42BD-95AD-BCAC7DF0FCF1}.Release|Any CPU.Build.0 = Release|Any CPU
		{BDADE3EF-9165-42BD-95AD-BCAC7DF0FCF1}.Release|ARM.ActiveCfg = Release|Any CPU
		{BDADE3EF-9165-42BD-95AD-BCAC7DF0FCF1}.Release|ARM.Build.0 = Release|Any CPU
		{BDADE3EF-9165-42BD-95AD-BCAC7DF0FCF1}.Release|ARM64.ActiveCfg = Release|Any CPU
		{BDADE3EF-9165-42BD-95AD-BCAC7DF0FCF1}.Release|ARM64.Build.0 = Release|Any CPU
		{BDADE3EF-9165-42BD-95AD-BCAC7DF0FCF1}.Release|x64.ActiveCfg = Release|Any CPU
		{BDADE3EF-9165-42BD-95AD-BCAC7DF0FCF1}.Release|x64.Build.0 = Release|Any CPU
		{BDADE3EF-9165-42BD-95AD-BCAC7DF0FCF1}.Release|x86.ActiveCfg = Release|Any CPU
		{BDADE3EF-9165-42BD-95AD-BCAC7DF0FCF1}.Release|x86.Build.0 = Release|Any CPU
		{44539BAE-9468-4F5A-9E9A-54DF9956D450}.Debug|Any CPU.ActiveCfg = Debug|Any CPU
		{44539BAE-9468-4F5A-9E9A-54DF9956D450}.Debug|Any CPU.Build.0 = Debug|Any CPU
		{44539BAE-9468-4F5A-9E9A-54DF9956D450}.Debug|ARM.ActiveCfg = Debug|Any CPU
		{44539BAE-9468-4F5A-9E9A-54DF9956D450}.Debug|ARM.Build.0 = Debug|Any CPU
		{44539BAE-9468-4F5A-9E9A-54DF9956D450}.Debug|ARM64.ActiveCfg = Debug|Any CPU
		{44539BAE-9468-4F5A-9E9A-54DF9956D450}.Debug|ARM64.Build.0 = Debug|Any CPU
		{44539BAE-9468-4F5A-9E9A-54DF9956D450}.Debug|x64.ActiveCfg = Debug|Any CPU
		{44539BAE-9468-4F5A-9E9A-54DF9956D450}.Debug|x64.Build.0 = Debug|Any CPU
		{44539BAE-9468-4F5A-9E9A-54DF9956D450}.Debug|x86.ActiveCfg = Debug|Any CPU
		{44539BAE-9468-4F5A-9E9A-54DF9956D450}.Debug|x86.Build.0 = Debug|Any CPU
		{44539BAE-9468-4F5A-9E9A-54DF9956D450}.Release|Any CPU.ActiveCfg = Release|Any CPU
		{44539BAE-9468-4F5A-9E9A-54DF9956D450}.Release|Any CPU.Build.0 = Release|Any CPU
		{44539BAE-9468-4F5A-9E9A-54DF9956D450}.Release|ARM.ActiveCfg = Release|Any CPU
		{44539BAE-9468-4F5A-9E9A-54DF9956D450}.Release|ARM.Build.0 = Release|Any CPU
		{44539BAE-9468-4F5A-9E9A-54DF9956D450}.Release|ARM64.ActiveCfg = Release|Any CPU
		{44539BAE-9468-4F5A-9E9A-54DF9956D450}.Release|ARM64.Build.0 = Release|Any CPU
		{44539BAE-9468-4F5A-9E9A-54DF9956D450}.Release|x64.ActiveCfg = Release|Any CPU
		{44539BAE-9468-4F5A-9E9A-54DF9956D450}.Release|x64.Build.0 = Release|Any CPU
		{44539BAE-9468-4F5A-9E9A-54DF9956D450}.Release|x86.ActiveCfg = Release|Any CPU
		{44539BAE-9468-4F5A-9E9A-54DF9956D450}.Release|x86.Build.0 = Release|Any CPU
		{D05A693C-E751-4528-B149-DF64651095E2}.Debug|Any CPU.ActiveCfg = Debug|Any CPU
		{D05A693C-E751-4528-B149-DF64651095E2}.Debug|Any CPU.Build.0 = Debug|Any CPU
		{D05A693C-E751-4528-B149-DF64651095E2}.Debug|ARM.ActiveCfg = Debug|Any CPU
		{D05A693C-E751-4528-B149-DF64651095E2}.Debug|ARM.Build.0 = Debug|Any CPU
		{D05A693C-E751-4528-B149-DF64651095E2}.Debug|ARM64.ActiveCfg = Debug|Any CPU
		{D05A693C-E751-4528-B149-DF64651095E2}.Debug|ARM64.Build.0 = Debug|Any CPU
		{D05A693C-E751-4528-B149-DF64651095E2}.Debug|x64.ActiveCfg = Debug|Any CPU
		{D05A693C-E751-4528-B149-DF64651095E2}.Debug|x64.Build.0 = Debug|Any CPU
		{D05A693C-E751-4528-B149-DF64651095E2}.Debug|x86.ActiveCfg = Debug|Any CPU
		{D05A693C-E751-4528-B149-DF64651095E2}.Debug|x86.Build.0 = Debug|Any CPU
		{D05A693C-E751-4528-B149-DF64651095E2}.Release|Any CPU.ActiveCfg = Release|Any CPU
		{D05A693C-E751-4528-B149-DF64651095E2}.Release|Any CPU.Build.0 = Release|Any CPU
		{D05A693C-E751-4528-B149-DF64651095E2}.Release|ARM.ActiveCfg = Release|Any CPU
		{D05A693C-E751-4528-B149-DF64651095E2}.Release|ARM.Build.0 = Release|Any CPU
		{D05A693C-E751-4528-B149-DF64651095E2}.Release|ARM64.ActiveCfg = Release|Any CPU
		{D05A693C-E751-4528-B149-DF64651095E2}.Release|ARM64.Build.0 = Release|Any CPU
		{D05A693C-E751-4528-B149-DF64651095E2}.Release|x64.ActiveCfg = Release|Any CPU
		{D05A693C-E751-4528-B149-DF64651095E2}.Release|x64.Build.0 = Release|Any CPU
		{D05A693C-E751-4528-B149-DF64651095E2}.Release|x86.ActiveCfg = Release|Any CPU
		{D05A693C-E751-4528-B149-DF64651095E2}.Release|x86.Build.0 = Release|Any CPU
		{3C798C84-3D90-41DC-B3F3-A23E96068A47}.Debug|Any CPU.ActiveCfg = Debug|Any CPU
		{3C798C84-3D90-41DC-B3F3-A23E96068A47}.Debug|Any CPU.Build.0 = Debug|Any CPU
		{3C798C84-3D90-41DC-B3F3-A23E96068A47}.Debug|ARM.ActiveCfg = Debug|Any CPU
		{3C798C84-3D90-41DC-B3F3-A23E96068A47}.Debug|ARM.Build.0 = Debug|Any CPU
		{3C798C84-3D90-41DC-B3F3-A23E96068A47}.Debug|ARM64.ActiveCfg = Debug|Any CPU
		{3C798C84-3D90-41DC-B3F3-A23E96068A47}.Debug|ARM64.Build.0 = Debug|Any CPU
		{3C798C84-3D90-41DC-B3F3-A23E96068A47}.Debug|x64.ActiveCfg = Debug|Any CPU
		{3C798C84-3D90-41DC-B3F3-A23E96068A47}.Debug|x64.Build.0 = Debug|Any CPU
		{3C798C84-3D90-41DC-B3F3-A23E96068A47}.Debug|x86.ActiveCfg = Debug|Any CPU
		{3C798C84-3D90-41DC-B3F3-A23E96068A47}.Debug|x86.Build.0 = Debug|Any CPU
		{3C798C84-3D90-41DC-B3F3-A23E96068A47}.Release|Any CPU.ActiveCfg = Release|Any CPU
		{3C798C84-3D90-41DC-B3F3-A23E96068A47}.Release|Any CPU.Build.0 = Release|Any CPU
		{3C798C84-3D90-41DC-B3F3-A23E96068A47}.Release|ARM.ActiveCfg = Release|Any CPU
		{3C798C84-3D90-41DC-B3F3-A23E96068A47}.Release|ARM.Build.0 = Release|Any CPU
		{3C798C84-3D90-41DC-B3F3-A23E96068A47}.Release|ARM64.ActiveCfg = Release|Any CPU
		{3C798C84-3D90-41DC-B3F3-A23E96068A47}.Release|ARM64.Build.0 = Release|Any CPU
		{3C798C84-3D90-41DC-B3F3-A23E96068A47}.Release|x64.ActiveCfg = Release|Any CPU
		{3C798C84-3D90-41DC-B3F3-A23E96068A47}.Release|x64.Build.0 = Release|Any CPU
		{3C798C84-3D90-41DC-B3F3-A23E96068A47}.Release|x86.ActiveCfg = Release|Any CPU
		{3C798C84-3D90-41DC-B3F3-A23E96068A47}.Release|x86.Build.0 = Release|Any CPU
		{A317D097-ACF7-4C46-B719-DB443627008E}.Debug|Any CPU.ActiveCfg = Debug|Any CPU
		{A317D097-ACF7-4C46-B719-DB443627008E}.Debug|Any CPU.Build.0 = Debug|Any CPU
		{A317D097-ACF7-4C46-B719-DB443627008E}.Debug|ARM.ActiveCfg = Debug|Any CPU
		{A317D097-ACF7-4C46-B719-DB443627008E}.Debug|ARM.Build.0 = Debug|Any CPU
		{A317D097-ACF7-4C46-B719-DB443627008E}.Debug|ARM64.ActiveCfg = Debug|Any CPU
		{A317D097-ACF7-4C46-B719-DB443627008E}.Debug|ARM64.Build.0 = Debug|Any CPU
		{A317D097-ACF7-4C46-B719-DB443627008E}.Debug|x64.ActiveCfg = Debug|Any CPU
		{A317D097-ACF7-4C46-B719-DB443627008E}.Debug|x64.Build.0 = Debug|Any CPU
		{A317D097-ACF7-4C46-B719-DB443627008E}.Debug|x86.ActiveCfg = Debug|Any CPU
		{A317D097-ACF7-4C46-B719-DB443627008E}.Debug|x86.Build.0 = Debug|Any CPU
		{A317D097-ACF7-4C46-B719-DB443627008E}.Release|Any CPU.ActiveCfg = Release|Any CPU
		{A317D097-ACF7-4C46-B719-DB443627008E}.Release|Any CPU.Build.0 = Release|Any CPU
		{A317D097-ACF7-4C46-B719-DB443627008E}.Release|ARM.ActiveCfg = Release|Any CPU
		{A317D097-ACF7-4C46-B719-DB443627008E}.Release|ARM.Build.0 = Release|Any CPU
		{A317D097-ACF7-4C46-B719-DB443627008E}.Release|ARM64.ActiveCfg = Release|Any CPU
		{A317D097-ACF7-4C46-B719-DB443627008E}.Release|ARM64.Build.0 = Release|Any CPU
		{A317D097-ACF7-4C46-B719-DB443627008E}.Release|x64.ActiveCfg = Release|Any CPU
		{A317D097-ACF7-4C46-B719-DB443627008E}.Release|x64.Build.0 = Release|Any CPU
		{A317D097-ACF7-4C46-B719-DB443627008E}.Release|x86.ActiveCfg = Release|Any CPU
		{A317D097-ACF7-4C46-B719-DB443627008E}.Release|x86.Build.0 = Release|Any CPU
		{93C3844C-03B2-4C24-9070-16BA1971758E}.Debug|Any CPU.ActiveCfg = Debug|Any CPU
		{93C3844C-03B2-4C24-9070-16BA1971758E}.Debug|Any CPU.Build.0 = Debug|Any CPU
		{93C3844C-03B2-4C24-9070-16BA1971758E}.Debug|ARM.ActiveCfg = Debug|Any CPU
		{93C3844C-03B2-4C24-9070-16BA1971758E}.Debug|ARM.Build.0 = Debug|Any CPU
		{93C3844C-03B2-4C24-9070-16BA1971758E}.Debug|ARM64.ActiveCfg = Debug|Any CPU
		{93C3844C-03B2-4C24-9070-16BA1971758E}.Debug|ARM64.Build.0 = Debug|Any CPU
		{93C3844C-03B2-4C24-9070-16BA1971758E}.Debug|x64.ActiveCfg = Debug|Any CPU
		{93C3844C-03B2-4C24-9070-16BA1971758E}.Debug|x64.Build.0 = Debug|Any CPU
		{93C3844C-03B2-4C24-9070-16BA1971758E}.Debug|x86.ActiveCfg = Debug|Any CPU
		{93C3844C-03B2-4C24-9070-16BA1971758E}.Debug|x86.Build.0 = Debug|Any CPU
		{93C3844C-03B2-4C24-9070-16BA1971758E}.Release|Any CPU.ActiveCfg = Release|Any CPU
		{93C3844C-03B2-4C24-9070-16BA1971758E}.Release|Any CPU.Build.0 = Release|Any CPU
		{93C3844C-03B2-4C24-9070-16BA1971758E}.Release|ARM.ActiveCfg = Release|Any CPU
		{93C3844C-03B2-4C24-9070-16BA1971758E}.Release|ARM.Build.0 = Release|Any CPU
		{93C3844C-03B2-4C24-9070-16BA1971758E}.Release|ARM64.ActiveCfg = Release|Any CPU
		{93C3844C-03B2-4C24-9070-16BA1971758E}.Release|ARM64.Build.0 = Release|Any CPU
		{93C3844C-03B2-4C24-9070-16BA1971758E}.Release|x64.ActiveCfg = Release|Any CPU
		{93C3844C-03B2-4C24-9070-16BA1971758E}.Release|x64.Build.0 = Release|Any CPU
		{93C3844C-03B2-4C24-9070-16BA1971758E}.Release|x86.ActiveCfg = Release|Any CPU
		{93C3844C-03B2-4C24-9070-16BA1971758E}.Release|x86.Build.0 = Release|Any CPU
		{6EA2E1E8-977A-40BB-9C3D-19514286686A}.Debug|Any CPU.ActiveCfg = Debug|Any CPU
		{6EA2E1E8-977A-40BB-9C3D-19514286686A}.Debug|Any CPU.Build.0 = Debug|Any CPU
		{6EA2E1E8-977A-40BB-9C3D-19514286686A}.Debug|ARM.ActiveCfg = Debug|Any CPU
		{6EA2E1E8-977A-40BB-9C3D-19514286686A}.Debug|ARM.Build.0 = Debug|Any CPU
		{6EA2E1E8-977A-40BB-9C3D-19514286686A}.Debug|ARM64.ActiveCfg = Debug|Any CPU
		{6EA2E1E8-977A-40BB-9C3D-19514286686A}.Debug|ARM64.Build.0 = Debug|Any CPU
		{6EA2E1E8-977A-40BB-9C3D-19514286686A}.Debug|x64.ActiveCfg = Debug|Any CPU
		{6EA2E1E8-977A-40BB-9C3D-19514286686A}.Debug|x64.Build.0 = Debug|Any CPU
		{6EA2E1E8-977A-40BB-9C3D-19514286686A}.Debug|x86.ActiveCfg = Debug|Any CPU
		{6EA2E1E8-977A-40BB-9C3D-19514286686A}.Debug|x86.Build.0 = Debug|Any CPU
		{6EA2E1E8-977A-40BB-9C3D-19514286686A}.Release|Any CPU.ActiveCfg = Release|Any CPU
		{6EA2E1E8-977A-40BB-9C3D-19514286686A}.Release|Any CPU.Build.0 = Release|Any CPU
		{6EA2E1E8-977A-40BB-9C3D-19514286686A}.Release|ARM.ActiveCfg = Release|Any CPU
		{6EA2E1E8-977A-40BB-9C3D-19514286686A}.Release|ARM.Build.0 = Release|Any CPU
		{6EA2E1E8-977A-40BB-9C3D-19514286686A}.Release|ARM64.ActiveCfg = Release|Any CPU
		{6EA2E1E8-977A-40BB-9C3D-19514286686A}.Release|ARM64.Build.0 = Release|Any CPU
		{6EA2E1E8-977A-40BB-9C3D-19514286686A}.Release|x64.ActiveCfg = Release|Any CPU
		{6EA2E1E8-977A-40BB-9C3D-19514286686A}.Release|x64.Build.0 = Release|Any CPU
		{6EA2E1E8-977A-40BB-9C3D-19514286686A}.Release|x86.ActiveCfg = Release|Any CPU
		{6EA2E1E8-977A-40BB-9C3D-19514286686A}.Release|x86.Build.0 = Release|Any CPU
		{30893AD4-3EBB-4EED-A4E7-4709A6B86A33}.Debug|Any CPU.ActiveCfg = Debug|Any CPU
		{30893AD4-3EBB-4EED-A4E7-4709A6B86A33}.Debug|Any CPU.Build.0 = Debug|Any CPU
		{30893AD4-3EBB-4EED-A4E7-4709A6B86A33}.Debug|ARM.ActiveCfg = Debug|Any CPU
		{30893AD4-3EBB-4EED-A4E7-4709A6B86A33}.Debug|ARM.Build.0 = Debug|Any CPU
		{30893AD4-3EBB-4EED-A4E7-4709A6B86A33}.Debug|ARM64.ActiveCfg = Debug|Any CPU
		{30893AD4-3EBB-4EED-A4E7-4709A6B86A33}.Debug|ARM64.Build.0 = Debug|Any CPU
		{30893AD4-3EBB-4EED-A4E7-4709A6B86A33}.Debug|x64.ActiveCfg = Debug|Any CPU
		{30893AD4-3EBB-4EED-A4E7-4709A6B86A33}.Debug|x64.Build.0 = Debug|Any CPU
		{30893AD4-3EBB-4EED-A4E7-4709A6B86A33}.Debug|x86.ActiveCfg = Debug|Any CPU
		{30893AD4-3EBB-4EED-A4E7-4709A6B86A33}.Debug|x86.Build.0 = Debug|Any CPU
		{30893AD4-3EBB-4EED-A4E7-4709A6B86A33}.Release|Any CPU.ActiveCfg = Release|Any CPU
		{30893AD4-3EBB-4EED-A4E7-4709A6B86A33}.Release|Any CPU.Build.0 = Release|Any CPU
		{30893AD4-3EBB-4EED-A4E7-4709A6B86A33}.Release|ARM.ActiveCfg = Release|Any CPU
		{30893AD4-3EBB-4EED-A4E7-4709A6B86A33}.Release|ARM.Build.0 = Release|Any CPU
		{30893AD4-3EBB-4EED-A4E7-4709A6B86A33}.Release|ARM64.ActiveCfg = Release|Any CPU
		{30893AD4-3EBB-4EED-A4E7-4709A6B86A33}.Release|ARM64.Build.0 = Release|Any CPU
		{30893AD4-3EBB-4EED-A4E7-4709A6B86A33}.Release|x64.ActiveCfg = Release|Any CPU
		{30893AD4-3EBB-4EED-A4E7-4709A6B86A33}.Release|x64.Build.0 = Release|Any CPU
		{30893AD4-3EBB-4EED-A4E7-4709A6B86A33}.Release|x86.ActiveCfg = Release|Any CPU
		{30893AD4-3EBB-4EED-A4E7-4709A6B86A33}.Release|x86.Build.0 = Release|Any CPU
		{67FE37F2-DB0D-48CC-9F0F-FDD86A22290A}.Debug|Any CPU.ActiveCfg = Debug|Any CPU
		{67FE37F2-DB0D-48CC-9F0F-FDD86A22290A}.Debug|Any CPU.Build.0 = Debug|Any CPU
		{67FE37F2-DB0D-48CC-9F0F-FDD86A22290A}.Debug|ARM.ActiveCfg = Debug|Any CPU
		{67FE37F2-DB0D-48CC-9F0F-FDD86A22290A}.Debug|ARM.Build.0 = Debug|Any CPU
		{67FE37F2-DB0D-48CC-9F0F-FDD86A22290A}.Debug|ARM64.ActiveCfg = Debug|Any CPU
		{67FE37F2-DB0D-48CC-9F0F-FDD86A22290A}.Debug|ARM64.Build.0 = Debug|Any CPU
		{67FE37F2-DB0D-48CC-9F0F-FDD86A22290A}.Debug|x64.ActiveCfg = Debug|Any CPU
		{67FE37F2-DB0D-48CC-9F0F-FDD86A22290A}.Debug|x64.Build.0 = Debug|Any CPU
		{67FE37F2-DB0D-48CC-9F0F-FDD86A22290A}.Debug|x86.ActiveCfg = Debug|Any CPU
		{67FE37F2-DB0D-48CC-9F0F-FDD86A22290A}.Debug|x86.Build.0 = Debug|Any CPU
		{67FE37F2-DB0D-48CC-9F0F-FDD86A22290A}.Release|Any CPU.ActiveCfg = Release|Any CPU
		{67FE37F2-DB0D-48CC-9F0F-FDD86A22290A}.Release|Any CPU.Build.0 = Release|Any CPU
		{67FE37F2-DB0D-48CC-9F0F-FDD86A22290A}.Release|ARM.ActiveCfg = Release|Any CPU
		{67FE37F2-DB0D-48CC-9F0F-FDD86A22290A}.Release|ARM.Build.0 = Release|Any CPU
		{67FE37F2-DB0D-48CC-9F0F-FDD86A22290A}.Release|ARM64.ActiveCfg = Release|Any CPU
		{67FE37F2-DB0D-48CC-9F0F-FDD86A22290A}.Release|ARM64.Build.0 = Release|Any CPU
		{67FE37F2-DB0D-48CC-9F0F-FDD86A22290A}.Release|x64.ActiveCfg = Release|Any CPU
		{67FE37F2-DB0D-48CC-9F0F-FDD86A22290A}.Release|x64.Build.0 = Release|Any CPU
		{67FE37F2-DB0D-48CC-9F0F-FDD86A22290A}.Release|x86.ActiveCfg = Release|Any CPU
		{67FE37F2-DB0D-48CC-9F0F-FDD86A22290A}.Release|x86.Build.0 = Release|Any CPU
		{865EE4F1-BC60-4C15-B31B-C681B430BB7F}.Debug|Any CPU.ActiveCfg = Debug|Any CPU
		{865EE4F1-BC60-4C15-B31B-C681B430BB7F}.Debug|Any CPU.Build.0 = Debug|Any CPU
		{865EE4F1-BC60-4C15-B31B-C681B430BB7F}.Debug|ARM.ActiveCfg = Debug|Any CPU
		{865EE4F1-BC60-4C15-B31B-C681B430BB7F}.Debug|ARM.Build.0 = Debug|Any CPU
		{865EE4F1-BC60-4C15-B31B-C681B430BB7F}.Debug|ARM64.ActiveCfg = Debug|Any CPU
		{865EE4F1-BC60-4C15-B31B-C681B430BB7F}.Debug|ARM64.Build.0 = Debug|Any CPU
		{865EE4F1-BC60-4C15-B31B-C681B430BB7F}.Debug|x64.ActiveCfg = Debug|Any CPU
		{865EE4F1-BC60-4C15-B31B-C681B430BB7F}.Debug|x64.Build.0 = Debug|Any CPU
		{865EE4F1-BC60-4C15-B31B-C681B430BB7F}.Debug|x86.ActiveCfg = Debug|Any CPU
		{865EE4F1-BC60-4C15-B31B-C681B430BB7F}.Debug|x86.Build.0 = Debug|Any CPU
		{865EE4F1-BC60-4C15-B31B-C681B430BB7F}.Release|Any CPU.ActiveCfg = Release|Any CPU
		{865EE4F1-BC60-4C15-B31B-C681B430BB7F}.Release|Any CPU.Build.0 = Release|Any CPU
		{865EE4F1-BC60-4C15-B31B-C681B430BB7F}.Release|ARM.ActiveCfg = Release|Any CPU
		{865EE4F1-BC60-4C15-B31B-C681B430BB7F}.Release|ARM.Build.0 = Release|Any CPU
		{865EE4F1-BC60-4C15-B31B-C681B430BB7F}.Release|ARM64.ActiveCfg = Release|Any CPU
		{865EE4F1-BC60-4C15-B31B-C681B430BB7F}.Release|ARM64.Build.0 = Release|Any CPU
		{865EE4F1-BC60-4C15-B31B-C681B430BB7F}.Release|x64.ActiveCfg = Release|Any CPU
		{865EE4F1-BC60-4C15-B31B-C681B430BB7F}.Release|x64.Build.0 = Release|Any CPU
		{865EE4F1-BC60-4C15-B31B-C681B430BB7F}.Release|x86.ActiveCfg = Release|Any CPU
		{865EE4F1-BC60-4C15-B31B-C681B430BB7F}.Release|x86.Build.0 = Release|Any CPU
		{2DA63E2A-A0AC-4C55-B912-04D8970BCED3}.Debug|Any CPU.ActiveCfg = Debug|Any CPU
		{2DA63E2A-A0AC-4C55-B912-04D8970BCED3}.Debug|Any CPU.Build.0 = Debug|Any CPU
		{2DA63E2A-A0AC-4C55-B912-04D8970BCED3}.Debug|ARM.ActiveCfg = Debug|Any CPU
		{2DA63E2A-A0AC-4C55-B912-04D8970BCED3}.Debug|ARM.Build.0 = Debug|Any CPU
		{2DA63E2A-A0AC-4C55-B912-04D8970BCED3}.Debug|ARM64.ActiveCfg = Debug|Any CPU
		{2DA63E2A-A0AC-4C55-B912-04D8970BCED3}.Debug|ARM64.Build.0 = Debug|Any CPU
		{2DA63E2A-A0AC-4C55-B912-04D8970BCED3}.Debug|x64.ActiveCfg = Debug|Any CPU
		{2DA63E2A-A0AC-4C55-B912-04D8970BCED3}.Debug|x64.Build.0 = Debug|Any CPU
		{2DA63E2A-A0AC-4C55-B912-04D8970BCED3}.Debug|x86.ActiveCfg = Debug|Any CPU
		{2DA63E2A-A0AC-4C55-B912-04D8970BCED3}.Debug|x86.Build.0 = Debug|Any CPU
		{2DA63E2A-A0AC-4C55-B912-04D8970BCED3}.Release|Any CPU.ActiveCfg = Release|Any CPU
		{2DA63E2A-A0AC-4C55-B912-04D8970BCED3}.Release|Any CPU.Build.0 = Release|Any CPU
		{2DA63E2A-A0AC-4C55-B912-04D8970BCED3}.Release|ARM.ActiveCfg = Release|Any CPU
		{2DA63E2A-A0AC-4C55-B912-04D8970BCED3}.Release|ARM.Build.0 = Release|Any CPU
		{2DA63E2A-A0AC-4C55-B912-04D8970BCED3}.Release|ARM64.ActiveCfg = Release|Any CPU
		{2DA63E2A-A0AC-4C55-B912-04D8970BCED3}.Release|ARM64.Build.0 = Release|Any CPU
		{2DA63E2A-A0AC-4C55-B912-04D8970BCED3}.Release|x64.ActiveCfg = Release|Any CPU
		{2DA63E2A-A0AC-4C55-B912-04D8970BCED3}.Release|x64.Build.0 = Release|Any CPU
		{2DA63E2A-A0AC-4C55-B912-04D8970BCED3}.Release|x86.ActiveCfg = Release|Any CPU
		{2DA63E2A-A0AC-4C55-B912-04D8970BCED3}.Release|x86.Build.0 = Release|Any CPU
		{B2128895-1CB6-4DCD-BD31-D0B561029F4F}.Debug|Any CPU.ActiveCfg = Debug|Any CPU
		{B2128895-1CB6-4DCD-BD31-D0B561029F4F}.Debug|Any CPU.Build.0 = Debug|Any CPU
		{B2128895-1CB6-4DCD-BD31-D0B561029F4F}.Debug|ARM.ActiveCfg = Debug|Any CPU
		{B2128895-1CB6-4DCD-BD31-D0B561029F4F}.Debug|ARM.Build.0 = Debug|Any CPU
		{B2128895-1CB6-4DCD-BD31-D0B561029F4F}.Debug|ARM64.ActiveCfg = Debug|Any CPU
		{B2128895-1CB6-4DCD-BD31-D0B561029F4F}.Debug|ARM64.Build.0 = Debug|Any CPU
		{B2128895-1CB6-4DCD-BD31-D0B561029F4F}.Debug|x64.ActiveCfg = Debug|Any CPU
		{B2128895-1CB6-4DCD-BD31-D0B561029F4F}.Debug|x64.Build.0 = Debug|Any CPU
		{B2128895-1CB6-4DCD-BD31-D0B561029F4F}.Debug|x86.ActiveCfg = Debug|Any CPU
		{B2128895-1CB6-4DCD-BD31-D0B561029F4F}.Debug|x86.Build.0 = Debug|Any CPU
		{B2128895-1CB6-4DCD-BD31-D0B561029F4F}.Release|Any CPU.ActiveCfg = Release|Any CPU
		{B2128895-1CB6-4DCD-BD31-D0B561029F4F}.Release|Any CPU.Build.0 = Release|Any CPU
		{B2128895-1CB6-4DCD-BD31-D0B561029F4F}.Release|ARM.ActiveCfg = Release|Any CPU
		{B2128895-1CB6-4DCD-BD31-D0B561029F4F}.Release|ARM.Build.0 = Release|Any CPU
		{B2128895-1CB6-4DCD-BD31-D0B561029F4F}.Release|ARM64.ActiveCfg = Release|Any CPU
		{B2128895-1CB6-4DCD-BD31-D0B561029F4F}.Release|ARM64.Build.0 = Release|Any CPU
		{B2128895-1CB6-4DCD-BD31-D0B561029F4F}.Release|x64.ActiveCfg = Release|Any CPU
		{B2128895-1CB6-4DCD-BD31-D0B561029F4F}.Release|x64.Build.0 = Release|Any CPU
		{B2128895-1CB6-4DCD-BD31-D0B561029F4F}.Release|x86.ActiveCfg = Release|Any CPU
		{B2128895-1CB6-4DCD-BD31-D0B561029F4F}.Release|x86.Build.0 = Release|Any CPU
		{E66E9BBD-2F75-453F-83B9-709F67517261}.Debug|Any CPU.ActiveCfg = Debug|Any CPU
		{E66E9BBD-2F75-453F-83B9-709F67517261}.Debug|Any CPU.Build.0 = Debug|Any CPU
		{E66E9BBD-2F75-453F-83B9-709F67517261}.Debug|ARM.ActiveCfg = Debug|Any CPU
		{E66E9BBD-2F75-453F-83B9-709F67517261}.Debug|ARM.Build.0 = Debug|Any CPU
		{E66E9BBD-2F75-453F-83B9-709F67517261}.Debug|ARM64.ActiveCfg = Debug|Any CPU
		{E66E9BBD-2F75-453F-83B9-709F67517261}.Debug|ARM64.Build.0 = Debug|Any CPU
		{E66E9BBD-2F75-453F-83B9-709F67517261}.Debug|x64.ActiveCfg = Debug|Any CPU
		{E66E9BBD-2F75-453F-83B9-709F67517261}.Debug|x64.Build.0 = Debug|Any CPU
		{E66E9BBD-2F75-453F-83B9-709F67517261}.Debug|x86.ActiveCfg = Debug|Any CPU
		{E66E9BBD-2F75-453F-83B9-709F67517261}.Debug|x86.Build.0 = Debug|Any CPU
		{E66E9BBD-2F75-453F-83B9-709F67517261}.Release|Any CPU.ActiveCfg = Release|Any CPU
		{E66E9BBD-2F75-453F-83B9-709F67517261}.Release|Any CPU.Build.0 = Release|Any CPU
		{E66E9BBD-2F75-453F-83B9-709F67517261}.Release|ARM.ActiveCfg = Release|Any CPU
		{E66E9BBD-2F75-453F-83B9-709F67517261}.Release|ARM.Build.0 = Release|Any CPU
		{E66E9BBD-2F75-453F-83B9-709F67517261}.Release|ARM64.ActiveCfg = Release|Any CPU
		{E66E9BBD-2F75-453F-83B9-709F67517261}.Release|ARM64.Build.0 = Release|Any CPU
		{E66E9BBD-2F75-453F-83B9-709F67517261}.Release|x64.ActiveCfg = Release|Any CPU
		{E66E9BBD-2F75-453F-83B9-709F67517261}.Release|x64.Build.0 = Release|Any CPU
		{E66E9BBD-2F75-453F-83B9-709F67517261}.Release|x86.ActiveCfg = Release|Any CPU
		{E66E9BBD-2F75-453F-83B9-709F67517261}.Release|x86.Build.0 = Release|Any CPU
		{A6C30ED1-6213-427E-B255-E5E8C69E6D0E}.Debug|Any CPU.ActiveCfg = Debug|x64
		{A6C30ED1-6213-427E-B255-E5E8C69E6D0E}.Debug|Any CPU.Build.0 = Debug|x64
		{A6C30ED1-6213-427E-B255-E5E8C69E6D0E}.Debug|ARM.ActiveCfg = Debug|ARM
		{A6C30ED1-6213-427E-B255-E5E8C69E6D0E}.Debug|ARM.Build.0 = Debug|ARM
		{A6C30ED1-6213-427E-B255-E5E8C69E6D0E}.Debug|ARM64.ActiveCfg = Debug|ARM64
		{A6C30ED1-6213-427E-B255-E5E8C69E6D0E}.Debug|ARM64.Build.0 = Debug|ARM64
		{A6C30ED1-6213-427E-B255-E5E8C69E6D0E}.Debug|x64.ActiveCfg = Debug|x64
		{A6C30ED1-6213-427E-B255-E5E8C69E6D0E}.Debug|x64.Build.0 = Debug|x64
		{A6C30ED1-6213-427E-B255-E5E8C69E6D0E}.Debug|x86.ActiveCfg = Debug|x86
		{A6C30ED1-6213-427E-B255-E5E8C69E6D0E}.Debug|x86.Build.0 = Debug|x86
		{A6C30ED1-6213-427E-B255-E5E8C69E6D0E}.Release|Any CPU.ActiveCfg = Release|x64
		{A6C30ED1-6213-427E-B255-E5E8C69E6D0E}.Release|Any CPU.Build.0 = Release|x64
		{A6C30ED1-6213-427E-B255-E5E8C69E6D0E}.Release|ARM.ActiveCfg = Release|ARM
		{A6C30ED1-6213-427E-B255-E5E8C69E6D0E}.Release|ARM.Build.0 = Release|ARM
		{A6C30ED1-6213-427E-B255-E5E8C69E6D0E}.Release|ARM64.ActiveCfg = Release|ARM64
		{A6C30ED1-6213-427E-B255-E5E8C69E6D0E}.Release|ARM64.Build.0 = Release|ARM64
		{A6C30ED1-6213-427E-B255-E5E8C69E6D0E}.Release|x64.ActiveCfg = Release|x64
		{A6C30ED1-6213-427E-B255-E5E8C69E6D0E}.Release|x64.Build.0 = Release|x64
		{A6C30ED1-6213-427E-B255-E5E8C69E6D0E}.Release|x86.ActiveCfg = Release|x86
		{A6C30ED1-6213-427E-B255-E5E8C69E6D0E}.Release|x86.Build.0 = Release|x86
		{228114AE-3DD4-44C9-80A2-270A5F0B3728}.Debug|Any CPU.ActiveCfg = Debug|Any CPU
		{228114AE-3DD4-44C9-80A2-270A5F0B3728}.Debug|Any CPU.Build.0 = Debug|Any CPU
		{228114AE-3DD4-44C9-80A2-270A5F0B3728}.Debug|ARM.ActiveCfg = Debug|Any CPU
		{228114AE-3DD4-44C9-80A2-270A5F0B3728}.Debug|ARM.Build.0 = Debug|Any CPU
		{228114AE-3DD4-44C9-80A2-270A5F0B3728}.Debug|ARM64.ActiveCfg = Debug|Any CPU
		{228114AE-3DD4-44C9-80A2-270A5F0B3728}.Debug|ARM64.Build.0 = Debug|Any CPU
		{228114AE-3DD4-44C9-80A2-270A5F0B3728}.Debug|x64.ActiveCfg = Debug|Any CPU
		{228114AE-3DD4-44C9-80A2-270A5F0B3728}.Debug|x64.Build.0 = Debug|Any CPU
		{228114AE-3DD4-44C9-80A2-270A5F0B3728}.Debug|x86.ActiveCfg = Debug|Any CPU
		{228114AE-3DD4-44C9-80A2-270A5F0B3728}.Debug|x86.Build.0 = Debug|Any CPU
		{228114AE-3DD4-44C9-80A2-270A5F0B3728}.Release|Any CPU.ActiveCfg = Release|Any CPU
		{228114AE-3DD4-44C9-80A2-270A5F0B3728}.Release|Any CPU.Build.0 = Release|Any CPU
		{228114AE-3DD4-44C9-80A2-270A5F0B3728}.Release|ARM.ActiveCfg = Release|Any CPU
		{228114AE-3DD4-44C9-80A2-270A5F0B3728}.Release|ARM.Build.0 = Release|Any CPU
		{228114AE-3DD4-44C9-80A2-270A5F0B3728}.Release|ARM64.ActiveCfg = Release|Any CPU
		{228114AE-3DD4-44C9-80A2-270A5F0B3728}.Release|ARM64.Build.0 = Release|Any CPU
		{228114AE-3DD4-44C9-80A2-270A5F0B3728}.Release|x64.ActiveCfg = Release|Any CPU
		{228114AE-3DD4-44C9-80A2-270A5F0B3728}.Release|x64.Build.0 = Release|Any CPU
		{228114AE-3DD4-44C9-80A2-270A5F0B3728}.Release|x86.ActiveCfg = Release|Any CPU
		{228114AE-3DD4-44C9-80A2-270A5F0B3728}.Release|x86.Build.0 = Release|Any CPU
		{60575CC5-1BDF-48C5-AF2C-6CFA3989F5FA}.Debug|Any CPU.ActiveCfg = Debug|Any CPU
		{60575CC5-1BDF-48C5-AF2C-6CFA3989F5FA}.Debug|Any CPU.Build.0 = Debug|Any CPU
		{60575CC5-1BDF-48C5-AF2C-6CFA3989F5FA}.Debug|ARM.ActiveCfg = Debug|Any CPU
		{60575CC5-1BDF-48C5-AF2C-6CFA3989F5FA}.Debug|ARM.Build.0 = Debug|Any CPU
		{60575CC5-1BDF-48C5-AF2C-6CFA3989F5FA}.Debug|ARM64.ActiveCfg = Debug|Any CPU
		{60575CC5-1BDF-48C5-AF2C-6CFA3989F5FA}.Debug|ARM64.Build.0 = Debug|Any CPU
		{60575CC5-1BDF-48C5-AF2C-6CFA3989F5FA}.Debug|x64.ActiveCfg = Debug|Any CPU
		{60575CC5-1BDF-48C5-AF2C-6CFA3989F5FA}.Debug|x64.Build.0 = Debug|Any CPU
		{60575CC5-1BDF-48C5-AF2C-6CFA3989F5FA}.Debug|x86.ActiveCfg = Debug|Any CPU
		{60575CC5-1BDF-48C5-AF2C-6CFA3989F5FA}.Debug|x86.Build.0 = Debug|Any CPU
		{60575CC5-1BDF-48C5-AF2C-6CFA3989F5FA}.Release|Any CPU.ActiveCfg = Release|Any CPU
		{60575CC5-1BDF-48C5-AF2C-6CFA3989F5FA}.Release|Any CPU.Build.0 = Release|Any CPU
		{60575CC5-1BDF-48C5-AF2C-6CFA3989F5FA}.Release|ARM.ActiveCfg = Release|Any CPU
		{60575CC5-1BDF-48C5-AF2C-6CFA3989F5FA}.Release|ARM.Build.0 = Release|Any CPU
		{60575CC5-1BDF-48C5-AF2C-6CFA3989F5FA}.Release|ARM64.ActiveCfg = Release|Any CPU
		{60575CC5-1BDF-48C5-AF2C-6CFA3989F5FA}.Release|ARM64.Build.0 = Release|Any CPU
		{60575CC5-1BDF-48C5-AF2C-6CFA3989F5FA}.Release|x64.ActiveCfg = Release|Any CPU
		{60575CC5-1BDF-48C5-AF2C-6CFA3989F5FA}.Release|x64.Build.0 = Release|Any CPU
		{60575CC5-1BDF-48C5-AF2C-6CFA3989F5FA}.Release|x86.ActiveCfg = Release|Any CPU
		{60575CC5-1BDF-48C5-AF2C-6CFA3989F5FA}.Release|x86.Build.0 = Release|Any CPU
		{F2B0DFEF-98F4-D9C0-575C-966221CA4F12}.Debug|Any CPU.ActiveCfg = Debug|Any CPU
		{F2B0DFEF-98F4-D9C0-575C-966221CA4F12}.Debug|Any CPU.Build.0 = Debug|Any CPU
		{F2B0DFEF-98F4-D9C0-575C-966221CA4F12}.Debug|ARM.ActiveCfg = Debug|Any CPU
		{F2B0DFEF-98F4-D9C0-575C-966221CA4F12}.Debug|ARM.Build.0 = Debug|Any CPU
		{F2B0DFEF-98F4-D9C0-575C-966221CA4F12}.Debug|ARM64.ActiveCfg = Debug|Any CPU
		{F2B0DFEF-98F4-D9C0-575C-966221CA4F12}.Debug|ARM64.Build.0 = Debug|Any CPU
		{F2B0DFEF-98F4-D9C0-575C-966221CA4F12}.Debug|x64.ActiveCfg = Debug|Any CPU
		{F2B0DFEF-98F4-D9C0-575C-966221CA4F12}.Debug|x64.Build.0 = Debug|Any CPU
		{F2B0DFEF-98F4-D9C0-575C-966221CA4F12}.Debug|x86.ActiveCfg = Debug|Any CPU
		{F2B0DFEF-98F4-D9C0-575C-966221CA4F12}.Debug|x86.Build.0 = Debug|Any CPU
		{F2B0DFEF-98F4-D9C0-575C-966221CA4F12}.Release|Any CPU.ActiveCfg = Release|Any CPU
		{F2B0DFEF-98F4-D9C0-575C-966221CA4F12}.Release|Any CPU.Build.0 = Release|Any CPU
		{F2B0DFEF-98F4-D9C0-575C-966221CA4F12}.Release|ARM.ActiveCfg = Release|Any CPU
		{F2B0DFEF-98F4-D9C0-575C-966221CA4F12}.Release|ARM.Build.0 = Release|Any CPU
		{F2B0DFEF-98F4-D9C0-575C-966221CA4F12}.Release|ARM64.ActiveCfg = Release|Any CPU
		{F2B0DFEF-98F4-D9C0-575C-966221CA4F12}.Release|ARM64.Build.0 = Release|Any CPU
		{F2B0DFEF-98F4-D9C0-575C-966221CA4F12}.Release|x64.ActiveCfg = Release|Any CPU
		{F2B0DFEF-98F4-D9C0-575C-966221CA4F12}.Release|x64.Build.0 = Release|Any CPU
		{F2B0DFEF-98F4-D9C0-575C-966221CA4F12}.Release|x86.ActiveCfg = Release|Any CPU
		{F2B0DFEF-98F4-D9C0-575C-966221CA4F12}.Release|x86.Build.0 = Release|Any CPU
		{B34E82B2-B9CD-FCA0-9B47-F94A54300D5E}.Debug|Any CPU.ActiveCfg = Debug|Any CPU
		{B34E82B2-B9CD-FCA0-9B47-F94A54300D5E}.Debug|Any CPU.Build.0 = Debug|Any CPU
		{B34E82B2-B9CD-FCA0-9B47-F94A54300D5E}.Debug|ARM.ActiveCfg = Debug|Any CPU
		{B34E82B2-B9CD-FCA0-9B47-F94A54300D5E}.Debug|ARM.Build.0 = Debug|Any CPU
		{B34E82B2-B9CD-FCA0-9B47-F94A54300D5E}.Debug|ARM64.ActiveCfg = Debug|Any CPU
		{B34E82B2-B9CD-FCA0-9B47-F94A54300D5E}.Debug|ARM64.Build.0 = Debug|Any CPU
		{B34E82B2-B9CD-FCA0-9B47-F94A54300D5E}.Debug|x64.ActiveCfg = Debug|Any CPU
		{B34E82B2-B9CD-FCA0-9B47-F94A54300D5E}.Debug|x64.Build.0 = Debug|Any CPU
		{B34E82B2-B9CD-FCA0-9B47-F94A54300D5E}.Debug|x86.ActiveCfg = Debug|Any CPU
		{B34E82B2-B9CD-FCA0-9B47-F94A54300D5E}.Debug|x86.Build.0 = Debug|Any CPU
		{B34E82B2-B9CD-FCA0-9B47-F94A54300D5E}.Release|Any CPU.ActiveCfg = Release|Any CPU
		{B34E82B2-B9CD-FCA0-9B47-F94A54300D5E}.Release|Any CPU.Build.0 = Release|Any CPU
		{B34E82B2-B9CD-FCA0-9B47-F94A54300D5E}.Release|ARM.ActiveCfg = Release|Any CPU
		{B34E82B2-B9CD-FCA0-9B47-F94A54300D5E}.Release|ARM.Build.0 = Release|Any CPU
		{B34E82B2-B9CD-FCA0-9B47-F94A54300D5E}.Release|ARM64.ActiveCfg = Release|Any CPU
		{B34E82B2-B9CD-FCA0-9B47-F94A54300D5E}.Release|ARM64.Build.0 = Release|Any CPU
		{B34E82B2-B9CD-FCA0-9B47-F94A54300D5E}.Release|x64.ActiveCfg = Release|Any CPU
		{B34E82B2-B9CD-FCA0-9B47-F94A54300D5E}.Release|x64.Build.0 = Release|Any CPU
		{B34E82B2-B9CD-FCA0-9B47-F94A54300D5E}.Release|x86.ActiveCfg = Release|Any CPU
		{B34E82B2-B9CD-FCA0-9B47-F94A54300D5E}.Release|x86.Build.0 = Release|Any CPU
		{4278EEF1-9839-CDB1-AC69-5E45FD1263D3}.Debug|Any CPU.ActiveCfg = Debug|Any CPU
		{4278EEF1-9839-CDB1-AC69-5E45FD1263D3}.Debug|Any CPU.Build.0 = Debug|Any CPU
		{4278EEF1-9839-CDB1-AC69-5E45FD1263D3}.Debug|ARM.ActiveCfg = Debug|Any CPU
		{4278EEF1-9839-CDB1-AC69-5E45FD1263D3}.Debug|ARM.Build.0 = Debug|Any CPU
		{4278EEF1-9839-CDB1-AC69-5E45FD1263D3}.Debug|ARM64.ActiveCfg = Debug|Any CPU
		{4278EEF1-9839-CDB1-AC69-5E45FD1263D3}.Debug|ARM64.Build.0 = Debug|Any CPU
		{4278EEF1-9839-CDB1-AC69-5E45FD1263D3}.Debug|x64.ActiveCfg = Debug|Any CPU
		{4278EEF1-9839-CDB1-AC69-5E45FD1263D3}.Debug|x64.Build.0 = Debug|Any CPU
		{4278EEF1-9839-CDB1-AC69-5E45FD1263D3}.Debug|x86.ActiveCfg = Debug|Any CPU
		{4278EEF1-9839-CDB1-AC69-5E45FD1263D3}.Debug|x86.Build.0 = Debug|Any CPU
		{4278EEF1-9839-CDB1-AC69-5E45FD1263D3}.Release|Any CPU.ActiveCfg = Release|Any CPU
		{4278EEF1-9839-CDB1-AC69-5E45FD1263D3}.Release|Any CPU.Build.0 = Release|Any CPU
		{4278EEF1-9839-CDB1-AC69-5E45FD1263D3}.Release|ARM.ActiveCfg = Release|Any CPU
		{4278EEF1-9839-CDB1-AC69-5E45FD1263D3}.Release|ARM.Build.0 = Release|Any CPU
		{4278EEF1-9839-CDB1-AC69-5E45FD1263D3}.Release|ARM64.ActiveCfg = Release|Any CPU
		{4278EEF1-9839-CDB1-AC69-5E45FD1263D3}.Release|ARM64.Build.0 = Release|Any CPU
		{4278EEF1-9839-CDB1-AC69-5E45FD1263D3}.Release|x64.ActiveCfg = Release|Any CPU
		{4278EEF1-9839-CDB1-AC69-5E45FD1263D3}.Release|x64.Build.0 = Release|Any CPU
		{4278EEF1-9839-CDB1-AC69-5E45FD1263D3}.Release|x86.ActiveCfg = Release|Any CPU
		{4278EEF1-9839-CDB1-AC69-5E45FD1263D3}.Release|x86.Build.0 = Release|Any CPU
	EndGlobalSection
	GlobalSection(SolutionProperties) = preSolution
		HideSolutionNode = FALSE
	EndGlobalSection
	GlobalSection(NestedProjects) = preSolution
		{0D949175-5A8B-4474-9F7B-529A1B5AD025} = {BAADA1AF-033B-4254-9B27-CA301F69EEFE}
		{CAE118DC-8F0D-476E-A64A-AE165C754C92} = {BAADA1AF-033B-4254-9B27-CA301F69EEFE}
		{C4918D44-FB8A-442F-BDE5-69106B2DA412} = {BAADA1AF-033B-4254-9B27-CA301F69EEFE}
		{5DCE27BA-AA10-469F-9897-0E679764943F} = {C07EDDD9-4188-477E-8B0B-9E5C44A1DAE1}
		{EBD69008-DAB3-41B1-88C4-A7F82B41E8D8} = {C07EDDD9-4188-477E-8B0B-9E5C44A1DAE1}
		{D7E6F7A8-6D95-462D-9F41-8E55F6BA0FBB} = {C07EDDD9-4188-477E-8B0B-9E5C44A1DAE1}
		{32E7C8B3-F4EE-45F0-8B0E-D88E28DCF936} = {C07EDDD9-4188-477E-8B0B-9E5C44A1DAE1}
		{93168FD9-6C19-4FBB-BC7E-657E67DCE9FD} = {C07EDDD9-4188-477E-8B0B-9E5C44A1DAE1}
		{590217E0-76C4-4501-B161-F3AF38645C6A} = {C07EDDD9-4188-477E-8B0B-9E5C44A1DAE1}
		{1AE04B2F-6317-4F61-A57B-29ACCC0071CB} = {C07EDDD9-4188-477E-8B0B-9E5C44A1DAE1}
		{702FF119-0E88-4E48-9279-A59F7D46DB42} = {C07EDDD9-4188-477E-8B0B-9E5C44A1DAE1}
		{1E363987-165E-4EA6-A0E1-FAD82B7C0633} = {C07EDDD9-4188-477E-8B0B-9E5C44A1DAE1}
		{894EC791-852B-4510-BCDA-C81E01874F1F} = {C07EDDD9-4188-477E-8B0B-9E5C44A1DAE1}
		{C4D11FF0-3CB0-4B07-BE17-56F35F6E8937} = {C07EDDD9-4188-477E-8B0B-9E5C44A1DAE1}
		{D77B09A4-B06A-4C2E-8FE2-A499DC1F0522} = {C07EDDD9-4188-477E-8B0B-9E5C44A1DAE1}
		{610C1259-9BC9-4EA8-8C0A-6D32C6D7690E} = {C07EDDD9-4188-477E-8B0B-9E5C44A1DAE1}
		{0E0EB8F9-41C9-463F-A333-17382B5318FA} = {C07EDDD9-4188-477E-8B0B-9E5C44A1DAE1}
		{061189AC-3105-4C02-A639-856E070660EB} = {C07EDDD9-4188-477E-8B0B-9E5C44A1DAE1}
		{3AD0D9AD-5C83-4E3F-8F00-DAB3CFA3F695} = {C07EDDD9-4188-477E-8B0B-9E5C44A1DAE1}
		{C57194AE-1C57-40FA-AE07-5E9FEF6C2F85} = {C07EDDD9-4188-477E-8B0B-9E5C44A1DAE1}
		{26148D3A-1B2D-446E-9D75-3C1432DF1F00} = {06BC7768-4BDC-4C5C-BA2F-B422F0A33200}
		{1E2A6BED-6CC4-4D9D-9B57-3FD83FB1A2C8} = {26148D3A-1B2D-446E-9D75-3C1432DF1F00}
		{BDADE3EF-9165-42BD-95AD-BCAC7DF0FCF1} = {26148D3A-1B2D-446E-9D75-3C1432DF1F00}
		{44539BAE-9468-4F5A-9E9A-54DF9956D450} = {26148D3A-1B2D-446E-9D75-3C1432DF1F00}
		{D05A693C-E751-4528-B149-DF64651095E2} = {26148D3A-1B2D-446E-9D75-3C1432DF1F00}
		{3C798C84-3D90-41DC-B3F3-A23E96068A47} = {26148D3A-1B2D-446E-9D75-3C1432DF1F00}
		{A317D097-ACF7-4C46-B719-DB443627008E} = {26148D3A-1B2D-446E-9D75-3C1432DF1F00}
		{A59DE721-B0CD-47ED-8839-368A819C95EB} = {06BC7768-4BDC-4C5C-BA2F-B422F0A33200}
		{93C3844C-03B2-4C24-9070-16BA1971758E} = {A59DE721-B0CD-47ED-8839-368A819C95EB}
		{6EA2E1E8-977A-40BB-9C3D-19514286686A} = {A59DE721-B0CD-47ED-8839-368A819C95EB}
		{30893AD4-3EBB-4EED-A4E7-4709A6B86A33} = {A59DE721-B0CD-47ED-8839-368A819C95EB}
		{67FE37F2-DB0D-48CC-9F0F-FDD86A22290A} = {A59DE721-B0CD-47ED-8839-368A819C95EB}
		{865EE4F1-BC60-4C15-B31B-C681B430BB7F} = {A59DE721-B0CD-47ED-8839-368A819C95EB}
		{2DA63E2A-A0AC-4C55-B912-04D8970BCED3} = {BAADA1AF-033B-4254-9B27-CA301F69EEFE}
		{B2128895-1CB6-4DCD-BD31-D0B561029F4F} = {06BC7768-4BDC-4C5C-BA2F-B422F0A33200}
		{81CA54E8-7F67-46D9-B576-938590F95453} = {BAADA1AF-033B-4254-9B27-CA301F69EEFE}
		{E66E9BBD-2F75-453F-83B9-709F67517261} = {81CA54E8-7F67-46D9-B576-938590F95453}
		{A6C30ED1-6213-427E-B255-E5E8C69E6D0E} = {81CA54E8-7F67-46D9-B576-938590F95453}
		{2443C114-C401-45FC-91DC-6C6F1EA97D58} = {81CA54E8-7F67-46D9-B576-938590F95453}
		{228114AE-3DD4-44C9-80A2-270A5F0B3728} = {CF472446-EF62-4D4F-BC18-E69774FEE8C9}
		{F51F0640-DED9-4BFB-AE43-7B11B60E6CC2} = {BAADA1AF-033B-4254-9B27-CA301F69EEFE}
		{60575CC5-1BDF-48C5-AF2C-6CFA3989F5FA} = {4F76C0E7-9764-4BC0-B8B6-99D8258B6990}
		{F2B0DFEF-98F4-D9C0-575C-966221CA4F12} = {C07EDDD9-4188-477E-8B0B-9E5C44A1DAE1}
		{B34E82B2-B9CD-FCA0-9B47-F94A54300D5E} = {C07EDDD9-4188-477E-8B0B-9E5C44A1DAE1}
		{4278EEF1-9839-CDB1-AC69-5E45FD1263D3} = {C07EDDD9-4188-477E-8B0B-9E5C44A1DAE1}
	EndGlobalSection
	GlobalSection(ExtensibilityGlobals) = postSolution
		SolutionGuid = {1BCAC5D9-CEF8-4D64-8F16-3A0FEE49CF42}
	EndGlobalSection
	GlobalSection(SharedMSBuildProjectFiles) = preSolution
		Eppie.App.Resources.Shared\Eppie.App.Resources.Shared.projitems*{0d949175-5a8b-4474-9f7b-529a1b5ad025}*SharedItemsImports = 5
		Eppie.App.Shared\Eppie.App.Shared.projitems*{0d949175-5a8b-4474-9f7b-529a1b5ad025}*SharedItemsImports = 5
		Eppie.App.UI\Eppie.App.UI.Shared\Eppie.App.UI.Shared.projitems*{2443c114-c401-45fc-91dc-6c6f1ea97d58}*SharedItemsImports = 13
		Eppie.App.UI\Eppie.App.UI.Shared\Eppie.App.UI.Shared.projitems*{a6c30ed1-6213-427e-b255-e5e8c69e6d0e}*SharedItemsImports = 4
		Eppie.App.Shared\Eppie.App.Shared.projitems*{c4918d44-fb8a-442f-bde5-69106b2da412}*SharedItemsImports = 13
		Eppie.App.Resources.Shared\Eppie.App.Resources.Shared.projitems*{cae118dc-8f0d-476e-a64a-ae165c754c92}*SharedItemsImports = 4
		Eppie.App.Shared\Eppie.App.Shared.projitems*{cae118dc-8f0d-476e-a64a-ae165c754c92}*SharedItemsImports = 4
		Eppie.App.UI\Eppie.App.UI.Shared\Eppie.App.UI.Shared.projitems*{e66e9bbd-2f75-453f-83b9-709f67517261}*SharedItemsImports = 5
		Eppie.App.Resources.Shared\Eppie.App.Resources.Shared.projitems*{f51f0640-ded9-4bfb-ae43-7b11b60e6cc2}*SharedItemsImports = 13
	EndGlobalSection
EndGlobal
