
Microsoft Visual Studio Solution File, Format Version 12.00
# Visual Studio Version 17
VisualStudioVersion = 17.11.35222.181
MinimumVisualStudioVersion = 10.0.40219.1
Project("{9A19103F-16F7-4668-BE54-9A1E7A4F7556}") = "Eppie.App", "Eppie.App\Eppie.App.csproj", "{0D949175-5A8B-4474-9F7B-529A1B5AD025}"
EndProject
Project("{2150E333-8FDC-42A3-9474-1A3956D46DE8}") = "Solution Items", "Solution Items", "{E0155D4F-50A1-4EAD-A5DF-2080ECDF1C72}"
	ProjectSection(SolutionItems) = preProject
		.gitignore = .gitignore
		Directory.Build.props = Directory.Build.props
		Directory.Build.targets = Directory.Build.targets
		Directory.Packages.props = Directory.Packages.props
		global.json = global.json
	EndProjectSection
EndProject
Project("{FAE04EC0-301F-11D3-BF4B-00C04F79EFBC}") = "Eppie.App.UWP", "Eppie.App.UWP\Eppie.App.UWP.csproj", "{CAE118DC-8F0D-476E-A64A-AE165C754C92}"
EndProject
Global
	GlobalSection(SolutionConfigurationPlatforms) = preSolution
		Debug|Any CPU = Debug|Any CPU
		Debug|ARM = Debug|ARM
		Debug|ARM64 = Debug|ARM64
		Debug|x64 = Debug|x64
		Debug|x86 = Debug|x86
		Release|Any CPU = Release|Any CPU
		Release|ARM = Release|ARM
		Release|ARM64 = Release|ARM64
		Release|x64 = Release|x64
		Release|x86 = Release|x86
	EndGlobalSection
	GlobalSection(ProjectConfigurationPlatforms) = postSolution
		{0D949175-5A8B-4474-9F7B-529A1B5AD025}.Debug|Any CPU.ActiveCfg = Debug|Any CPU
		{0D949175-5A8B-4474-9F7B-529A1B5AD025}.Debug|Any CPU.Build.0 = Debug|Any CPU
		{0D949175-5A8B-4474-9F7B-529A1B5AD025}.Debug|Any CPU.Deploy.0 = Debug|Any CPU
		{0D949175-5A8B-4474-9F7B-529A1B5AD025}.Debug|ARM.ActiveCfg = Debug|Any CPU
		{0D949175-5A8B-4474-9F7B-529A1B5AD025}.Debug|ARM.Build.0 = Debug|Any CPU
		{0D949175-5A8B-4474-9F7B-529A1B5AD025}.Debug|ARM.Deploy.0 = Debug|Any CPU
		{0D949175-5A8B-4474-9F7B-529A1B5AD025}.Debug|ARM64.ActiveCfg = Debug|Any CPU
		{0D949175-5A8B-4474-9F7B-529A1B5AD025}.Debug|ARM64.Build.0 = Debug|Any CPU
		{0D949175-5A8B-4474-9F7B-529A1B5AD025}.Debug|ARM64.Deploy.0 = Debug|Any CPU
		{0D949175-5A8B-4474-9F7B-529A1B5AD025}.Debug|x64.ActiveCfg = Debug|Any CPU
		{0D949175-5A8B-4474-9F7B-529A1B5AD025}.Debug|x64.Build.0 = Debug|Any CPU
		{0D949175-5A8B-4474-9F7B-529A1B5AD025}.Debug|x64.Deploy.0 = Debug|Any CPU
		{0D949175-5A8B-4474-9F7B-529A1B5AD025}.Debug|x86.ActiveCfg = Debug|Any CPU
		{0D949175-5A8B-4474-9F7B-529A1B5AD025}.Debug|x86.Build.0 = Debug|Any CPU
		{0D949175-5A8B-4474-9F7B-529A1B5AD025}.Debug|x86.Deploy.0 = Debug|Any CPU
		{0D949175-5A8B-4474-9F7B-529A1B5AD025}.Release|Any CPU.ActiveCfg = Release|Any CPU
		{0D949175-5A8B-4474-9F7B-529A1B5AD025}.Release|Any CPU.Build.0 = Release|Any CPU
		{0D949175-5A8B-4474-9F7B-529A1B5AD025}.Release|Any CPU.Deploy.0 = Release|Any CPU
		{0D949175-5A8B-4474-9F7B-529A1B5AD025}.Release|ARM.ActiveCfg = Release|Any CPU
		{0D949175-5A8B-4474-9F7B-529A1B5AD025}.Release|ARM.Build.0 = Release|Any CPU
		{0D949175-5A8B-4474-9F7B-529A1B5AD025}.Release|ARM.Deploy.0 = Release|Any CPU
		{0D949175-5A8B-4474-9F7B-529A1B5AD025}.Release|ARM64.ActiveCfg = Release|Any CPU
		{0D949175-5A8B-4474-9F7B-529A1B5AD025}.Release|ARM64.Build.0 = Release|Any CPU
		{0D949175-5A8B-4474-9F7B-529A1B5AD025}.Release|ARM64.Deploy.0 = Release|Any CPU
		{0D949175-5A8B-4474-9F7B-529A1B5AD025}.Release|x64.ActiveCfg = Release|Any CPU
		{0D949175-5A8B-4474-9F7B-529A1B5AD025}.Release|x64.Build.0 = Release|Any CPU
		{0D949175-5A8B-4474-9F7B-529A1B5AD025}.Release|x64.Deploy.0 = Release|Any CPU
		{0D949175-5A8B-4474-9F7B-529A1B5AD025}.Release|x86.ActiveCfg = Release|Any CPU
		{0D949175-5A8B-4474-9F7B-529A1B5AD025}.Release|x86.Build.0 = Release|Any CPU
		{0D949175-5A8B-4474-9F7B-529A1B5AD025}.Release|x86.Deploy.0 = Release|Any CPU
		{CAE118DC-8F0D-476E-A64A-AE165C754C92}.Debug|Any CPU.ActiveCfg = Debug|x64
		{CAE118DC-8F0D-476E-A64A-AE165C754C92}.Debug|Any CPU.Build.0 = Debug|x64
		{CAE118DC-8F0D-476E-A64A-AE165C754C92}.Debug|Any CPU.Deploy.0 = Debug|x64
		{CAE118DC-8F0D-476E-A64A-AE165C754C92}.Debug|ARM.ActiveCfg = Debug|ARM
		{CAE118DC-8F0D-476E-A64A-AE165C754C92}.Debug|ARM.Build.0 = Debug|ARM
		{CAE118DC-8F0D-476E-A64A-AE165C754C92}.Debug|ARM.Deploy.0 = Debug|ARM
		{CAE118DC-8F0D-476E-A64A-AE165C754C92}.Debug|ARM64.ActiveCfg = Debug|ARM64
		{CAE118DC-8F0D-476E-A64A-AE165C754C92}.Debug|ARM64.Build.0 = Debug|ARM64
		{CAE118DC-8F0D-476E-A64A-AE165C754C92}.Debug|ARM64.Deploy.0 = Debug|ARM64
		{CAE118DC-8F0D-476E-A64A-AE165C754C92}.Debug|x64.ActiveCfg = Debug|x64
		{CAE118DC-8F0D-476E-A64A-AE165C754C92}.Debug|x64.Build.0 = Debug|x64
		{CAE118DC-8F0D-476E-A64A-AE165C754C92}.Debug|x64.Deploy.0 = Debug|x64
		{CAE118DC-8F0D-476E-A64A-AE165C754C92}.Debug|x86.ActiveCfg = Debug|x86
		{CAE118DC-8F0D-476E-A64A-AE165C754C92}.Debug|x86.Build.0 = Debug|x86
		{CAE118DC-8F0D-476E-A64A-AE165C754C92}.Debug|x86.Deploy.0 = Debug|x86
		{CAE118DC-8F0D-476E-A64A-AE165C754C92}.Release|Any CPU.ActiveCfg = Release|x64
		{CAE118DC-8F0D-476E-A64A-AE165C754C92}.Release|Any CPU.Build.0 = Release|x64
		{CAE118DC-8F0D-476E-A64A-AE165C754C92}.Release|Any CPU.Deploy.0 = Release|x64
		{CAE118DC-8F0D-476E-A64A-AE165C754C92}.Release|ARM.ActiveCfg = Release|ARM
		{CAE118DC-8F0D-476E-A64A-AE165C754C92}.Release|ARM.Build.0 = Release|ARM
		{CAE118DC-8F0D-476E-A64A-AE165C754C92}.Release|ARM.Deploy.0 = Release|ARM
		{CAE118DC-8F0D-476E-A64A-AE165C754C92}.Release|ARM64.ActiveCfg = Release|ARM64
		{CAE118DC-8F0D-476E-A64A-AE165C754C92}.Release|ARM64.Build.0 = Release|ARM64
		{CAE118DC-8F0D-476E-A64A-AE165C754C92}.Release|ARM64.Deploy.0 = Release|ARM64
		{CAE118DC-8F0D-476E-A64A-AE165C754C92}.Release|x64.ActiveCfg = Release|x64
		{CAE118DC-8F0D-476E-A64A-AE165C754C92}.Release|x64.Build.0 = Release|x64
		{CAE118DC-8F0D-476E-A64A-AE165C754C92}.Release|x64.Deploy.0 = Release|x64
		{CAE118DC-8F0D-476E-A64A-AE165C754C92}.Release|x86.ActiveCfg = Release|x86
		{CAE118DC-8F0D-476E-A64A-AE165C754C92}.Release|x86.Build.0 = Release|x86
		{CAE118DC-8F0D-476E-A64A-AE165C754C92}.Release|x86.Deploy.0 = Release|x86
	EndGlobalSection
	GlobalSection(SolutionProperties) = preSolution
		HideSolutionNode = FALSE
	EndGlobalSection
	GlobalSection(ExtensibilityGlobals) = postSolution
		SolutionGuid = {1BCAC5D9-CEF8-4D64-8F16-3A0FEE49CF42}
	EndGlobalSection
EndGlobal
